// !$*UTF8*$!
{
	archiveVersion = 1;
	classes = {
	};
	objectVersion = 48;
	objects = {

/* Begin PBXBuildFile section */
		D2048A5220A6E15600D943BC /* 123456789.qn in Resources */ = {isa = PBXBuildFile; fileRef = D2048A5120A6E15600D943BC /* 123456789.qn */; };
		D21DEA4521D7487B00D8EDFB /* RevealServer.framework in Frameworks */ = {isa = PBXBuildFile; fileRef = D21DEA4421D7487B00D8EDFB /* RevealServer.framework */; };
		D21DEA4721D748CC00D8EDFB /* RevealServer.framework in Embed Frameworks */ = {isa = PBXBuildFile; fileRef = D21DEA4421D7487B00D8EDFB /* RevealServer.framework */; settings = {ATTRIBUTES = (CodeSignOnCopy, RemoveHeadersOnCopy, ); }; };
		D2295E1B21E439D9004F047B /* MMKV.framework in Frameworks */ = {isa = PBXBuildFile; fileRef = D2295DFE21E432AA004F047B /* MMKV.framework */; };
		D2295E3521E45229004F047B /* BLETool.m in Sources */ = {isa = PBXBuildFile; fileRef = D2295E3421E45229004F047B /* BLETool.m */; };
		D2295E6B21E48C9C004F047B /* Promises.framework in Frameworks */ = {isa = PBXBuildFile; fileRef = D2295E6821E48C9C004F047B /* Promises.framework */; };
		D2295E6C21E48C9C004F047B /* FBLPromises.framework in Frameworks */ = {isa = PBXBuildFile; fileRef = D2295E6921E48C9C004F047B /* FBLPromises.framework */; };
		D2295E6D21E48C9C004F047B /* MBProgressHUD.framework in Frameworks */ = {isa = PBXBuildFile; fileRef = D2295E6A21E48C9C004F047B /* MBProgressHUD.framework */; };
		D232D64C2004DE2D00AABD67 /* AppDelegate.m in Sources */ = {isa = PBXBuildFile; fileRef = D232D64B2004DE2D00AABD67 /* AppDelegate.m */; };
		D232D64F2004DE2D00AABD67 /* ViewController.m in Sources */ = {isa = PBXBuildFile; fileRef = D232D64E2004DE2D00AABD67 /* ViewController.m */; };
		D232D6522004DE2D00AABD67 /* Main.storyboard in Resources */ = {isa = PBXBuildFile; fileRef = D232D6502004DE2D00AABD67 /* Main.storyboard */; };
		D232D6542004DE2D00AABD67 /* Assets.xcassets in Resources */ = {isa = PBXBuildFile; fileRef = D232D6532004DE2D00AABD67 /* Assets.xcassets */; };
		D232D6572004DE2D00AABD67 /* LaunchScreen.storyboard in Resources */ = {isa = PBXBuildFile; fileRef = D232D6552004DE2D00AABD67 /* LaunchScreen.storyboard */; };
		D232D65A2004DE2D00AABD67 /* main.m in Sources */ = {isa = PBXBuildFile; fileRef = D232D6592004DE2D00AABD67 /* main.m */; };
		D28940E721F569EA0038B17A /* BandBaseVC.m in Sources */ = {isa = PBXBuildFile; fileRef = D28940E521F569EA0038B17A /* BandBaseVC.m */; };
		D28940E821F569EA0038B17A /* BandBaseVC.xib in Resources */ = {isa = PBXBuildFile; fileRef = D28940E621F569EA0038B17A /* BandBaseVC.xib */; };
		D28941DA21F570390038B17A /* updateRemind.md in Resources */ = {isa = PBXBuildFile; fileRef = D28941C321F570360038B17A /* updateRemind.md */; };
		D28941DB21F570390038B17A /* libQNDeviceSDK.a in Frameworks */ = {isa = PBXBuildFile; fileRef = D28941D721F570390038B17A /* libQNDeviceSDK.a */; };
		D2A9F12C21F55A2D0037A831 /* BandListVC.m in Sources */ = {isa = PBXBuildFile; fileRef = D2A9F11021F55A290037A831 /* BandListVC.m */; };
		D2A9F12D21F55A2D0037A831 /* BandListVC.xib in Resources */ = {isa = PBXBuildFile; fileRef = D2A9F11521F55A290037A831 /* BandListVC.xib */; };
		D2A9F12E21F55A2D0037A831 /* BandThirdRemindVC.m in Sources */ = {isa = PBXBuildFile; fileRef = D2A9F11621F55A2A0037A831 /* BandThirdRemindVC.m */; };
		D2A9F12F21F55A2D0037A831 /* BandUserVC.xib in Resources */ = {isa = PBXBuildFile; fileRef = D2A9F11921F55A2A0037A831 /* BandUserVC.xib */; };
		D2A9F13021F55A2D0037A831 /* BandMetricsVC.m in Sources */ = {isa = PBXBuildFile; fileRef = D2A9F11A21F55A2A0037A831 /* BandMetricsVC.m */; };
		D2A9F13121F55A2D0037A831 /* BandVC.xib in Resources */ = {isa = PBXBuildFile; fileRef = D2A9F11B21F55A2A0037A831 /* BandVC.xib */; };
		D2A9F13221F55A2D0037A831 /* BandHealthDataView.m in Sources */ = {isa = PBXBuildFile; fileRef = D2A9F11C21F55A2A0037A831 /* BandHealthDataView.m */; };
		D2A9F13321F55A2D0037A831 /* BandUserVC.m in Sources */ = {isa = PBXBuildFile; fileRef = D2A9F11E21F55A2A0037A831 /* BandUserVC.m */; };
		D2A9F13421F55A2D0037A831 /* BandAlarmVC.m in Sources */ = {isa = PBXBuildFile; fileRef = D2A9F11F21F55A2A0037A831 /* BandAlarmVC.m */; };
		D2A9F13521F55A2D0037A831 /* BandThirdRemindVC.xib in Resources */ = {isa = PBXBuildFile; fileRef = D2A9F12021F55A2A0037A831 /* BandThirdRemindVC.xib */; };
		D2A9F13621F55A2D0037A831 /* BandVC.m in Sources */ = {isa = PBXBuildFile; fileRef = D2A9F12121F55A2B0037A831 /* BandVC.m */; };
		D2A9F13721F55A2D0037A831 /* BandSitRemindVC.m in Sources */ = {isa = PBXBuildFile; fileRef = D2A9F12421F55A2B0037A831 /* BandSitRemindVC.m */; };
		D2A9F13821F55A2D0037A831 /* BandMetricsVC.xib in Resources */ = {isa = PBXBuildFile; fileRef = D2A9F12521F55A2B0037A831 /* BandMetricsVC.xib */; };
		D2A9F13921F55A2D0037A831 /* BandMessage.m in Sources */ = {isa = PBXBuildFile; fileRef = D2A9F12621F55A2C0037A831 /* BandMessage.m */; };
		D2A9F13A21F55A2D0037A831 /* BandAlarmCell.xib in Resources */ = {isa = PBXBuildFile; fileRef = D2A9F12721F55A2C0037A831 /* BandAlarmCell.xib */; };
		D2A9F13B21F55A2D0037A831 /* BandSitRemindVC.xib in Resources */ = {isa = PBXBuildFile; fileRef = D2A9F12821F55A2C0037A831 /* BandSitRemindVC.xib */; };
		D2A9F13C21F55A2D0037A831 /* BandAlarmVC.xib in Resources */ = {isa = PBXBuildFile; fileRef = D2A9F12921F55A2C0037A831 /* BandAlarmVC.xib */; };
		D2A9F13D21F55A2D0037A831 /* BandHealthDataView.xib in Resources */ = {isa = PBXBuildFile; fileRef = D2A9F12A21F55A2D0037A831 /* BandHealthDataView.xib */; };
		D2A9F13E21F55A2D0037A831 /* BandAlarmCell.m in Sources */ = {isa = PBXBuildFile; fileRef = D2A9F12B21F55A2D0037A831 /* BandAlarmCell.m */; };
		D2B9E98820723DEC0020C2B6 /* DetectionViewController.m in Sources */ = {isa = PBXBuildFile; fileRef = D2B9E97C20723DEC0020C2B6 /* DetectionViewController.m */; };
		D2B9E98920723DEC0020C2B6 /* ScaleDataCell.xib in Resources */ = {isa = PBXBuildFile; fileRef = D2B9E97D20723DEC0020C2B6 /* ScaleDataCell.xib */; };
		D2B9E98A20723DEC0020C2B6 /* DeviceTableViewCell.xib in Resources */ = {isa = PBXBuildFile; fileRef = D2B9E98020723DEC0020C2B6 /* DeviceTableViewCell.xib */; };
		D2B9E98B20723DEC0020C2B6 /* DetectionViewController.xib in Resources */ = {isa = PBXBuildFile; fileRef = D2B9E98120723DEC0020C2B6 /* DetectionViewController.xib */; };
		D2B9E98C20723DEC0020C2B6 /* ScaleDataCell.m in Sources */ = {isa = PBXBuildFile; fileRef = D2B9E98320723DEC0020C2B6 /* ScaleDataCell.m */; };
		D2B9E98D20723DEC0020C2B6 /* DeviceTableViewCell.m in Sources */ = {isa = PBXBuildFile; fileRef = D2B9E98420723DEC0020C2B6 /* DeviceTableViewCell.m */; };
		D2B9E98E20723DEC0020C2B6 /* PickerView.m in Sources */ = {isa = PBXBuildFile; fileRef = D2B9E98620723DEC0020C2B6 /* PickerView.m */; };
		D2B9E98F20723DEC0020C2B6 /* PickerView.xib in Resources */ = {isa = PBXBuildFile; fileRef = D2B9E98720723DEC0020C2B6 /* PickerView.xib */; };
/* End PBXBuildFile section */

/* Begin PBXCopyFilesBuildPhase section */
		D245B142207230CB005184C2 /* Embed Frameworks */ = {
			isa = PBXCopyFilesBuildPhase;
			buildActionMask = 2147483647;
			dstPath = "";
			dstSubfolderSpec = 10;
			files = (
				D21DEA4721D748CC00D8EDFB /* RevealServer.framework in Embed Frameworks */,
			);
			name = "Embed Frameworks";
			runOnlyForDeploymentPostprocessing = 0;
		};
/* End PBXCopyFilesBuildPhase section */

/* Begin PBXFileReference section */
		D2048A5120A6E15600D943BC /* 123456789.qn */ = {isa = PBXFileReference; fileEncoding = 4; lastKnownFileType = text; path = 123456789.qn; sourceTree = "<group>"; };
		D21DEA4421D7487B00D8EDFB /* RevealServer.framework */ = {isa = PBXFileReference; lastKnownFileType = wrapper.framework; path = RevealServer.framework; sourceTree = "<group>"; };
		D2295DFE21E432AA004F047B /* MMKV.framework */ = {isa = PBXFileReference; lastKnownFileType = wrapper.framework; name = MMKV.framework; path = Carthage/Build/iOS/MMKV.framework; sourceTree = "<group>"; };
		D2295E0D21E43416004F047B /* libz.tbd */ = {isa = PBXFileReference; lastKnownFileType = "sourcecode.text-based-dylib-definition"; name = libz.tbd; path = usr/lib/libz.tbd; sourceTree = SDKROOT; };
		D2295E1D21E43BC3004F047B /* QNDeviceSDK-Prefix-Header.h */ = {isa = PBXFileReference; lastKnownFileType = sourcecode.c.h; path = "QNDeviceSDK-Prefix-Header.h"; sourceTree = "<group>"; };
		D2295E3321E45229004F047B /* BLETool.h */ = {isa = PBXFileReference; lastKnownFileType = sourcecode.c.h; path = BLETool.h; sourceTree = "<group>"; };
		D2295E3421E45229004F047B /* BLETool.m */ = {isa = PBXFileReference; lastKnownFileType = sourcecode.c.objc; path = BLETool.m; sourceTree = "<group>"; };
		D2295E5F21E4716D004F047B /* ToastSwiftFramework.framework */ = {isa = PBXFileReference; lastKnownFileType = wrapper.framework; name = ToastSwiftFramework.framework; path = Carthage/Build/iOS/ToastSwiftFramework.framework; sourceTree = "<group>"; };
		D2295E6821E48C9C004F047B /* Promises.framework */ = {isa = PBXFileReference; lastKnownFileType = wrapper.framework; name = Promises.framework; path = Carthage/Build/iOS/Promises.framework; sourceTree = "<group>"; };
		D2295E6921E48C9C004F047B /* FBLPromises.framework */ = {isa = PBXFileReference; lastKnownFileType = wrapper.framework; name = FBLPromises.framework; path = Carthage/Build/iOS/FBLPromises.framework; sourceTree = "<group>"; };
		D2295E6A21E48C9C004F047B /* MBProgressHUD.framework */ = {isa = PBXFileReference; lastKnownFileType = wrapper.framework; name = MBProgressHUD.framework; path = Carthage/Build/iOS/MBProgressHUD.framework; sourceTree = "<group>"; };
		D232D6472004DE2D00AABD67 /* QNDeviceSDKDemo.app */ = {isa = PBXFileReference; explicitFileType = wrapper.application; includeInIndex = 0; path = QNDeviceSDKDemo.app; sourceTree = BUILT_PRODUCTS_DIR; };
		D232D64A2004DE2D00AABD67 /* AppDelegate.h */ = {isa = PBXFileReference; lastKnownFileType = sourcecode.c.h; path = AppDelegate.h; sourceTree = "<group>"; };
		D232D64B2004DE2D00AABD67 /* AppDelegate.m */ = {isa = PBXFileReference; lastKnownFileType = sourcecode.c.objc; path = AppDelegate.m; sourceTree = "<group>"; };
		D232D64D2004DE2D00AABD67 /* ViewController.h */ = {isa = PBXFileReference; lastKnownFileType = sourcecode.c.h; path = ViewController.h; sourceTree = "<group>"; };
		D232D64E2004DE2D00AABD67 /* ViewController.m */ = {isa = PBXFileReference; lastKnownFileType = sourcecode.c.objc; path = ViewController.m; sourceTree = "<group>"; };
		D232D6512004DE2D00AABD67 /* Base */ = {isa = PBXFileReference; lastKnownFileType = file.storyboard; name = Base; path = Base.lproj/Main.storyboard; sourceTree = "<group>"; };
		D232D6532004DE2D00AABD67 /* Assets.xcassets */ = {isa = PBXFileReference; lastKnownFileType = folder.assetcatalog; path = Assets.xcassets; sourceTree = "<group>"; };
		D232D6562004DE2D00AABD67 /* Base */ = {isa = PBXFileReference; lastKnownFileType = file.storyboard; name = Base; path = Base.lproj/LaunchScreen.storyboard; sourceTree = "<group>"; };
		D232D6582004DE2D00AABD67 /* Info.plist */ = {isa = PBXFileReference; lastKnownFileType = text.plist.xml; path = Info.plist; sourceTree = "<group>"; };
		D232D6592004DE2D00AABD67 /* main.m */ = {isa = PBXFileReference; lastKnownFileType = sourcecode.c.objc; path = main.m; sourceTree = "<group>"; };
		D28940E421F569EA0038B17A /* BandBaseVC.h */ = {isa = PBXFileReference; lastKnownFileType = sourcecode.c.h; path = BandBaseVC.h; sourceTree = "<group>"; };
		D28940E521F569EA0038B17A /* BandBaseVC.m */ = {isa = PBXFileReference; lastKnownFileType = sourcecode.c.objc; path = BandBaseVC.m; sourceTree = "<group>"; };
		D28940E621F569EA0038B17A /* BandBaseVC.xib */ = {isa = PBXFileReference; lastKnownFileType = file.xib; path = BandBaseVC.xib; sourceTree = "<group>"; };
		D28941C021F570360038B17A /* QNBleApi.h */ = {isa = PBXFileReference; fileEncoding = 4; lastKnownFileType = sourcecode.c.h; path = QNBleApi.h; sourceTree = "<group>"; };
		D28941C121F570360038B17A /* QNConfig.h */ = {isa = PBXFileReference; fileEncoding = 4; lastKnownFileType = sourcecode.c.h; path = QNConfig.h; sourceTree = "<group>"; };
		D28941C221F570360038B17A /* QNCleanInfo.h */ = {isa = PBXFileReference; fileEncoding = 4; lastKnownFileType = sourcecode.c.h; path = QNCleanInfo.h; sourceTree = "<group>"; };
		D28941C321F570360038B17A /* updateRemind.md */ = {isa = PBXFileReference; fileEncoding = 4; lastKnownFileType = net.daringfireball.markdown; path = updateRemind.md; sourceTree = "<group>"; };
		D28941C421F570360038B17A /* QNBandManager.h */ = {isa = PBXFileReference; fileEncoding = 4; lastKnownFileType = sourcecode.c.h; path = QNBandManager.h; sourceTree = "<group>"; };
		D28941C521F570360038B17A /* QNAlarm.h */ = {isa = PBXFileReference; fileEncoding = 4; lastKnownFileType = sourcecode.c.h; path = QNAlarm.h; sourceTree = "<group>"; };
		D28941C621F570360038B17A /* QNBleDevice.h */ = {isa = PBXFileReference; fileEncoding = 4; lastKnownFileType = sourcecode.c.h; path = QNBleDevice.h; sourceTree = "<group>"; };
		D28941C721F570370038B17A /* QNBandBaseConfig.h */ = {isa = PBXFileReference; fileEncoding = 4; lastKnownFileType = sourcecode.c.h; path = QNBandBaseConfig.h; sourceTree = "<group>"; };
		D28941C821F570370038B17A /* QNDataProtocol.h */ = {isa = PBXFileReference; fileEncoding = 4; lastKnownFileType = sourcecode.c.h; path = QNDataProtocol.h; sourceTree = "<group>"; };
		D28941C921F570370038B17A /* QNCallBackConst.h */ = {isa = PBXFileReference; fileEncoding = 4; lastKnownFileType = sourcecode.c.h; path = QNCallBackConst.h; sourceTree = "<group>"; };
		D28941CA21F570370038B17A /* QNScaleStoreData.h */ = {isa = PBXFileReference; fileEncoding = 4; lastKnownFileType = sourcecode.c.h; path = QNScaleStoreData.h; sourceTree = "<group>"; };
		D28941CB21F570370038B17A /* QNHealthData.h */ = {isa = PBXFileReference; fileEncoding = 4; lastKnownFileType = sourcecode.c.h; path = QNHealthData.h; sourceTree = "<group>"; };
		D28941CC21F570370038B17A /* QNBandMetrics.h */ = {isa = PBXFileReference; fileEncoding = 4; lastKnownFileType = sourcecode.c.h; path = QNBandMetrics.h; sourceTree = "<group>"; };
		D28941CD21F570370038B17A /* QNThirdRemind.h */ = {isa = PBXFileReference; fileEncoding = 4; lastKnownFileType = sourcecode.c.h; path = QNThirdRemind.h; sourceTree = "<group>"; };
		D28941CE21F570370038B17A /* QNBandInfo.h */ = {isa = PBXFileReference; fileEncoding = 4; lastKnownFileType = sourcecode.c.h; path = QNBandInfo.h; sourceTree = "<group>"; };
		D28941CF21F570370038B17A /* QNBleStateProtocol.h */ = {isa = PBXFileReference; fileEncoding = 4; lastKnownFileType = sourcecode.c.h; path = QNBleStateProtocol.h; sourceTree = "<group>"; };
		D28941D021F570380038B17A /* QNWeek.h */ = {isa = PBXFileReference; fileEncoding = 4; lastKnownFileType = sourcecode.c.h; path = QNWeek.h; sourceTree = "<group>"; };
		D28941D121F570380038B17A /* QNSitRemind.h */ = {isa = PBXFileReference; fileEncoding = 4; lastKnownFileType = sourcecode.c.h; path = QNSitRemind.h; sourceTree = "<group>"; };
		D28941D221F570380038B17A /* QNBleDeviceDiscoveryProtocol.h */ = {isa = PBXFileReference; fileEncoding = 4; lastKnownFileType = sourcecode.c.h; path = QNBleDeviceDiscoveryProtocol.h; sourceTree = "<group>"; };
		D28941D321F570380038B17A /* QNUser.h */ = {isa = PBXFileReference; fileEncoding = 4; lastKnownFileType = sourcecode.c.h; path = QNUser.h; sourceTree = "<group>"; };
		D28941D421F570380038B17A /* QNScaleData.h */ = {isa = PBXFileReference; fileEncoding = 4; lastKnownFileType = sourcecode.c.h; path = QNScaleData.h; sourceTree = "<group>"; };
		D28941D521F570380038B17A /* QNDeviceSDK.h */ = {isa = PBXFileReference; fileEncoding = 4; lastKnownFileType = sourcecode.c.h; path = QNDeviceSDK.h; sourceTree = "<group>"; };
		D28941D621F570380038B17A /* QNBleConnectionChangeProtocol.h */ = {isa = PBXFileReference; fileEncoding = 4; lastKnownFileType = sourcecode.c.h; path = QNBleConnectionChangeProtocol.h; sourceTree = "<group>"; };
		D28941D721F570390038B17A /* libQNDeviceSDK.a */ = {isa = PBXFileReference; lastKnownFileType = archive.ar; path = libQNDeviceSDK.a; sourceTree = "<group>"; };
		D28941D821F570390038B17A /* QNErrorCode.h */ = {isa = PBXFileReference; fileEncoding = 4; lastKnownFileType = sourcecode.c.h; path = QNErrorCode.h; sourceTree = "<group>"; };
		D28941D921F570390038B17A /* QNScaleItemData.h */ = {isa = PBXFileReference; fileEncoding = 4; lastKnownFileType = sourcecode.c.h; path = QNScaleItemData.h; sourceTree = "<group>"; };
		D2A9F10F21F55A290037A831 /* BandListVC.h */ = {isa = PBXFileReference; fileEncoding = 4; lastKnownFileType = sourcecode.c.h; path = BandListVC.h; sourceTree = "<group>"; };
		D2A9F11021F55A290037A831 /* BandListVC.m */ = {isa = PBXFileReference; fileEncoding = 4; lastKnownFileType = sourcecode.c.objc; path = BandListVC.m; sourceTree = "<group>"; };
		D2A9F11121F55A290037A831 /* BandAlarmVC.h */ = {isa = PBXFileReference; fileEncoding = 4; lastKnownFileType = sourcecode.c.h; path = BandAlarmVC.h; sourceTree = "<group>"; };
		D2A9F11221F55A290037A831 /* BandSitRemindVC.h */ = {isa = PBXFileReference; fileEncoding = 4; lastKnownFileType = sourcecode.c.h; path = BandSitRemindVC.h; sourceTree = "<group>"; };
		D2A9F11321F55A290037A831 /* BandMetricsVC.h */ = {isa = PBXFileReference; fileEncoding = 4; lastKnownFileType = sourcecode.c.h; path = BandMetricsVC.h; sourceTree = "<group>"; };
		D2A9F11421F55A290037A831 /* BandMessage.h */ = {isa = PBXFileReference; fileEncoding = 4; lastKnownFileType = sourcecode.c.h; path = BandMessage.h; sourceTree = "<group>"; };
		D2A9F11521F55A290037A831 /* BandListVC.xib */ = {isa = PBXFileReference; fileEncoding = 4; lastKnownFileType = file.xib; path = BandListVC.xib; sourceTree = "<group>"; };
		D2A9F11621F55A2A0037A831 /* BandThirdRemindVC.m */ = {isa = PBXFileReference; fileEncoding = 4; lastKnownFileType = sourcecode.c.objc; path = BandThirdRemindVC.m; sourceTree = "<group>"; };
		D2A9F11721F55A2A0037A831 /* BandVC.h */ = {isa = PBXFileReference; fileEncoding = 4; lastKnownFileType = sourcecode.c.h; path = BandVC.h; sourceTree = "<group>"; };
		D2A9F11821F55A2A0037A831 /* BandAlarmCell.h */ = {isa = PBXFileReference; fileEncoding = 4; lastKnownFileType = sourcecode.c.h; path = BandAlarmCell.h; sourceTree = "<group>"; };
		D2A9F11921F55A2A0037A831 /* BandUserVC.xib */ = {isa = PBXFileReference; fileEncoding = 4; lastKnownFileType = file.xib; path = BandUserVC.xib; sourceTree = "<group>"; };
		D2A9F11A21F55A2A0037A831 /* BandMetricsVC.m */ = {isa = PBXFileReference; fileEncoding = 4; lastKnownFileType = sourcecode.c.objc; path = BandMetricsVC.m; sourceTree = "<group>"; };
		D2A9F11B21F55A2A0037A831 /* BandVC.xib */ = {isa = PBXFileReference; fileEncoding = 4; lastKnownFileType = file.xib; path = BandVC.xib; sourceTree = "<group>"; };
		D2A9F11C21F55A2A0037A831 /* BandHealthDataView.m */ = {isa = PBXFileReference; fileEncoding = 4; lastKnownFileType = sourcecode.c.objc; path = BandHealthDataView.m; sourceTree = "<group>"; };
		D2A9F11D21F55A2A0037A831 /* BandThirdRemindVC.h */ = {isa = PBXFileReference; fileEncoding = 4; lastKnownFileType = sourcecode.c.h; path = BandThirdRemindVC.h; sourceTree = "<group>"; };
		D2A9F11E21F55A2A0037A831 /* BandUserVC.m */ = {isa = PBXFileReference; fileEncoding = 4; lastKnownFileType = sourcecode.c.objc; path = BandUserVC.m; sourceTree = "<group>"; };
		D2A9F11F21F55A2A0037A831 /* BandAlarmVC.m */ = {isa = PBXFileReference; fileEncoding = 4; lastKnownFileType = sourcecode.c.objc; path = BandAlarmVC.m; sourceTree = "<group>"; };
		D2A9F12021F55A2A0037A831 /* BandThirdRemindVC.xib */ = {isa = PBXFileReference; fileEncoding = 4; lastKnownFileType = file.xib; path = BandThirdRemindVC.xib; sourceTree = "<group>"; };
		D2A9F12121F55A2B0037A831 /* BandVC.m */ = {isa = PBXFileReference; fileEncoding = 4; lastKnownFileType = sourcecode.c.objc; path = BandVC.m; sourceTree = "<group>"; };
		D2A9F12221F55A2B0037A831 /* BandUserVC.h */ = {isa = PBXFileReference; fileEncoding = 4; lastKnownFileType = sourcecode.c.h; path = BandUserVC.h; sourceTree = "<group>"; };
		D2A9F12321F55A2B0037A831 /* BandHealthDataView.h */ = {isa = PBXFileReference; fileEncoding = 4; lastKnownFileType = sourcecode.c.h; path = BandHealthDataView.h; sourceTree = "<group>"; };
		D2A9F12421F55A2B0037A831 /* BandSitRemindVC.m */ = {isa = PBXFileReference; fileEncoding = 4; lastKnownFileType = sourcecode.c.objc; path = BandSitRemindVC.m; sourceTree = "<group>"; };
		D2A9F12521F55A2B0037A831 /* BandMetricsVC.xib */ = {isa = PBXFileReference; fileEncoding = 4; lastKnownFileType = file.xib; path = BandMetricsVC.xib; sourceTree = "<group>"; };
		D2A9F12621F55A2C0037A831 /* BandMessage.m */ = {isa = PBXFileReference; fileEncoding = 4; lastKnownFileType = sourcecode.c.objc; path = BandMessage.m; sourceTree = "<group>"; };
		D2A9F12721F55A2C0037A831 /* BandAlarmCell.xib */ = {isa = PBXFileReference; fileEncoding = 4; lastKnownFileType = file.xib; path = BandAlarmCell.xib; sourceTree = "<group>"; };
		D2A9F12821F55A2C0037A831 /* BandSitRemindVC.xib */ = {isa = PBXFileReference; fileEncoding = 4; lastKnownFileType = file.xib; path = BandSitRemindVC.xib; sourceTree = "<group>"; };
		D2A9F12921F55A2C0037A831 /* BandAlarmVC.xib */ = {isa = PBXFileReference; fileEncoding = 4; lastKnownFileType = file.xib; path = BandAlarmVC.xib; sourceTree = "<group>"; };
		D2A9F12A21F55A2D0037A831 /* BandHealthDataView.xib */ = {isa = PBXFileReference; fileEncoding = 4; lastKnownFileType = file.xib; path = BandHealthDataView.xib; sourceTree = "<group>"; };
		D2A9F12B21F55A2D0037A831 /* BandAlarmCell.m */ = {isa = PBXFileReference; fileEncoding = 4; lastKnownFileType = sourcecode.c.objc; path = BandAlarmCell.m; sourceTree = "<group>"; };
		D2B9E97C20723DEC0020C2B6 /* DetectionViewController.m */ = {isa = PBXFileReference; fileEncoding = 4; lastKnownFileType = sourcecode.c.objc; path = DetectionViewController.m; sourceTree = "<group>"; };
		D2B9E97D20723DEC0020C2B6 /* ScaleDataCell.xib */ = {isa = PBXFileReference; fileEncoding = 4; lastKnownFileType = file.xib; path = ScaleDataCell.xib; sourceTree = "<group>"; };
		D2B9E97E20723DEC0020C2B6 /* DeviceTableViewCell.h */ = {isa = PBXFileReference; fileEncoding = 4; lastKnownFileType = sourcecode.c.h; path = DeviceTableViewCell.h; sourceTree = "<group>"; };
		D2B9E97F20723DEC0020C2B6 /* ScaleDataCell.h */ = {isa = PBXFileReference; fileEncoding = 4; lastKnownFileType = sourcecode.c.h; path = ScaleDataCell.h; sourceTree = "<group>"; };
		D2B9E98020723DEC0020C2B6 /* DeviceTableViewCell.xib */ = {isa = PBXFileReference; fileEncoding = 4; lastKnownFileType = file.xib; path = DeviceTableViewCell.xib; sourceTree = "<group>"; };
		D2B9E98120723DEC0020C2B6 /* DetectionViewController.xib */ = {isa = PBXFileReference; fileEncoding = 4; lastKnownFileType = file.xib; path = DetectionViewController.xib; sourceTree = "<group>"; };
		D2B9E98220723DEC0020C2B6 /* DetectionViewController.h */ = {isa = PBXFileReference; fileEncoding = 4; lastKnownFileType = sourcecode.c.h; path = DetectionViewController.h; sourceTree = "<group>"; };
		D2B9E98320723DEC0020C2B6 /* ScaleDataCell.m */ = {isa = PBXFileReference; fileEncoding = 4; lastKnownFileType = sourcecode.c.objc; path = ScaleDataCell.m; sourceTree = "<group>"; };
		D2B9E98420723DEC0020C2B6 /* DeviceTableViewCell.m */ = {isa = PBXFileReference; fileEncoding = 4; lastKnownFileType = sourcecode.c.objc; path = DeviceTableViewCell.m; sourceTree = "<group>"; };
		D2B9E98520723DEC0020C2B6 /* PickerView.h */ = {isa = PBXFileReference; fileEncoding = 4; lastKnownFileType = sourcecode.c.h; path = PickerView.h; sourceTree = "<group>"; };
		D2B9E98620723DEC0020C2B6 /* PickerView.m */ = {isa = PBXFileReference; fileEncoding = 4; lastKnownFileType = sourcecode.c.objc; path = PickerView.m; sourceTree = "<group>"; };
		D2B9E98720723DEC0020C2B6 /* PickerView.xib */ = {isa = PBXFileReference; fileEncoding = 4; lastKnownFileType = file.xib; path = PickerView.xib; sourceTree = "<group>"; };
		D2FD3B2B21E348A700B8E97C /* MMKV.framework */ = {isa = PBXFileReference; explicitFileType = wrapper.framework; path = MMKV.framework; sourceTree = BUILT_PRODUCTS_DIR; };
		D2FD3B2D21E348A700B8E97C /* Toast_Swift.framework */ = {isa = PBXFileReference; explicitFileType = wrapper.framework; path = Toast_Swift.framework; sourceTree = BUILT_PRODUCTS_DIR; };
		E55B65924BE81AED5436B036 /* Pods_QNDeviceSDKDemo.framework */ = {isa = PBXFileReference; explicitFileType = wrapper.framework; includeInIndex = 0; path = Pods_QNDeviceSDKDemo.framework; sourceTree = BUILT_PRODUCTS_DIR; };
/* End PBXFileReference section */

/* Begin PBXFrameworksBuildPhase section */
		D232D6442004DE2D00AABD67 /* Frameworks */ = {
			isa = PBXFrameworksBuildPhase;
			buildActionMask = 2147483647;
			files = (
				D2295E6B21E48C9C004F047B /* Promises.framework in Frameworks */,
				D2295E6C21E48C9C004F047B /* FBLPromises.framework in Frameworks */,
				D2295E6D21E48C9C004F047B /* MBProgressHUD.framework in Frameworks */,
				D28941DB21F570390038B17A /* libQNDeviceSDK.a in Frameworks */,
				D2295E1B21E439D9004F047B /* MMKV.framework in Frameworks */,
				D21DEA4521D7487B00D8EDFB /* RevealServer.framework in Frameworks */,
			);
			runOnlyForDeploymentPostprocessing = 0;
		};
/* End PBXFrameworksBuildPhase section */

/* Begin PBXGroup section */
		D21FD20C205FABD6006450BC /* Frameworks */ = {
			isa = PBXGroup;
			children = (
				D2295E6921E48C9C004F047B /* FBLPromises.framework */,
				D2295E6A21E48C9C004F047B /* MBProgressHUD.framework */,
				D2295E6821E48C9C004F047B /* Promises.framework */,
				D2295E5F21E4716D004F047B /* ToastSwiftFramework.framework */,
				D2295E0D21E43416004F047B /* libz.tbd */,
				D2FD3B2B21E348A700B8E97C /* MMKV.framework */,
				D2295DFE21E432AA004F047B /* MMKV.framework */,
				D2FD3B2D21E348A700B8E97C /* Toast_Swift.framework */,
				E55B65924BE81AED5436B036 /* Pods_QNDeviceSDKDemo.framework */,
			);
			name = Frameworks;
			sourceTree = "<group>";
		};
		D232D63E2004DE2D00AABD67 = {
			isa = PBXGroup;
			children = (
				D232D6492004DE2D00AABD67 /* QNDeviceSDKDemo */,
				D232D6482004DE2D00AABD67 /* Products */,
				D21FD20C205FABD6006450BC /* Frameworks */,
			);
			sourceTree = "<group>";
		};
		D232D6482004DE2D00AABD67 /* Products */ = {
			isa = PBXGroup;
			children = (
				D232D6472004DE2D00AABD67 /* QNDeviceSDKDemo.app */,
			);
			name = Products;
			sourceTree = "<group>";
		};
		D232D6492004DE2D00AABD67 /* QNDeviceSDKDemo */ = {
			isa = PBXGroup;
			children = (
				D2A9F1DA21F55C9F0037A831 /* Tool */,
				D2048A5120A6E15600D943BC /* 123456789.qn */,
				D232D64A2004DE2D00AABD67 /* AppDelegate.h */,
				D232D64B2004DE2D00AABD67 /* AppDelegate.m */,
				D232D6532004DE2D00AABD67 /* Assets.xcassets */,
				D2A2F47D21E32661006FEF4B /* Band */,
				D2B9E97B20723DEC0020C2B6 /* Detection */,
				D232D6582004DE2D00AABD67 /* Info.plist */,
				D232D6552004DE2D00AABD67 /* LaunchScreen.storyboard */,
				D232D6592004DE2D00AABD67 /* main.m */,
				D232D6502004DE2D00AABD67 /* Main.storyboard */,
				D2B9E98520723DEC0020C2B6 /* PickerView.h */,
				D2B9E98620723DEC0020C2B6 /* PickerView.m */,
				D2B9E98720723DEC0020C2B6 /* PickerView.xib */,
				D27E37372099659F00F4077A /* QNDeviceSDK */,
				D2295E1D21E43BC3004F047B /* QNDeviceSDK-Prefix-Header.h */,
				D21DEA4421D7487B00D8EDFB /* RevealServer.framework */,
				D232D64D2004DE2D00AABD67 /* ViewController.h */,
				D232D64E2004DE2D00AABD67 /* ViewController.m */,
			);
			path = QNDeviceSDKDemo;
			sourceTree = "<group>";
		};
		D27E37372099659F00F4077A /* QNDeviceSDK */ = {
			isa = PBXGroup;
			children = (
				D28941D721F570390038B17A /* libQNDeviceSDK.a */,
				D28941C521F570360038B17A /* QNAlarm.h */,
				D28941C721F570370038B17A /* QNBandBaseConfig.h */,
				D28941CE21F570370038B17A /* QNBandInfo.h */,
				D28941C421F570360038B17A /* QNBandManager.h */,
				D28941CC21F570370038B17A /* QNBandMetrics.h */,
				D28941C021F570360038B17A /* QNBleApi.h */,
				D28941D621F570380038B17A /* QNBleConnectionChangeProtocol.h */,
				D28941C621F570360038B17A /* QNBleDevice.h */,
				D28941D221F570380038B17A /* QNBleDeviceDiscoveryProtocol.h */,
				D28941CF21F570370038B17A /* QNBleStateProtocol.h */,
				D28941C921F570370038B17A /* QNCallBackConst.h */,
				D28941C221F570360038B17A /* QNCleanInfo.h */,
				D28941C121F570360038B17A /* QNConfig.h */,
				D28941C821F570370038B17A /* QNDataProtocol.h */,
				D28941D521F570380038B17A /* QNDeviceSDK.h */,
				D28941D821F570390038B17A /* QNErrorCode.h */,
				D28941CB21F570370038B17A /* QNHealthData.h */,
				D28941D421F570380038B17A /* QNScaleData.h */,
				D28941D921F570390038B17A /* QNScaleItemData.h */,
				D28941CA21F570370038B17A /* QNScaleStoreData.h */,
				D28941D121F570380038B17A /* QNSitRemind.h */,
				D28941CD21F570370038B17A /* QNThirdRemind.h */,
				D28941D321F570380038B17A /* QNUser.h */,
				D28941D021F570380038B17A /* QNWeek.h */,
				D28941C321F570360038B17A /* updateRemind.md */,
			);
			path = QNDeviceSDK;
			sourceTree = "<group>";
		};
		D2A2F47D21E32661006FEF4B /* Band */ = {
			isa = PBXGroup;
			children = (
				D2A9F11821F55A2A0037A831 /* BandAlarmCell.h */,
				D2A9F12B21F55A2D0037A831 /* BandAlarmCell.m */,
				D2A9F12721F55A2C0037A831 /* BandAlarmCell.xib */,
				D2A9F11121F55A290037A831 /* BandAlarmVC.h */,
				D2A9F11F21F55A2A0037A831 /* BandAlarmVC.m */,
				D2A9F12921F55A2C0037A831 /* BandAlarmVC.xib */,
				D2A9F12321F55A2B0037A831 /* BandHealthDataView.h */,
				D2A9F11C21F55A2A0037A831 /* BandHealthDataView.m */,
				D2A9F12A21F55A2D0037A831 /* BandHealthDataView.xib */,
				D2A9F10F21F55A290037A831 /* BandListVC.h */,
				D2A9F11021F55A290037A831 /* BandListVC.m */,
				D2A9F11521F55A290037A831 /* BandListVC.xib */,
				D2A9F11321F55A290037A831 /* BandMetricsVC.h */,
				D2A9F11A21F55A2A0037A831 /* BandMetricsVC.m */,
				D2A9F12521F55A2B0037A831 /* BandMetricsVC.xib */,
				D2A9F11221F55A290037A831 /* BandSitRemindVC.h */,
				D2A9F12421F55A2B0037A831 /* BandSitRemindVC.m */,
				D2A9F12821F55A2C0037A831 /* BandSitRemindVC.xib */,
				D2A9F11D21F55A2A0037A831 /* BandThirdRemindVC.h */,
				D2A9F11621F55A2A0037A831 /* BandThirdRemindVC.m */,
				D2A9F12021F55A2A0037A831 /* BandThirdRemindVC.xib */,
				D2A9F12221F55A2B0037A831 /* BandUserVC.h */,
				D2A9F11E21F55A2A0037A831 /* BandUserVC.m */,
				D2A9F11921F55A2A0037A831 /* BandUserVC.xib */,
				D2A9F11721F55A2A0037A831 /* BandVC.h */,
				D2A9F12121F55A2B0037A831 /* BandVC.m */,
				D2A9F11B21F55A2A0037A831 /* BandVC.xib */,
				D28940E421F569EA0038B17A /* BandBaseVC.h */,
				D28940E521F569EA0038B17A /* BandBaseVC.m */,
				D28940E621F569EA0038B17A /* BandBaseVC.xib */,
			);
			path = Band;
			sourceTree = "<group>";
		};
		D2A9F1DA21F55C9F0037A831 /* Tool */ = {
			isa = PBXGroup;
			children = (
				D2A9F11421F55A290037A831 /* BandMessage.h */,
				D2A9F12621F55A2C0037A831 /* BandMessage.m */,
				D2295E3321E45229004F047B /* BLETool.h */,
				D2295E3421E45229004F047B /* BLETool.m */,
			);
			path = Tool;
			sourceTree = "<group>";
		};
		D2B9E97B20723DEC0020C2B6 /* Detection */ = {
			isa = PBXGroup;
			children = (
				D2B9E98220723DEC0020C2B6 /* DetectionViewController.h */,
				D2B9E97C20723DEC0020C2B6 /* DetectionViewController.m */,
				D2B9E98120723DEC0020C2B6 /* DetectionViewController.xib */,
				D2B9E97E20723DEC0020C2B6 /* DeviceTableViewCell.h */,
				D2B9E98420723DEC0020C2B6 /* DeviceTableViewCell.m */,
				D2B9E98020723DEC0020C2B6 /* DeviceTableViewCell.xib */,
				D2B9E97F20723DEC0020C2B6 /* ScaleDataCell.h */,
				D2B9E98320723DEC0020C2B6 /* ScaleDataCell.m */,
				D2B9E97D20723DEC0020C2B6 /* ScaleDataCell.xib */,
			);
			path = Detection;
			sourceTree = "<group>";
		};
/* End PBXGroup section */

/* Begin PBXNativeTarget section */
		D232D6462004DE2D00AABD67 /* QNDeviceSDKDemo */ = {
			isa = PBXNativeTarget;
			buildConfigurationList = D232D65D2004DE2D00AABD67 /* Build configuration list for PBXNativeTarget "QNDeviceSDKDemo" */;
			buildPhases = (
				D232D6432004DE2D00AABD67 /* Sources */,
				D232D6442004DE2D00AABD67 /* Frameworks */,
				D232D6452004DE2D00AABD67 /* Resources */,
				D245B142207230CB005184C2 /* Embed Frameworks */,
				D2295E1C21E439EC004F047B /* ShellScript */,
			);
			buildRules = (
			);
			dependencies = (
			);
			name = QNDeviceSDKDemo;
			productName = QNDeviceSDKDemo;
			productReference = D232D6472004DE2D00AABD67 /* QNDeviceSDKDemo.app */;
			productType = "com.apple.product-type.application";
		};
/* End PBXNativeTarget section */

/* Begin PBXProject section */
		D232D63F2004DE2D00AABD67 /* Project object */ = {
			isa = PBXProject;
			attributes = {
				LastUpgradeCheck = 0920;
				ORGANIZATIONNAME = Yolanda;
				TargetAttributes = {
					D232D6462004DE2D00AABD67 = {
						CreatedOnToolsVersion = 9.2;
						ProvisioningStyle = Automatic;
					};
				};
			};
			buildConfigurationList = D232D6422004DE2D00AABD67 /* Build configuration list for PBXProject "QNDeviceSDKDemo" */;
			compatibilityVersion = "Xcode 8.0";
			developmentRegion = en;
			hasScannedForEncodings = 0;
			knownRegions = (
				en,
				Base,
			);
			mainGroup = D232D63E2004DE2D00AABD67;
			productRefGroup = D232D6482004DE2D00AABD67 /* Products */;
			projectDirPath = "";
			projectRoot = "";
			targets = (
				D232D6462004DE2D00AABD67 /* QNDeviceSDKDemo */,
			);
		};
/* End PBXProject section */

/* Begin PBXResourcesBuildPhase section */
		D232D6452004DE2D00AABD67 /* Resources */ = {
			isa = PBXResourcesBuildPhase;
			buildActionMask = 2147483647;
			files = (
				D2B9E98B20723DEC0020C2B6 /* DetectionViewController.xib in Resources */,
				D2A9F13B21F55A2D0037A831 /* BandSitRemindVC.xib in Resources */,
				D2B9E98920723DEC0020C2B6 /* ScaleDataCell.xib in Resources */,
				D28941DA21F570390038B17A /* updateRemind.md in Resources */,
				D2A9F12F21F55A2D0037A831 /* BandUserVC.xib in Resources */,
				D232D6572004DE2D00AABD67 /* LaunchScreen.storyboard in Resources */,
				D28940E821F569EA0038B17A /* BandBaseVC.xib in Resources */,
				D2A9F12D21F55A2D0037A831 /* BandListVC.xib in Resources */,
				D2A9F13821F55A2D0037A831 /* BandMetricsVC.xib in Resources */,
				D2A9F13A21F55A2D0037A831 /* BandAlarmCell.xib in Resources */,
				D2B9E98F20723DEC0020C2B6 /* PickerView.xib in Resources */,
				D2A9F13D21F55A2D0037A831 /* BandHealthDataView.xib in Resources */,
				D2A9F13C21F55A2D0037A831 /* BandAlarmVC.xib in Resources */,
				D232D6542004DE2D00AABD67 /* Assets.xcassets in Resources */,
				D232D6522004DE2D00AABD67 /* Main.storyboard in Resources */,
				D2048A5220A6E15600D943BC /* 123456789.qn in Resources */,
				D2A9F13121F55A2D0037A831 /* BandVC.xib in Resources */,
				D2B9E98A20723DEC0020C2B6 /* DeviceTableViewCell.xib in Resources */,
				D2A9F13521F55A2D0037A831 /* BandThirdRemindVC.xib in Resources */,
			);
			runOnlyForDeploymentPostprocessing = 0;
		};
/* End PBXResourcesBuildPhase section */

/* Begin PBXShellScriptBuildPhase section */
		D2295E1C21E439EC004F047B /* ShellScript */ = {
			isa = PBXShellScriptBuildPhase;
			buildActionMask = 2147483647;
			files = (
			);
			inputFileListPaths = (
			);
			inputPaths = (
				"$(SRCROOT)/Carthage/Build/iOS/MMKV.framework",
				"$(SRCROOT)/Carthage/Build/iOS/FBLPromises.framework",
				"$(SRCROOT)/Carthage/Build/iOS/MBProgressHUD.framework",
				"$(SRCROOT)/Carthage/Build/iOS/Promises.framework",
			);
			outputFileListPaths = (
			);
			outputPaths = (
				"$(BUILT_PRODUCTS_DIR)/$(FRAMEWORKS_FOLDER_PATH)/MMKV.framework",
				"$(BUILT_PRODUCTS_DIR)/$(FRAMEWORKS_FOLDER_PATH)/FBLPromises.framework",
				"$(BUILT_PRODUCTS_DIR)/$(FRAMEWORKS_FOLDER_PATH)/MBProgressHUD.framework",
				"$(BUILT_PRODUCTS_DIR)/$(FRAMEWORKS_FOLDER_PATH)/Promises.framework",
			);
			runOnlyForDeploymentPostprocessing = 0;
			shellPath = /bin/sh;
			shellScript = "/usr/local/bin/carthage copy-frameworks\n";
		};
/* End PBXShellScriptBuildPhase section */

/* Begin PBXSourcesBuildPhase section */
		D232D6432004DE2D00AABD67 /* Sources */ = {
			isa = PBXSourcesBuildPhase;
			buildActionMask = 2147483647;
			files = (
				D232D64F2004DE2D00AABD67 /* ViewController.m in Sources */,
				D2A9F13021F55A2D0037A831 /* BandMetricsVC.m in Sources */,
				D232D65A2004DE2D00AABD67 /* main.m in Sources */,
				D2295E3521E45229004F047B /* BLETool.m in Sources */,
				D2A9F13221F55A2D0037A831 /* BandHealthDataView.m in Sources */,
				D2A9F13921F55A2D0037A831 /* BandMessage.m in Sources */,
				D2B9E98C20723DEC0020C2B6 /* ScaleDataCell.m in Sources */,
				D2B9E98820723DEC0020C2B6 /* DetectionViewController.m in Sources */,
				D28940E721F569EA0038B17A /* BandBaseVC.m in Sources */,
				D2A9F13721F55A2D0037A831 /* BandSitRemindVC.m in Sources */,
				D2A9F13621F55A2D0037A831 /* BandVC.m in Sources */,
				D2A9F13321F55A2D0037A831 /* BandUserVC.m in Sources */,
				D232D64C2004DE2D00AABD67 /* AppDelegate.m in Sources */,
				D2B9E98D20723DEC0020C2B6 /* DeviceTableViewCell.m in Sources */,
				D2A9F13E21F55A2D0037A831 /* BandAlarmCell.m in Sources */,
				D2A9F12E21F55A2D0037A831 /* BandThirdRemindVC.m in Sources */,
				D2A9F13421F55A2D0037A831 /* BandAlarmVC.m in Sources */,
				D2A9F12C21F55A2D0037A831 /* BandListVC.m in Sources */,
				D2B9E98E20723DEC0020C2B6 /* PickerView.m in Sources */,
			);
			runOnlyForDeploymentPostprocessing = 0;
		};
/* End PBXSourcesBuildPhase section */

/* Begin PBXVariantGroup section */
		D232D6502004DE2D00AABD67 /* Main.storyboard */ = {
			isa = PBXVariantGroup;
			children = (
				D232D6512004DE2D00AABD67 /* Base */,
			);
			name = Main.storyboard;
			sourceTree = "<group>";
		};
		D232D6552004DE2D00AABD67 /* LaunchScreen.storyboard */ = {
			isa = PBXVariantGroup;
			children = (
				D232D6562004DE2D00AABD67 /* Base */,
			);
			name = LaunchScreen.storyboard;
			sourceTree = "<group>";
		};
/* End PBXVariantGroup section */

/* Begin XCBuildConfiguration section */
		D232D65B2004DE2D00AABD67 /* Debug */ = {
			isa = XCBuildConfiguration;
			buildSettings = {
				ALWAYS_SEARCH_USER_PATHS = NO;
				CLANG_ANALYZER_NONNULL = YES;
				CLANG_ANALYZER_NUMBER_OBJECT_CONVERSION = YES_AGGRESSIVE;
				CLANG_CXX_LANGUAGE_STANDARD = "gnu++14";
				CLANG_CXX_LIBRARY = "libc++";
				CLANG_ENABLE_MODULES = YES;
				CLANG_ENABLE_OBJC_ARC = YES;
				CLANG_WARN_BLOCK_CAPTURE_AUTORELEASING = YES;
				CLANG_WARN_BOOL_CONVERSION = YES;
				CLANG_WARN_COMMA = YES;
				CLANG_WARN_CONSTANT_CONVERSION = YES;
				CLANG_WARN_DIRECT_OBJC_ISA_USAGE = YES_ERROR;
				CLANG_WARN_DOCUMENTATION_COMMENTS = YES;
				CLANG_WARN_EMPTY_BODY = YES;
				CLANG_WARN_ENUM_CONVERSION = YES;
				CLANG_WARN_INFINITE_RECURSION = YES;
				CLANG_WARN_INT_CONVERSION = YES;
				CLANG_WARN_NON_LITERAL_NULL_CONVERSION = YES;
				CLANG_WARN_OBJC_LITERAL_CONVERSION = YES;
				CLANG_WARN_OBJC_ROOT_CLASS = YES_ERROR;
				CLANG_WARN_RANGE_LOOP_ANALYSIS = YES;
				CLANG_WARN_STRICT_PROTOTYPES = YES;
				CLANG_WARN_SUSPICIOUS_MOVE = YES;
				CLANG_WARN_UNGUARDED_AVAILABILITY = YES_AGGRESSIVE;
				CLANG_WARN_UNREACHABLE_CODE = YES;
				CLANG_WARN__DUPLICATE_METHOD_MATCH = YES;
				CODE_SIGN_IDENTITY = "iPhone Developer";
				COPY_PHASE_STRIP = NO;
				DEBUG_INFORMATION_FORMAT = dwarf;
				ENABLE_STRICT_OBJC_MSGSEND = YES;
				ENABLE_TESTABILITY = YES;
				GCC_C_LANGUAGE_STANDARD = gnu11;
				GCC_DYNAMIC_NO_PIC = NO;
				GCC_NO_COMMON_BLOCKS = YES;
				GCC_OPTIMIZATION_LEVEL = 0;
				GCC_PREPROCESSOR_DEFINITIONS = (
					"DEBUG=1",
					"$(inherited)",
				);
				GCC_WARN_64_TO_32_BIT_CONVERSION = YES;
				GCC_WARN_ABOUT_RETURN_TYPE = YES_ERROR;
				GCC_WARN_UNDECLARED_SELECTOR = YES;
				GCC_WARN_UNINITIALIZED_AUTOS = YES_AGGRESSIVE;
				GCC_WARN_UNUSED_FUNCTION = YES;
				GCC_WARN_UNUSED_VARIABLE = YES;
				IPHONEOS_DEPLOYMENT_TARGET = 8.0;
				MTL_ENABLE_DEBUG_INFO = YES;
				ONLY_ACTIVE_ARCH = YES;
				SDKROOT = iphoneos;
			};
			name = Debug;
		};
		D232D65C2004DE2D00AABD67 /* Release */ = {
			isa = XCBuildConfiguration;
			buildSettings = {
				ALWAYS_SEARCH_USER_PATHS = NO;
				CLANG_ANALYZER_NONNULL = YES;
				CLANG_ANALYZER_NUMBER_OBJECT_CONVERSION = YES_AGGRESSIVE;
				CLANG_CXX_LANGUAGE_STANDARD = "gnu++14";
				CLANG_CXX_LIBRARY = "libc++";
				CLANG_ENABLE_MODULES = YES;
				CLANG_ENABLE_OBJC_ARC = YES;
				CLANG_WARN_BLOCK_CAPTURE_AUTORELEASING = YES;
				CLANG_WARN_BOOL_CONVERSION = YES;
				CLANG_WARN_COMMA = YES;
				CLANG_WARN_CONSTANT_CONVERSION = YES;
				CLANG_WARN_DIRECT_OBJC_ISA_USAGE = YES_ERROR;
				CLANG_WARN_DOCUMENTATION_COMMENTS = YES;
				CLANG_WARN_EMPTY_BODY = YES;
				CLANG_WARN_ENUM_CONVERSION = YES;
				CLANG_WARN_INFINITE_RECURSION = YES;
				CLANG_WARN_INT_CONVERSION = YES;
				CLANG_WARN_NON_LITERAL_NULL_CONVERSION = YES;
				CLANG_WARN_OBJC_LITERAL_CONVERSION = YES;
				CLANG_WARN_OBJC_ROOT_CLASS = YES_ERROR;
				CLANG_WARN_RANGE_LOOP_ANALYSIS = YES;
				CLANG_WARN_STRICT_PROTOTYPES = YES;
				CLANG_WARN_SUSPICIOUS_MOVE = YES;
				CLANG_WARN_UNGUARDED_AVAILABILITY = YES_AGGRESSIVE;
				CLANG_WARN_UNREACHABLE_CODE = YES;
				CLANG_WARN__DUPLICATE_METHOD_MATCH = YES;
				CODE_SIGN_IDENTITY = "iPhone Developer";
				COPY_PHASE_STRIP = NO;
				DEBUG_INFORMATION_FORMAT = "dwarf-with-dsym";
				ENABLE_NS_ASSERTIONS = NO;
				ENABLE_STRICT_OBJC_MSGSEND = YES;
				GCC_C_LANGUAGE_STANDARD = gnu11;
				GCC_NO_COMMON_BLOCKS = YES;
				GCC_WARN_64_TO_32_BIT_CONVERSION = YES;
				GCC_WARN_ABOUT_RETURN_TYPE = YES_ERROR;
				GCC_WARN_UNDECLARED_SELECTOR = YES;
				GCC_WARN_UNINITIALIZED_AUTOS = YES_AGGRESSIVE;
				GCC_WARN_UNUSED_FUNCTION = YES;
				GCC_WARN_UNUSED_VARIABLE = YES;
				IPHONEOS_DEPLOYMENT_TARGET = 8.0;
				MTL_ENABLE_DEBUG_INFO = NO;
				SDKROOT = iphoneos;
				VALIDATE_PRODUCT = YES;
			};
			name = Release;
		};
		D232D65E2004DE2D00AABD67 /* Debug */ = {
			isa = XCBuildConfiguration;
			buildSettings = {
				ALWAYS_EMBED_SWIFT_STANDARD_LIBRARIES = YES;
				ASSETCATALOG_COMPILER_APPICON_NAME = AppIcon;
				CODE_SIGN_STYLE = Automatic;
				DEVELOPMENT_TEAM = 4NX335G8BX;
				ENABLE_BITCODE = YES;
				FRAMEWORK_SEARCH_PATHS = (
					"$(PROJECT_DIR)/QNDeviceSDKDemo",
					"$(PROJECT_DIR)/Carthage/Build/iOS",
				);
				GCC_PRECOMPILE_PREFIX_HEADER = YES;
				GCC_PREFIX_HEADER = "QNDeviceSDKDemo/QNDeviceSDK-Prefix-Header.h";
				HEADER_SEARCH_PATHS = "$(inherited)";
				INFOPLIST_FILE = QNDeviceSDKDemo/Info.plist;
				IPHONEOS_DEPLOYMENT_TARGET = 9.0;
				LD_RUNPATH_SEARCH_PATHS = "$(inherited) @executable_path/Frameworks";
				LIBRARY_SEARCH_PATHS = (
					"$(PROJECT_DIR)/QNDeviceSDKDemo/QNDeviceSDK",
					"\"$(SRCROOT)/../../QNDeviceSDK/QNDeviceSDK/Module/QNCentralModule/libQNCentralModule.a\"",
					"\"$(SRCROOT)/../../QNDeviceSDK/QNDeviceSDK/Module/QNPScaleModule/libQNPScaleModule.a\"",
					"\"$(SRCROOT)/../../QNDeviceSDK/QNDeviceSDK/Module/QNBandModule/libQNBandModule.a\"",
					"$(PROJECT_DIR)/QNDeviceSDKDemo/QNDeviceSDK/AlgorithmTool",
					"$(PROJECT_DIR)/QNDeviceSDKDemo/QNDeviceSDK/Module/QNCentralModule",
					"$(PROJECT_DIR)/QNDeviceSDKDemo/QNDeviceSDK/Module/QNPScaleModule",
					"$(PROJECT_DIR)/QNDeviceSDKDemo/QNDeviceSDK/Module/QNBandModule",
				);
				ONLY_ACTIVE_ARCH = NO;
				OTHER_LDFLAGS = (
					"-ObjC",
					"-all_load",
				);
				PRODUCT_BUNDLE_IDENTIFIER = com.yolanda.deviceSDKTest;
				PRODUCT_NAME = "$(TARGET_NAME)";
				TARGETED_DEVICE_FAMILY = "1,2";
			};
			name = Debug;
		};
		D232D65F2004DE2D00AABD67 /* Release */ = {
			isa = XCBuildConfiguration;
			buildSettings = {
				ALWAYS_EMBED_SWIFT_STANDARD_LIBRARIES = YES;
				ASSETCATALOG_COMPILER_APPICON_NAME = AppIcon;
				CODE_SIGN_STYLE = Automatic;
				DEVELOPMENT_TEAM = 4NX335G8BX;
				ENABLE_BITCODE = YES;
				FRAMEWORK_SEARCH_PATHS = (
					"$(PROJECT_DIR)/QNDeviceSDKDemo",
					"$(PROJECT_DIR)/Carthage/Build/iOS",
				);
				GCC_PRECOMPILE_PREFIX_HEADER = YES;
				GCC_PREFIX_HEADER = "QNDeviceSDKDemo/QNDeviceSDK-Prefix-Header.h";
				HEADER_SEARCH_PATHS = "$(inherited)";
				INFOPLIST_FILE = QNDeviceSDKDemo/Info.plist;
				IPHONEOS_DEPLOYMENT_TARGET = 9.0;
				LD_RUNPATH_SEARCH_PATHS = "$(inherited) @executable_path/Frameworks";
				LIBRARY_SEARCH_PATHS = (
					"$(PROJECT_DIR)/QNDeviceSDKDemo/QNDeviceSDK",
					"\"$(SRCROOT)/../../QNDeviceSDK/QNDeviceSDK/Module/QNCentralModule/libQNCentralModule.a\"",
					"\"$(SRCROOT)/../../QNDeviceSDK/QNDeviceSDK/Module/QNPScaleModule/libQNPScaleModule.a\"",
					"\"$(SRCROOT)/../../QNDeviceSDK/QNDeviceSDK/Module/QNBandModule/libQNBandModule.a\"",
					"$(PROJECT_DIR)/QNDeviceSDKDemo/QNDeviceSDK/AlgorithmTool",
					"$(PROJECT_DIR)/QNDeviceSDKDemo/QNDeviceSDK/Module/QNCentralModule",
					"$(PROJECT_DIR)/QNDeviceSDKDemo/QNDeviceSDK/Module/QNPScaleModule",
					"$(PROJECT_DIR)/QNDeviceSDKDemo/QNDeviceSDK/Module/QNBandModule",
				);
				ONLY_ACTIVE_ARCH = NO;
				OTHER_LDFLAGS = (
					"-ObjC",
					"-all_load",
				);
				PRODUCT_BUNDLE_IDENTIFIER = com.yolanda.deviceSDKTest;
				PRODUCT_NAME = "$(TARGET_NAME)";
				TARGETED_DEVICE_FAMILY = "1,2";
			};
			name = Release;
		};
/* End XCBuildConfiguration section */

/* Begin XCConfigurationList section */
		D232D6422004DE2D00AABD67 /* Build configuration list for PBXProject "QNDeviceSDKDemo" */ = {
			isa = XCConfigurationList;
			buildConfigurations = (
				D232D65B2004DE2D00AABD67 /* Debug */,
				D232D65C2004DE2D00AABD67 /* Release */,
			);
			defaultConfigurationIsVisible = 0;
			defaultConfigurationName = Release;
		};
		D232D65D2004DE2D00AABD67 /* Build configuration list for PBXNativeTarget "QNDeviceSDKDemo" */ = {
			isa = XCConfigurationList;
			buildConfigurations = (
				D232D65E2004DE2D00AABD67 /* Debug */,
				D232D65F2004DE2D00AABD67 /* Release */,
			);
			defaultConfigurationIsVisible = 0;
			defaultConfigurationName = Release;
		};
/* End XCConfigurationList section */
	};
	rootObject = D232D63F2004DE2D00AABD67 /* Project object */;
}
