// !$*UTF8*$!
{
	archiveVersion = 1;
	classes = {
	};
	objectVersion = 48;
	objects = {

/* Begin PBXBuildFile section */
		D2048A5220A6E15600D943BC /* 123456789.qn in Resources */ = {isa = PBXBuildFile; fileRef = D2048A5120A6E15600D943BC /* 123456789.qn */; };
		D21DEA4521D7487B00D8EDFB /* RevealServer.framework in Frameworks */ = {isa = PBXBuildFile; fileRef = D21DEA4421D7487B00D8EDFB /* RevealServer.framework */; };
		D21DEA4721D748CC00D8EDFB /* RevealServer.framework in Embed Frameworks */ = {isa = PBXBuildFile; fileRef = D21DEA4421D7487B00D8EDFB /* RevealServer.framework */; settings = {ATTRIBUTES = (CodeSignOnCopy, RemoveHeadersOnCopy, ); }; };
		D2295E1B21E439D9004F047B /* MMKV.framework in Frameworks */ = {isa = PBXBuildFile; fileRef = D2295DFE21E432AA004F047B /* MMKV.framework */; };
		D2295E3521E45229004F047B /* BLETool.m in Sources */ = {isa = PBXBuildFile; fileRef = D2295E3421E45229004F047B /* BLETool.m */; };
		D2295E3921E4579C004F047B /* BandBaseVC.m in Sources */ = {isa = PBXBuildFile; fileRef = D2295E3721E4579C004F047B /* BandBaseVC.m */; };
		D2295E3A21E4579C004F047B /* BandBaseVC.xib in Resources */ = {isa = PBXBuildFile; fileRef = D2295E3821E4579C004F047B /* BandBaseVC.xib */; };
		D2295E6B21E48C9C004F047B /* Promises.framework in Frameworks */ = {isa = PBXBuildFile; fileRef = D2295E6821E48C9C004F047B /* Promises.framework */; };
		D2295E6C21E48C9C004F047B /* FBLPromises.framework in Frameworks */ = {isa = PBXBuildFile; fileRef = D2295E6921E48C9C004F047B /* FBLPromises.framework */; };
		D2295E6D21E48C9C004F047B /* MBProgressHUD.framework in Frameworks */ = {isa = PBXBuildFile; fileRef = D2295E6A21E48C9C004F047B /* MBProgressHUD.framework */; };
		D229604921E492C3004F047B /* NSError+QNAPI.m in Sources */ = {isa = PBXBuildFile; fileRef = D2295FC921E492C0004F047B /* NSError+QNAPI.m */; };
		D229604A21E492C3004F047B /* QNScaleItemData.m in Sources */ = {isa = PBXBuildFile; fileRef = D2295FCB21E492C0004F047B /* QNScaleItemData.m */; };
		D229604B21E492C3004F047B /* QNScaleStoreData+QNResultData.m in Sources */ = {isa = PBXBuildFile; fileRef = D2295FCD21E492C0004F047B /* QNScaleStoreData+QNResultData.m */; };
		D229604C21E492C3004F047B /* QNScaleStoreData.m in Sources */ = {isa = PBXBuildFile; fileRef = D2295FCE21E492C0004F047B /* QNScaleStoreData.m */; };
		D229604D21E492C3004F047B /* QNScaleData.m in Sources */ = {isa = PBXBuildFile; fileRef = D2295FD421E492C0004F047B /* QNScaleData.m */; };
		D229604E21E492C3004F047B /* QNScaleData+QNResultData.m in Sources */ = {isa = PBXBuildFile; fileRef = D2295FD521E492C0004F047B /* QNScaleData+QNResultData.m */; };
		D229604F21E492C3004F047B /* libQNAlorithm.a in Frameworks */ = {isa = PBXBuildFile; fileRef = D2295FDB21E492C1004F047B /* libQNAlorithm.a */; };
		D229605021E492C3004F047B /* QNResultData.m in Sources */ = {isa = PBXBuildFile; fileRef = D2295FDC21E492C1004F047B /* QNResultData.m */; };
		D229605121E492C3004F047B /* libQNCentralModule.a in Frameworks */ = {isa = PBXBuildFile; fileRef = D2295FE021E492C1004F047B /* libQNCentralModule.a */; };
		D229605221E492C3004F047B /* libQNPScaleModule.a in Frameworks */ = {isa = PBXBuildFile; fileRef = D2295FEA21E492C1004F047B /* libQNPScaleModule.a */; };
		D229605321E492C3004F047B /* libQNBandModule.a in Frameworks */ = {isa = PBXBuildFile; fileRef = D2295FF821E492C1004F047B /* libQNBandModule.a */; };
		D229605421E492C3004F047B /* QNCleanInfo.m in Sources */ = {isa = PBXBuildFile; fileRef = D229600221E492C1004F047B /* QNCleanInfo.m */; };
		D229605521E492C3004F047B /* QNBandManager+QNAddition.m in Sources */ = {isa = PBXBuildFile; fileRef = D229600421E492C1004F047B /* QNBandManager+QNAddition.m */; };
		D229605621E492C3004F047B /* QNBandManager.m in Sources */ = {isa = PBXBuildFile; fileRef = D229600521E492C1004F047B /* QNBandManager.m */; };
		D229605721E492C3004F047B /* QNSitRemind.m in Sources */ = {isa = PBXBuildFile; fileRef = D229600821E492C1004F047B /* QNSitRemind.m */; };
		D229605821E492C3004F047B /* QNWeek.m in Sources */ = {isa = PBXBuildFile; fileRef = D229600F21E492C1004F047B /* QNWeek.m */; };
		D229605921E492C3004F047B /* QNHealthData.m in Sources */ = {isa = PBXBuildFile; fileRef = D229601021E492C1004F047B /* QNHealthData.m */; };
		D229605A21E492C3004F047B /* QNThirdRemind.m in Sources */ = {isa = PBXBuildFile; fileRef = D229601121E492C1004F047B /* QNThirdRemind.m */; };
		D229605B21E492C3004F047B /* QNAlarm.m in Sources */ = {isa = PBXBuildFile; fileRef = D229601221E492C1004F047B /* QNAlarm.m */; };
		D229605C21E492C3004F047B /* QNBandMetrics.m in Sources */ = {isa = PBXBuildFile; fileRef = D229601321E492C1004F047B /* QNBandMetrics.m */; };
		D229605D21E492C3004F047B /* QNBandInfo.m in Sources */ = {isa = PBXBuildFile; fileRef = D229601521E492C1004F047B /* QNBandInfo.m */; };
		D229605E21E492C3004F047B /* QNBandBaseConfig.m in Sources */ = {isa = PBXBuildFile; fileRef = D229601721E492C1004F047B /* QNBandBaseConfig.m */; };
		D229605F21E492C3004F047B /* QNUnitTool.m in Sources */ = {isa = PBXBuildFile; fileRef = D229601A21E492C1004F047B /* QNUnitTool.m */; };
		D229606021E492C3004F047B /* QNNetwork.m in Sources */ = {isa = PBXBuildFile; fileRef = D229601C21E492C2004F047B /* QNNetwork.m */; };
		D229606121E492C3004F047B /* QNUser.m in Sources */ = {isa = PBXBuildFile; fileRef = D229602121E492C2004F047B /* QNUser.m */; };
		D229606221E492C3004F047B /* QNUser+QNAddition.m in Sources */ = {isa = PBXBuildFile; fileRef = D229602221E492C2004F047B /* QNUser+QNAddition.m */; };
		D229606321E492C3004F047B /* QNBleApi.m in Sources */ = {isa = PBXBuildFile; fileRef = D229602421E492C2004F047B /* QNBleApi.m */; };
		D229606421E492C3004F047B /* QNBleDevice+Addittion.m in Sources */ = {isa = PBXBuildFile; fileRef = D229602B21E492C2004F047B /* QNBleDevice+Addittion.m */; };
		D229606521E492C3004F047B /* QNBleDevice.m in Sources */ = {isa = PBXBuildFile; fileRef = D229602C21E492C2004F047B /* QNBleDevice.m */; };
		D229606621E492C3004F047B /* QNDataTool.m in Sources */ = {isa = PBXBuildFile; fileRef = D229603121E492C2004F047B /* QNDataTool.m */; };
		D229606721E492C3004F047B /* QNConfig.m in Sources */ = {isa = PBXBuildFile; fileRef = D229603521E492C2004F047B /* QNConfig.m */; };
		D229606821E492C3004F047B /* QNSDKConfig.m in Sources */ = {isa = PBXBuildFile; fileRef = D229603621E492C2004F047B /* QNSDKConfig.m */; };
		D229606921E492C3004F047B /* QNDebug.m in Sources */ = {isa = PBXBuildFile; fileRef = D229603921E492C2004F047B /* QNDebug.m */; };
		D229606A21E492C3004F047B /* QNFileManage.m in Sources */ = {isa = PBXBuildFile; fileRef = D229603B21E492C2004F047B /* QNFileManage.m */; };
		D229606B21E492C3004F047B /* updateRemind.md in Resources */ = {isa = PBXBuildFile; fileRef = D229603F21E492C2004F047B /* updateRemind.md */; };
		D229606C21E492C3004F047B /* NSData+QNBase64.m in Sources */ = {isa = PBXBuildFile; fileRef = D229604321E492C3004F047B /* NSData+QNBase64.m */; };
		D229606D21E492C3004F047B /* NSString+QNBase64.m in Sources */ = {isa = PBXBuildFile; fileRef = D229604421E492C3004F047B /* NSString+QNBase64.m */; };
		D229606E21E492C3004F047B /* QNAESCrypt.m in Sources */ = {isa = PBXBuildFile; fileRef = D229604821E492C3004F047B /* QNAESCrypt.m */; };
		D232D64C2004DE2D00AABD67 /* AppDelegate.m in Sources */ = {isa = PBXBuildFile; fileRef = D232D64B2004DE2D00AABD67 /* AppDelegate.m */; };
		D232D64F2004DE2D00AABD67 /* ViewController.m in Sources */ = {isa = PBXBuildFile; fileRef = D232D64E2004DE2D00AABD67 /* ViewController.m */; };
		D232D6522004DE2D00AABD67 /* Main.storyboard in Resources */ = {isa = PBXBuildFile; fileRef = D232D6502004DE2D00AABD67 /* Main.storyboard */; };
		D232D6542004DE2D00AABD67 /* Assets.xcassets in Resources */ = {isa = PBXBuildFile; fileRef = D232D6532004DE2D00AABD67 /* Assets.xcassets */; };
		D232D6572004DE2D00AABD67 /* LaunchScreen.storyboard in Resources */ = {isa = PBXBuildFile; fileRef = D232D6552004DE2D00AABD67 /* LaunchScreen.storyboard */; };
		D232D65A2004DE2D00AABD67 /* main.m in Sources */ = {isa = PBXBuildFile; fileRef = D232D6592004DE2D00AABD67 /* main.m */; };
		D2A2F49021E33296006FEF4B /* BandVC.m in Sources */ = {isa = PBXBuildFile; fileRef = D2A2F48E21E33296006FEF4B /* BandVC.m */; };
		D2A2F49121E33296006FEF4B /* BandVC.xib in Resources */ = {isa = PBXBuildFile; fileRef = D2A2F48F21E33296006FEF4B /* BandVC.xib */; };
		D2B9E98820723DEC0020C2B6 /* DetectionViewController.m in Sources */ = {isa = PBXBuildFile; fileRef = D2B9E97C20723DEC0020C2B6 /* DetectionViewController.m */; };
		D2B9E98920723DEC0020C2B6 /* ScaleDataCell.xib in Resources */ = {isa = PBXBuildFile; fileRef = D2B9E97D20723DEC0020C2B6 /* ScaleDataCell.xib */; };
		D2B9E98A20723DEC0020C2B6 /* DeviceTableViewCell.xib in Resources */ = {isa = PBXBuildFile; fileRef = D2B9E98020723DEC0020C2B6 /* DeviceTableViewCell.xib */; };
		D2B9E98B20723DEC0020C2B6 /* DetectionViewController.xib in Resources */ = {isa = PBXBuildFile; fileRef = D2B9E98120723DEC0020C2B6 /* DetectionViewController.xib */; };
		D2B9E98C20723DEC0020C2B6 /* ScaleDataCell.m in Sources */ = {isa = PBXBuildFile; fileRef = D2B9E98320723DEC0020C2B6 /* ScaleDataCell.m */; };
		D2B9E98D20723DEC0020C2B6 /* DeviceTableViewCell.m in Sources */ = {isa = PBXBuildFile; fileRef = D2B9E98420723DEC0020C2B6 /* DeviceTableViewCell.m */; };
		D2B9E98E20723DEC0020C2B6 /* PickerView.m in Sources */ = {isa = PBXBuildFile; fileRef = D2B9E98620723DEC0020C2B6 /* PickerView.m */; };
		D2B9E98F20723DEC0020C2B6 /* PickerView.xib in Resources */ = {isa = PBXBuildFile; fileRef = D2B9E98720723DEC0020C2B6 /* PickerView.xib */; };
		D2FD3B0921E3383800B8E97C /* BandThirdRemindVC.m in Sources */ = {isa = PBXBuildFile; fileRef = D2FD3B0721E3383800B8E97C /* BandThirdRemindVC.m */; };
		D2FD3B0A21E3383800B8E97C /* BandThirdRemindVC.xib in Resources */ = {isa = PBXBuildFile; fileRef = D2FD3B0821E3383800B8E97C /* BandThirdRemindVC.xib */; };
		D2FD3B0E21E33BBD00B8E97C /* BandListVC.m in Sources */ = {isa = PBXBuildFile; fileRef = D2FD3B0C21E33BBD00B8E97C /* BandListVC.m */; };
		D2FD3B0F21E33BBD00B8E97C /* BandListVC.xib in Resources */ = {isa = PBXBuildFile; fileRef = D2FD3B0D21E33BBD00B8E97C /* BandListVC.xib */; };
		D2FD3B1321E33CCF00B8E97C /* BandUserVC.m in Sources */ = {isa = PBXBuildFile; fileRef = D2FD3B1121E33CCF00B8E97C /* BandUserVC.m */; };
		D2FD3B1421E33CCF00B8E97C /* BandUserVC.xib in Resources */ = {isa = PBXBuildFile; fileRef = D2FD3B1221E33CCF00B8E97C /* BandUserVC.xib */; };
		D2FD3B1821E33E3000B8E97C /* BandMetricsVC.m in Sources */ = {isa = PBXBuildFile; fileRef = D2FD3B1621E33E3000B8E97C /* BandMetricsVC.m */; };
		D2FD3B1921E33E3000B8E97C /* BandMetricsVC.xib in Resources */ = {isa = PBXBuildFile; fileRef = D2FD3B1721E33E3000B8E97C /* BandMetricsVC.xib */; };
		D2FD3B1D21E33F1900B8E97C /* BandAlarmVC.m in Sources */ = {isa = PBXBuildFile; fileRef = D2FD3B1B21E33F1900B8E97C /* BandAlarmVC.m */; };
		D2FD3B1E21E33F1900B8E97C /* BandAlarmVC.xib in Resources */ = {isa = PBXBuildFile; fileRef = D2FD3B1C21E33F1900B8E97C /* BandAlarmVC.xib */; };
		D2FD3B2221E33F4B00B8E97C /* BandSitRemindVC.m in Sources */ = {isa = PBXBuildFile; fileRef = D2FD3B2021E33F4B00B8E97C /* BandSitRemindVC.m */; };
		D2FD3B2321E33F4B00B8E97C /* BandSitRemindVC.xib in Resources */ = {isa = PBXBuildFile; fileRef = D2FD3B2121E33F4B00B8E97C /* BandSitRemindVC.xib */; };
		D2FD3B2A21E3441000B8E97C /* BandMessage.m in Sources */ = {isa = PBXBuildFile; fileRef = D2FD3B2921E3441000B8E97C /* BandMessage.m */; };
/* End PBXBuildFile section */

/* Begin PBXCopyFilesBuildPhase section */
		D245B142207230CB005184C2 /* Embed Frameworks */ = {
			isa = PBXCopyFilesBuildPhase;
			buildActionMask = 2147483647;
			dstPath = "";
			dstSubfolderSpec = 10;
			files = (
				D21DEA4721D748CC00D8EDFB /* RevealServer.framework in Embed Frameworks */,
			);
			name = "Embed Frameworks";
			runOnlyForDeploymentPostprocessing = 0;
		};
/* End PBXCopyFilesBuildPhase section */

/* Begin PBXFileReference section */
		D2048A5120A6E15600D943BC /* 123456789.qn */ = {isa = PBXFileReference; fileEncoding = 4; lastKnownFileType = text; path = 123456789.qn; sourceTree = "<group>"; };
		D21DEA4421D7487B00D8EDFB /* RevealServer.framework */ = {isa = PBXFileReference; lastKnownFileType = wrapper.framework; path = RevealServer.framework; sourceTree = "<group>"; };
		D2295DFE21E432AA004F047B /* MMKV.framework */ = {isa = PBXFileReference; lastKnownFileType = wrapper.framework; name = MMKV.framework; path = Carthage/Build/iOS/MMKV.framework; sourceTree = "<group>"; };
		D2295E0D21E43416004F047B /* libz.tbd */ = {isa = PBXFileReference; lastKnownFileType = "sourcecode.text-based-dylib-definition"; name = libz.tbd; path = usr/lib/libz.tbd; sourceTree = SDKROOT; };
		D2295E1D21E43BC3004F047B /* QNDeviceSDK-Prefix-Header.h */ = {isa = PBXFileReference; lastKnownFileType = sourcecode.c.h; path = "QNDeviceSDK-Prefix-Header.h"; sourceTree = "<group>"; };
		D2295E3321E45229004F047B /* BLETool.h */ = {isa = PBXFileReference; lastKnownFileType = sourcecode.c.h; path = BLETool.h; sourceTree = "<group>"; };
		D2295E3421E45229004F047B /* BLETool.m */ = {isa = PBXFileReference; lastKnownFileType = sourcecode.c.objc; path = BLETool.m; sourceTree = "<group>"; };
		D2295E3621E4579C004F047B /* BandBaseVC.h */ = {isa = PBXFileReference; lastKnownFileType = sourcecode.c.h; path = BandBaseVC.h; sourceTree = "<group>"; };
		D2295E3721E4579C004F047B /* BandBaseVC.m */ = {isa = PBXFileReference; lastKnownFileType = sourcecode.c.objc; path = BandBaseVC.m; sourceTree = "<group>"; };
		D2295E3821E4579C004F047B /* BandBaseVC.xib */ = {isa = PBXFileReference; lastKnownFileType = file.xib; path = BandBaseVC.xib; sourceTree = "<group>"; };
		D2295E5F21E4716D004F047B /* ToastSwiftFramework.framework */ = {isa = PBXFileReference; lastKnownFileType = wrapper.framework; name = ToastSwiftFramework.framework; path = Carthage/Build/iOS/ToastSwiftFramework.framework; sourceTree = "<group>"; };
		D2295E6821E48C9C004F047B /* Promises.framework */ = {isa = PBXFileReference; lastKnownFileType = wrapper.framework; name = Promises.framework; path = Carthage/Build/iOS/Promises.framework; sourceTree = "<group>"; };
		D2295E6921E48C9C004F047B /* FBLPromises.framework */ = {isa = PBXFileReference; lastKnownFileType = wrapper.framework; name = FBLPromises.framework; path = Carthage/Build/iOS/FBLPromises.framework; sourceTree = "<group>"; };
		D2295E6A21E48C9C004F047B /* MBProgressHUD.framework */ = {isa = PBXFileReference; lastKnownFileType = wrapper.framework; name = MBProgressHUD.framework; path = Carthage/Build/iOS/MBProgressHUD.framework; sourceTree = "<group>"; };
		D2295FC721E492C0004F047B /* QNErrorCode.h */ = {isa = PBXFileReference; fileEncoding = 4; lastKnownFileType = sourcecode.c.h; path = QNErrorCode.h; sourceTree = "<group>"; };
		D2295FC821E492C0004F047B /* NSError+QNAPI.h */ = {isa = PBXFileReference; fileEncoding = 4; lastKnownFileType = sourcecode.c.h; path = "NSError+QNAPI.h"; sourceTree = "<group>"; };
		D2295FC921E492C0004F047B /* NSError+QNAPI.m */ = {isa = PBXFileReference; fileEncoding = 4; lastKnownFileType = sourcecode.c.objc; path = "NSError+QNAPI.m"; sourceTree = "<group>"; };
		D2295FCB21E492C0004F047B /* QNScaleItemData.m */ = {isa = PBXFileReference; fileEncoding = 4; lastKnownFileType = sourcecode.c.objc; path = QNScaleItemData.m; sourceTree = "<group>"; };
		D2295FCD21E492C0004F047B /* QNScaleStoreData+QNResultData.m */ = {isa = PBXFileReference; fileEncoding = 4; lastKnownFileType = sourcecode.c.objc; path = "QNScaleStoreData+QNResultData.m"; sourceTree = "<group>"; };
		D2295FCE21E492C0004F047B /* QNScaleStoreData.m */ = {isa = PBXFileReference; fileEncoding = 4; lastKnownFileType = sourcecode.c.objc; path = QNScaleStoreData.m; sourceTree = "<group>"; };
		D2295FCF21E492C0004F047B /* QNScaleStoreData+QNResultData.h */ = {isa = PBXFileReference; fileEncoding = 4; lastKnownFileType = sourcecode.c.h; path = "QNScaleStoreData+QNResultData.h"; sourceTree = "<group>"; };
		D2295FD021E492C0004F047B /* QNScaleStoreData.h */ = {isa = PBXFileReference; fileEncoding = 4; lastKnownFileType = sourcecode.c.h; path = QNScaleStoreData.h; sourceTree = "<group>"; };
		D2295FD121E492C0004F047B /* QNScaleItemData.h */ = {isa = PBXFileReference; fileEncoding = 4; lastKnownFileType = sourcecode.c.h; path = QNScaleItemData.h; sourceTree = "<group>"; };
		D2295FD321E492C0004F047B /* QNScaleData+QNResultData.h */ = {isa = PBXFileReference; fileEncoding = 4; lastKnownFileType = sourcecode.c.h; path = "QNScaleData+QNResultData.h"; sourceTree = "<group>"; };
		D2295FD421E492C0004F047B /* QNScaleData.m */ = {isa = PBXFileReference; fileEncoding = 4; lastKnownFileType = sourcecode.c.objc; path = QNScaleData.m; sourceTree = "<group>"; };
		D2295FD521E492C0004F047B /* QNScaleData+QNResultData.m */ = {isa = PBXFileReference; fileEncoding = 4; lastKnownFileType = sourcecode.c.objc; path = "QNScaleData+QNResultData.m"; sourceTree = "<group>"; };
		D2295FD621E492C0004F047B /* QNScaleData.h */ = {isa = PBXFileReference; fileEncoding = 4; lastKnownFileType = sourcecode.c.h; path = QNScaleData.h; sourceTree = "<group>"; };
		D2295FD921E492C1004F047B /* QNResultData.h */ = {isa = PBXFileReference; fileEncoding = 4; lastKnownFileType = sourcecode.c.h; path = QNResultData.h; sourceTree = "<group>"; };
		D2295FDA21E492C1004F047B /* algorithm.h */ = {isa = PBXFileReference; fileEncoding = 4; lastKnownFileType = sourcecode.c.h; path = algorithm.h; sourceTree = "<group>"; };
		D2295FDB21E492C1004F047B /* libQNAlorithm.a */ = {isa = PBXFileReference; lastKnownFileType = archive.ar; path = libQNAlorithm.a; sourceTree = "<group>"; };
		D2295FDC21E492C1004F047B /* QNResultData.m */ = {isa = PBXFileReference; fileEncoding = 4; lastKnownFileType = sourcecode.c.objc; path = QNResultData.m; sourceTree = "<group>"; };
		D2295FDF21E492C1004F047B /* QNCentralModule.h */ = {isa = PBXFileReference; fileEncoding = 4; lastKnownFileType = sourcecode.c.h; path = QNCentralModule.h; sourceTree = "<group>"; };
		D2295FE021E492C1004F047B /* libQNCentralModule.a */ = {isa = PBXFileReference; lastKnownFileType = archive.ar; path = libQNCentralModule.a; sourceTree = "<group>"; };
		D2295FE121E492C1004F047B /* QNCategory.h */ = {isa = PBXFileReference; fileEncoding = 4; lastKnownFileType = sourcecode.c.h; path = QNCategory.h; sourceTree = "<group>"; };
		D2295FE221E492C1004F047B /* QNCentralManager.h */ = {isa = PBXFileReference; fileEncoding = 4; lastKnownFileType = sourcecode.c.h; path = QNCentralManager.h; sourceTree = "<group>"; };
		D2295FE321E492C1004F047B /* QNCentralEnum.h */ = {isa = PBXFileReference; fileEncoding = 4; lastKnownFileType = sourcecode.c.h; path = QNCentralEnum.h; sourceTree = "<group>"; };
		D2295FE421E492C1004F047B /* QNConnectConfig.h */ = {isa = PBXFileReference; fileEncoding = 4; lastKnownFileType = sourcecode.c.h; path = QNConnectConfig.h; sourceTree = "<group>"; };
		D2295FE621E492C1004F047B /* QNPWifiConfig.h */ = {isa = PBXFileReference; fileEncoding = 4; lastKnownFileType = sourcecode.c.h; path = QNPWifiConfig.h; sourceTree = "<group>"; };
		D2295FE721E492C1004F047B /* QNPScaleReplayData.h */ = {isa = PBXFileReference; fileEncoding = 4; lastKnownFileType = sourcecode.c.h; path = QNPScaleReplayData.h; sourceTree = "<group>"; };
		D2295FE821E492C1004F047B /* QNPScaleModule.h */ = {isa = PBXFileReference; fileEncoding = 4; lastKnownFileType = sourcecode.c.h; path = QNPScaleModule.h; sourceTree = "<group>"; };
		D2295FE921E492C1004F047B /* QNPScaleManager.h */ = {isa = PBXFileReference; fileEncoding = 4; lastKnownFileType = sourcecode.c.h; path = QNPScaleManager.h; sourceTree = "<group>"; };
		D2295FEA21E492C1004F047B /* libQNPScaleModule.a */ = {isa = PBXFileReference; lastKnownFileType = archive.ar; path = libQNPScaleModule.a; sourceTree = "<group>"; };
		D2295FEB21E492C1004F047B /* QNPScaleData.h */ = {isa = PBXFileReference; fileEncoding = 4; lastKnownFileType = sourcecode.c.h; path = QNPScaleData.h; sourceTree = "<group>"; };
		D2295FEC21E492C1004F047B /* QNPScaleDevice.h */ = {isa = PBXFileReference; fileEncoding = 4; lastKnownFileType = sourcecode.c.h; path = QNPScaleDevice.h; sourceTree = "<group>"; };
		D2295FED21E492C1004F047B /* QNPProduct.h */ = {isa = PBXFileReference; fileEncoding = 4; lastKnownFileType = sourcecode.c.h; path = QNPProduct.h; sourceTree = "<group>"; };
		D2295FEE21E492C1004F047B /* QNPScaleStorageData.h */ = {isa = PBXFileReference; fileEncoding = 4; lastKnownFileType = sourcecode.c.h; path = QNPScaleStorageData.h; sourceTree = "<group>"; };
		D2295FEF21E492C1004F047B /* QNPUser.h */ = {isa = PBXFileReference; fileEncoding = 4; lastKnownFileType = sourcecode.c.h; path = QNPUser.h; sourceTree = "<group>"; };
		D2295FF021E492C1004F047B /* QNPScaleEnum.h */ = {isa = PBXFileReference; fileEncoding = 4; lastKnownFileType = sourcecode.c.h; path = QNPScaleEnum.h; sourceTree = "<group>"; };
		D2295FF221E492C1004F047B /* QNBandUser.h */ = {isa = PBXFileReference; fileEncoding = 4; lastKnownFileType = sourcecode.c.h; path = QNBandUser.h; sourceTree = "<group>"; };
		D2295FF321E492C1004F047B /* QNWristManager.h */ = {isa = PBXFileReference; fileEncoding = 4; lastKnownFileType = sourcecode.c.h; path = QNWristManager.h; sourceTree = "<group>"; };
		D2295FF421E492C1004F047B /* QNBandBlock.h */ = {isa = PBXFileReference; fileEncoding = 4; lastKnownFileType = sourcecode.c.h; path = QNBandBlock.h; sourceTree = "<group>"; };
		D2295FF521E492C1004F047B /* QNBandThirdRemind.h */ = {isa = PBXFileReference; fileEncoding = 4; lastKnownFileType = sourcecode.c.h; path = QNBandThirdRemind.h; sourceTree = "<group>"; };
		D2295FF621E492C1004F047B /* QNBandDevice.h */ = {isa = PBXFileReference; fileEncoding = 4; lastKnownFileType = sourcecode.c.h; path = QNBandDevice.h; sourceTree = "<group>"; };
		D2295FF721E492C1004F047B /* QNBandHeartRate.h */ = {isa = PBXFileReference; fileEncoding = 4; lastKnownFileType = sourcecode.c.h; path = QNBandHeartRate.h; sourceTree = "<group>"; };
		D2295FF821E492C1004F047B /* libQNBandModule.a */ = {isa = PBXFileReference; lastKnownFileType = archive.ar; path = libQNBandModule.a; sourceTree = "<group>"; };
		D2295FF921E492C1004F047B /* QNBandSitRemind.h */ = {isa = PBXFileReference; fileEncoding = 4; lastKnownFileType = sourcecode.c.h; path = QNBandSitRemind.h; sourceTree = "<group>"; };
		D2295FFA21E492C1004F047B /* QNBandModule.h */ = {isa = PBXFileReference; fileEncoding = 4; lastKnownFileType = sourcecode.c.h; path = QNBandModule.h; sourceTree = "<group>"; };
		D2295FFB21E492C1004F047B /* QNBandEnum.h */ = {isa = PBXFileReference; fileEncoding = 4; lastKnownFileType = sourcecode.c.h; path = QNBandEnum.h; sourceTree = "<group>"; };
		D2295FFC21E492C1004F047B /* QNBandAlarm.h */ = {isa = PBXFileReference; fileEncoding = 4; lastKnownFileType = sourcecode.c.h; path = QNBandAlarm.h; sourceTree = "<group>"; };
		D2295FFD21E492C1004F047B /* QNBandSleep.h */ = {isa = PBXFileReference; fileEncoding = 4; lastKnownFileType = sourcecode.c.h; path = QNBandSleep.h; sourceTree = "<group>"; };
		D2295FFE21E492C1004F047B /* QNBandSport.h */ = {isa = PBXFileReference; fileEncoding = 4; lastKnownFileType = sourcecode.c.h; path = QNBandSport.h; sourceTree = "<group>"; };
		D2295FFF21E492C1004F047B /* QNBandClear.h */ = {isa = PBXFileReference; fileEncoding = 4; lastKnownFileType = sourcecode.c.h; path = QNBandClear.h; sourceTree = "<group>"; };
		D229600021E492C1004F047B /* QNBandShortcutInfo.h */ = {isa = PBXFileReference; fileEncoding = 4; lastKnownFileType = sourcecode.c.h; path = QNBandShortcutInfo.h; sourceTree = "<group>"; };
		D229600221E492C1004F047B /* QNCleanInfo.m */ = {isa = PBXFileReference; fileEncoding = 4; lastKnownFileType = sourcecode.c.objc; path = QNCleanInfo.m; sourceTree = "<group>"; };
		D229600321E492C1004F047B /* QNWeek.h */ = {isa = PBXFileReference; fileEncoding = 4; lastKnownFileType = sourcecode.c.h; path = QNWeek.h; sourceTree = "<group>"; };
		D229600421E492C1004F047B /* QNBandManager+QNAddition.m */ = {isa = PBXFileReference; fileEncoding = 4; lastKnownFileType = sourcecode.c.objc; path = "QNBandManager+QNAddition.m"; sourceTree = "<group>"; };
		D229600521E492C1004F047B /* QNBandManager.m */ = {isa = PBXFileReference; fileEncoding = 4; lastKnownFileType = sourcecode.c.objc; path = QNBandManager.m; sourceTree = "<group>"; };
		D229600621E492C1004F047B /* QNBandInfo.h */ = {isa = PBXFileReference; fileEncoding = 4; lastKnownFileType = sourcecode.c.h; path = QNBandInfo.h; sourceTree = "<group>"; };
		D229600721E492C1004F047B /* QNBandMetrics.h */ = {isa = PBXFileReference; fileEncoding = 4; lastKnownFileType = sourcecode.c.h; path = QNBandMetrics.h; sourceTree = "<group>"; };
		D229600821E492C1004F047B /* QNSitRemind.m */ = {isa = PBXFileReference; fileEncoding = 4; lastKnownFileType = sourcecode.c.objc; path = QNSitRemind.m; sourceTree = "<group>"; };
		D229600921E492C1004F047B /* QNAlarm.h */ = {isa = PBXFileReference; fileEncoding = 4; lastKnownFileType = sourcecode.c.h; path = QNAlarm.h; sourceTree = "<group>"; };
		D229600A21E492C1004F047B /* QNThirdRemind.h */ = {isa = PBXFileReference; fileEncoding = 4; lastKnownFileType = sourcecode.c.h; path = QNThirdRemind.h; sourceTree = "<group>"; };
		D229600B21E492C1004F047B /* QNHealthData.h */ = {isa = PBXFileReference; fileEncoding = 4; lastKnownFileType = sourcecode.c.h; path = QNHealthData.h; sourceTree = "<group>"; };
		D229600C21E492C1004F047B /* QNBandBaseConfig.h */ = {isa = PBXFileReference; fileEncoding = 4; lastKnownFileType = sourcecode.c.h; path = QNBandBaseConfig.h; sourceTree = "<group>"; };
		D229600D21E492C1004F047B /* QNCleanInfo.h */ = {isa = PBXFileReference; fileEncoding = 4; lastKnownFileType = sourcecode.c.h; path = QNCleanInfo.h; sourceTree = "<group>"; };
		D229600E21E492C1004F047B /* QNBandManager+QNAddition.h */ = {isa = PBXFileReference; fileEncoding = 4; lastKnownFileType = sourcecode.c.h; path = "QNBandManager+QNAddition.h"; sourceTree = "<group>"; };
		D229600F21E492C1004F047B /* QNWeek.m */ = {isa = PBXFileReference; fileEncoding = 4; lastKnownFileType = sourcecode.c.objc; path = QNWeek.m; sourceTree = "<group>"; };
		D229601021E492C1004F047B /* QNHealthData.m */ = {isa = PBXFileReference; fileEncoding = 4; lastKnownFileType = sourcecode.c.objc; path = QNHealthData.m; sourceTree = "<group>"; };
		D229601121E492C1004F047B /* QNThirdRemind.m */ = {isa = PBXFileReference; fileEncoding = 4; lastKnownFileType = sourcecode.c.objc; path = QNThirdRemind.m; sourceTree = "<group>"; };
		D229601221E492C1004F047B /* QNAlarm.m */ = {isa = PBXFileReference; fileEncoding = 4; lastKnownFileType = sourcecode.c.objc; path = QNAlarm.m; sourceTree = "<group>"; };
		D229601321E492C1004F047B /* QNBandMetrics.m */ = {isa = PBXFileReference; fileEncoding = 4; lastKnownFileType = sourcecode.c.objc; path = QNBandMetrics.m; sourceTree = "<group>"; };
		D229601421E492C1004F047B /* QNSitRemind.h */ = {isa = PBXFileReference; fileEncoding = 4; lastKnownFileType = sourcecode.c.h; path = QNSitRemind.h; sourceTree = "<group>"; };
		D229601521E492C1004F047B /* QNBandInfo.m */ = {isa = PBXFileReference; fileEncoding = 4; lastKnownFileType = sourcecode.c.objc; path = QNBandInfo.m; sourceTree = "<group>"; };
		D229601621E492C1004F047B /* QNBandManager.h */ = {isa = PBXFileReference; fileEncoding = 4; lastKnownFileType = sourcecode.c.h; path = QNBandManager.h; sourceTree = "<group>"; };
		D229601721E492C1004F047B /* QNBandBaseConfig.m */ = {isa = PBXFileReference; fileEncoding = 4; lastKnownFileType = sourcecode.c.objc; path = QNBandBaseConfig.m; sourceTree = "<group>"; };
		D229601921E492C1004F047B /* QNUnitTool.h */ = {isa = PBXFileReference; fileEncoding = 4; lastKnownFileType = sourcecode.c.h; path = QNUnitTool.h; sourceTree = "<group>"; };
		D229601A21E492C1004F047B /* QNUnitTool.m */ = {isa = PBXFileReference; fileEncoding = 4; lastKnownFileType = sourcecode.c.objc; path = QNUnitTool.m; sourceTree = "<group>"; };
		D229601C21E492C2004F047B /* QNNetwork.m */ = {isa = PBXFileReference; fileEncoding = 4; lastKnownFileType = sourcecode.c.objc; path = QNNetwork.m; sourceTree = "<group>"; };
		D229601D21E492C2004F047B /* QNNetwork.h */ = {isa = PBXFileReference; fileEncoding = 4; lastKnownFileType = sourcecode.c.h; path = QNNetwork.h; sourceTree = "<group>"; };
		D229601F21E492C2004F047B /* QNUser.h */ = {isa = PBXFileReference; fileEncoding = 4; lastKnownFileType = sourcecode.c.h; path = QNUser.h; sourceTree = "<group>"; };
		D229602021E492C2004F047B /* QNUser+QNAddition.h */ = {isa = PBXFileReference; fileEncoding = 4; lastKnownFileType = sourcecode.c.h; path = "QNUser+QNAddition.h"; sourceTree = "<group>"; };
		D229602121E492C2004F047B /* QNUser.m */ = {isa = PBXFileReference; fileEncoding = 4; lastKnownFileType = sourcecode.c.objc; path = QNUser.m; sourceTree = "<group>"; };
		D229602221E492C2004F047B /* QNUser+QNAddition.m */ = {isa = PBXFileReference; fileEncoding = 4; lastKnownFileType = sourcecode.c.objc; path = "QNUser+QNAddition.m"; sourceTree = "<group>"; };
		D229602421E492C2004F047B /* QNBleApi.m */ = {isa = PBXFileReference; fileEncoding = 4; lastKnownFileType = sourcecode.c.objc; path = QNBleApi.m; sourceTree = "<group>"; };
		D229602521E492C2004F047B /* QNDataProtocol.h */ = {isa = PBXFileReference; fileEncoding = 4; lastKnownFileType = sourcecode.c.h; path = QNDataProtocol.h; sourceTree = "<group>"; };
		D229602621E492C2004F047B /* QNBleStateProtocol.h */ = {isa = PBXFileReference; fileEncoding = 4; lastKnownFileType = sourcecode.c.h; path = QNBleStateProtocol.h; sourceTree = "<group>"; };
		D229602721E492C2004F047B /* QNBleDeviceDiscoveryProtocol.h */ = {isa = PBXFileReference; fileEncoding = 4; lastKnownFileType = sourcecode.c.h; path = QNBleDeviceDiscoveryProtocol.h; sourceTree = "<group>"; };
		D229602821E492C2004F047B /* QNBleConnectionChangeProtocol.h */ = {isa = PBXFileReference; fileEncoding = 4; lastKnownFileType = sourcecode.c.h; path = QNBleConnectionChangeProtocol.h; sourceTree = "<group>"; };
		D229602921E492C2004F047B /* QNBleApi.h */ = {isa = PBXFileReference; fileEncoding = 4; lastKnownFileType = sourcecode.c.h; path = QNBleApi.h; sourceTree = "<group>"; };
		D229602B21E492C2004F047B /* QNBleDevice+Addittion.m */ = {isa = PBXFileReference; fileEncoding = 4; lastKnownFileType = sourcecode.c.objc; path = "QNBleDevice+Addittion.m"; sourceTree = "<group>"; };
		D229602C21E492C2004F047B /* QNBleDevice.m */ = {isa = PBXFileReference; fileEncoding = 4; lastKnownFileType = sourcecode.c.objc; path = QNBleDevice.m; sourceTree = "<group>"; };
		D229602D21E492C2004F047B /* QNBleDevice.h */ = {isa = PBXFileReference; fileEncoding = 4; lastKnownFileType = sourcecode.c.h; path = QNBleDevice.h; sourceTree = "<group>"; };
		D229602E21E492C2004F047B /* QNBleDevice+Addittion.h */ = {isa = PBXFileReference; fileEncoding = 4; lastKnownFileType = sourcecode.c.h; path = "QNBleDevice+Addittion.h"; sourceTree = "<group>"; };
		D229603021E492C2004F047B /* QNDataTool.h */ = {isa = PBXFileReference; fileEncoding = 4; lastKnownFileType = sourcecode.c.h; path = QNDataTool.h; sourceTree = "<group>"; };
		D229603121E492C2004F047B /* QNDataTool.m */ = {isa = PBXFileReference; fileEncoding = 4; lastKnownFileType = sourcecode.c.objc; path = QNDataTool.m; sourceTree = "<group>"; };
		D229603321E492C2004F047B /* QNConfig.h */ = {isa = PBXFileReference; fileEncoding = 4; lastKnownFileType = sourcecode.c.h; path = QNConfig.h; sourceTree = "<group>"; };
		D229603421E492C2004F047B /* QNSDKConfig.h */ = {isa = PBXFileReference; fileEncoding = 4; lastKnownFileType = sourcecode.c.h; path = QNSDKConfig.h; sourceTree = "<group>"; };
		D229603521E492C2004F047B /* QNConfig.m */ = {isa = PBXFileReference; fileEncoding = 4; lastKnownFileType = sourcecode.c.objc; path = QNConfig.m; sourceTree = "<group>"; };
		D229603621E492C2004F047B /* QNSDKConfig.m */ = {isa = PBXFileReference; fileEncoding = 4; lastKnownFileType = sourcecode.c.objc; path = QNSDKConfig.m; sourceTree = "<group>"; };
		D229603821E492C2004F047B /* QNDebug.h */ = {isa = PBXFileReference; fileEncoding = 4; lastKnownFileType = sourcecode.c.h; path = QNDebug.h; sourceTree = "<group>"; };
		D229603921E492C2004F047B /* QNDebug.m */ = {isa = PBXFileReference; fileEncoding = 4; lastKnownFileType = sourcecode.c.objc; path = QNDebug.m; sourceTree = "<group>"; };
		D229603B21E492C2004F047B /* QNFileManage.m */ = {isa = PBXFileReference; fileEncoding = 4; lastKnownFileType = sourcecode.c.objc; path = QNFileManage.m; sourceTree = "<group>"; };
		D229603C21E492C2004F047B /* QNFileManage.h */ = {isa = PBXFileReference; fileEncoding = 4; lastKnownFileType = sourcecode.c.h; path = QNFileManage.h; sourceTree = "<group>"; };
		D229603E21E492C2004F047B /* QNAPIConst.h */ = {isa = PBXFileReference; fileEncoding = 4; lastKnownFileType = sourcecode.c.h; path = QNAPIConst.h; sourceTree = "<group>"; };
		D229603F21E492C2004F047B /* updateRemind.md */ = {isa = PBXFileReference; fileEncoding = 4; lastKnownFileType = net.daringfireball.markdown; path = updateRemind.md; sourceTree = "<group>"; };
		D229604021E492C2004F047B /* QNDeviceSDK.h */ = {isa = PBXFileReference; fileEncoding = 4; lastKnownFileType = sourcecode.c.h; path = QNDeviceSDK.h; sourceTree = "<group>"; };
		D229604121E492C2004F047B /* QNCallBackConst.h */ = {isa = PBXFileReference; fileEncoding = 4; lastKnownFileType = sourcecode.c.h; path = QNCallBackConst.h; sourceTree = "<group>"; };
		D229604321E492C3004F047B /* NSData+QNBase64.m */ = {isa = PBXFileReference; fileEncoding = 4; lastKnownFileType = sourcecode.c.objc; path = "NSData+QNBase64.m"; sourceTree = "<group>"; };
		D229604421E492C3004F047B /* NSString+QNBase64.m */ = {isa = PBXFileReference; fileEncoding = 4; lastKnownFileType = sourcecode.c.objc; path = "NSString+QNBase64.m"; sourceTree = "<group>"; };
		D229604521E492C3004F047B /* QNAESCrypt.h */ = {isa = PBXFileReference; fileEncoding = 4; lastKnownFileType = sourcecode.c.h; path = QNAESCrypt.h; sourceTree = "<group>"; };
		D229604621E492C3004F047B /* NSString+QNBase64.h */ = {isa = PBXFileReference; fileEncoding = 4; lastKnownFileType = sourcecode.c.h; path = "NSString+QNBase64.h"; sourceTree = "<group>"; };
		D229604721E492C3004F047B /* NSData+QNBase64.h */ = {isa = PBXFileReference; fileEncoding = 4; lastKnownFileType = sourcecode.c.h; path = "NSData+QNBase64.h"; sourceTree = "<group>"; };
		D229604821E492C3004F047B /* QNAESCrypt.m */ = {isa = PBXFileReference; fileEncoding = 4; lastKnownFileType = sourcecode.c.objc; path = QNAESCrypt.m; sourceTree = "<group>"; };
		D232D6472004DE2D00AABD67 /* QNDeviceSDKDemo.app */ = {isa = PBXFileReference; explicitFileType = wrapper.application; includeInIndex = 0; path = QNDeviceSDKDemo.app; sourceTree = BUILT_PRODUCTS_DIR; };
		D232D64A2004DE2D00AABD67 /* AppDelegate.h */ = {isa = PBXFileReference; lastKnownFileType = sourcecode.c.h; path = AppDelegate.h; sourceTree = "<group>"; };
		D232D64B2004DE2D00AABD67 /* AppDelegate.m */ = {isa = PBXFileReference; lastKnownFileType = sourcecode.c.objc; path = AppDelegate.m; sourceTree = "<group>"; };
		D232D64D2004DE2D00AABD67 /* ViewController.h */ = {isa = PBXFileReference; lastKnownFileType = sourcecode.c.h; path = ViewController.h; sourceTree = "<group>"; };
		D232D64E2004DE2D00AABD67 /* ViewController.m */ = {isa = PBXFileReference; lastKnownFileType = sourcecode.c.objc; path = ViewController.m; sourceTree = "<group>"; };
		D232D6512004DE2D00AABD67 /* Base */ = {isa = PBXFileReference; lastKnownFileType = file.storyboard; name = Base; path = Base.lproj/Main.storyboard; sourceTree = "<group>"; };
		D232D6532004DE2D00AABD67 /* Assets.xcassets */ = {isa = PBXFileReference; lastKnownFileType = folder.assetcatalog; path = Assets.xcassets; sourceTree = "<group>"; };
		D232D6562004DE2D00AABD67 /* Base */ = {isa = PBXFileReference; lastKnownFileType = file.storyboard; name = Base; path = Base.lproj/LaunchScreen.storyboard; sourceTree = "<group>"; };
		D232D6582004DE2D00AABD67 /* Info.plist */ = {isa = PBXFileReference; lastKnownFileType = text.plist.xml; path = Info.plist; sourceTree = "<group>"; };
		D232D6592004DE2D00AABD67 /* main.m */ = {isa = PBXFileReference; lastKnownFileType = sourcecode.c.objc; path = main.m; sourceTree = "<group>"; };
		D2A2F48D21E33296006FEF4B /* BandVC.h */ = {isa = PBXFileReference; lastKnownFileType = sourcecode.c.h; path = BandVC.h; sourceTree = "<group>"; };
		D2A2F48E21E33296006FEF4B /* BandVC.m */ = {isa = PBXFileReference; lastKnownFileType = sourcecode.c.objc; path = BandVC.m; sourceTree = "<group>"; };
		D2A2F48F21E33296006FEF4B /* BandVC.xib */ = {isa = PBXFileReference; lastKnownFileType = file.xib; path = BandVC.xib; sourceTree = "<group>"; };
		D2B9E97C20723DEC0020C2B6 /* DetectionViewController.m */ = {isa = PBXFileReference; fileEncoding = 4; lastKnownFileType = sourcecode.c.objc; path = DetectionViewController.m; sourceTree = "<group>"; };
		D2B9E97D20723DEC0020C2B6 /* ScaleDataCell.xib */ = {isa = PBXFileReference; fileEncoding = 4; lastKnownFileType = file.xib; path = ScaleDataCell.xib; sourceTree = "<group>"; };
		D2B9E97E20723DEC0020C2B6 /* DeviceTableViewCell.h */ = {isa = PBXFileReference; fileEncoding = 4; lastKnownFileType = sourcecode.c.h; path = DeviceTableViewCell.h; sourceTree = "<group>"; };
		D2B9E97F20723DEC0020C2B6 /* ScaleDataCell.h */ = {isa = PBXFileReference; fileEncoding = 4; lastKnownFileType = sourcecode.c.h; path = ScaleDataCell.h; sourceTree = "<group>"; };
		D2B9E98020723DEC0020C2B6 /* DeviceTableViewCell.xib */ = {isa = PBXFileReference; fileEncoding = 4; lastKnownFileType = file.xib; path = DeviceTableViewCell.xib; sourceTree = "<group>"; };
		D2B9E98120723DEC0020C2B6 /* DetectionViewController.xib */ = {isa = PBXFileReference; fileEncoding = 4; lastKnownFileType = file.xib; path = DetectionViewController.xib; sourceTree = "<group>"; };
		D2B9E98220723DEC0020C2B6 /* DetectionViewController.h */ = {isa = PBXFileReference; fileEncoding = 4; lastKnownFileType = sourcecode.c.h; path = DetectionViewController.h; sourceTree = "<group>"; };
		D2B9E98320723DEC0020C2B6 /* ScaleDataCell.m */ = {isa = PBXFileReference; fileEncoding = 4; lastKnownFileType = sourcecode.c.objc; path = ScaleDataCell.m; sourceTree = "<group>"; };
		D2B9E98420723DEC0020C2B6 /* DeviceTableViewCell.m */ = {isa = PBXFileReference; fileEncoding = 4; lastKnownFileType = sourcecode.c.objc; path = DeviceTableViewCell.m; sourceTree = "<group>"; };
		D2B9E98520723DEC0020C2B6 /* PickerView.h */ = {isa = PBXFileReference; fileEncoding = 4; lastKnownFileType = sourcecode.c.h; path = PickerView.h; sourceTree = "<group>"; };
		D2B9E98620723DEC0020C2B6 /* PickerView.m */ = {isa = PBXFileReference; fileEncoding = 4; lastKnownFileType = sourcecode.c.objc; path = PickerView.m; sourceTree = "<group>"; };
		D2B9E98720723DEC0020C2B6 /* PickerView.xib */ = {isa = PBXFileReference; fileEncoding = 4; lastKnownFileType = file.xib; path = PickerView.xib; sourceTree = "<group>"; };
		D2FD3B0621E3383800B8E97C /* BandThirdRemindVC.h */ = {isa = PBXFileReference; lastKnownFileType = sourcecode.c.h; path = BandThirdRemindVC.h; sourceTree = "<group>"; };
		D2FD3B0721E3383800B8E97C /* BandThirdRemindVC.m */ = {isa = PBXFileReference; lastKnownFileType = sourcecode.c.objc; path = BandThirdRemindVC.m; sourceTree = "<group>"; };
		D2FD3B0821E3383800B8E97C /* BandThirdRemindVC.xib */ = {isa = PBXFileReference; lastKnownFileType = file.xib; path = BandThirdRemindVC.xib; sourceTree = "<group>"; };
		D2FD3B0B21E33BBD00B8E97C /* BandListVC.h */ = {isa = PBXFileReference; lastKnownFileType = sourcecode.c.h; path = BandListVC.h; sourceTree = "<group>"; };
		D2FD3B0C21E33BBD00B8E97C /* BandListVC.m */ = {isa = PBXFileReference; lastKnownFileType = sourcecode.c.objc; path = BandListVC.m; sourceTree = "<group>"; };
		D2FD3B0D21E33BBD00B8E97C /* BandListVC.xib */ = {isa = PBXFileReference; lastKnownFileType = file.xib; path = BandListVC.xib; sourceTree = "<group>"; };
		D2FD3B1021E33CCF00B8E97C /* BandUserVC.h */ = {isa = PBXFileReference; lastKnownFileType = sourcecode.c.h; path = BandUserVC.h; sourceTree = "<group>"; };
		D2FD3B1121E33CCF00B8E97C /* BandUserVC.m */ = {isa = PBXFileReference; lastKnownFileType = sourcecode.c.objc; path = BandUserVC.m; sourceTree = "<group>"; };
		D2FD3B1221E33CCF00B8E97C /* BandUserVC.xib */ = {isa = PBXFileReference; lastKnownFileType = file.xib; path = BandUserVC.xib; sourceTree = "<group>"; };
		D2FD3B1521E33E3000B8E97C /* BandMetricsVC.h */ = {isa = PBXFileReference; lastKnownFileType = sourcecode.c.h; path = BandMetricsVC.h; sourceTree = "<group>"; };
		D2FD3B1621E33E3000B8E97C /* BandMetricsVC.m */ = {isa = PBXFileReference; lastKnownFileType = sourcecode.c.objc; path = BandMetricsVC.m; sourceTree = "<group>"; };
		D2FD3B1721E33E3000B8E97C /* BandMetricsVC.xib */ = {isa = PBXFileReference; lastKnownFileType = file.xib; path = BandMetricsVC.xib; sourceTree = "<group>"; };
		D2FD3B1A21E33F1900B8E97C /* BandAlarmVC.h */ = {isa = PBXFileReference; lastKnownFileType = sourcecode.c.h; path = BandAlarmVC.h; sourceTree = "<group>"; };
		D2FD3B1B21E33F1900B8E97C /* BandAlarmVC.m */ = {isa = PBXFileReference; lastKnownFileType = sourcecode.c.objc; path = BandAlarmVC.m; sourceTree = "<group>"; };
		D2FD3B1C21E33F1900B8E97C /* BandAlarmVC.xib */ = {isa = PBXFileReference; lastKnownFileType = file.xib; path = BandAlarmVC.xib; sourceTree = "<group>"; };
		D2FD3B1F21E33F4B00B8E97C /* BandSitRemindVC.h */ = {isa = PBXFileReference; lastKnownFileType = sourcecode.c.h; path = BandSitRemindVC.h; sourceTree = "<group>"; };
		D2FD3B2021E33F4B00B8E97C /* BandSitRemindVC.m */ = {isa = PBXFileReference; lastKnownFileType = sourcecode.c.objc; path = BandSitRemindVC.m; sourceTree = "<group>"; };
		D2FD3B2121E33F4B00B8E97C /* BandSitRemindVC.xib */ = {isa = PBXFileReference; lastKnownFileType = file.xib; path = BandSitRemindVC.xib; sourceTree = "<group>"; };
		D2FD3B2821E3441000B8E97C /* BandMessage.h */ = {isa = PBXFileReference; lastKnownFileType = sourcecode.c.h; path = BandMessage.h; sourceTree = "<group>"; };
		D2FD3B2921E3441000B8E97C /* BandMessage.m */ = {isa = PBXFileReference; lastKnownFileType = sourcecode.c.objc; path = BandMessage.m; sourceTree = "<group>"; };
		D2FD3B2B21E348A700B8E97C /* MMKV.framework */ = {isa = PBXFileReference; explicitFileType = wrapper.framework; path = MMKV.framework; sourceTree = BUILT_PRODUCTS_DIR; };
		D2FD3B2D21E348A700B8E97C /* Toast_Swift.framework */ = {isa = PBXFileReference; explicitFileType = wrapper.framework; path = Toast_Swift.framework; sourceTree = BUILT_PRODUCTS_DIR; };
		E55B65924BE81AED5436B036 /* Pods_QNDeviceSDKDemo.framework */ = {isa = PBXFileReference; explicitFileType = wrapper.framework; includeInIndex = 0; path = Pods_QNDeviceSDKDemo.framework; sourceTree = BUILT_PRODUCTS_DIR; };
/* End PBXFileReference section */

/* Begin PBXFrameworksBuildPhase section */
		D232D6442004DE2D00AABD67 /* Frameworks */ = {
			isa = PBXFrameworksBuildPhase;
			buildActionMask = 2147483647;
			files = (
				D2295E6B21E48C9C004F047B /* Promises.framework in Frameworks */,
				D2295E6C21E48C9C004F047B /* FBLPromises.framework in Frameworks */,
				D229605121E492C3004F047B /* libQNCentralModule.a in Frameworks */,
				D2295E6D21E48C9C004F047B /* MBProgressHUD.framework in Frameworks */,
				D2295E1B21E439D9004F047B /* MMKV.framework in Frameworks */,
				D229605321E492C3004F047B /* libQNBandModule.a in Frameworks */,
				D229604F21E492C3004F047B /* libQNAlorithm.a in Frameworks */,
				D229605221E492C3004F047B /* libQNPScaleModule.a in Frameworks */,
				D21DEA4521D7487B00D8EDFB /* RevealServer.framework in Frameworks */,
			);
			runOnlyForDeploymentPostprocessing = 0;
		};
/* End PBXFrameworksBuildPhase section */

/* Begin PBXGroup section */
		D21FD20C205FABD6006450BC /* Frameworks */ = {
			isa = PBXGroup;
			children = (
				D2295E6921E48C9C004F047B /* FBLPromises.framework */,
				D2295E6A21E48C9C004F047B /* MBProgressHUD.framework */,
				D2295E6821E48C9C004F047B /* Promises.framework */,
				D2295E5F21E4716D004F047B /* ToastSwiftFramework.framework */,
				D2295E0D21E43416004F047B /* libz.tbd */,
				D2FD3B2B21E348A700B8E97C /* MMKV.framework */,
				D2295DFE21E432AA004F047B /* MMKV.framework */,
				D2FD3B2D21E348A700B8E97C /* Toast_Swift.framework */,
				E55B65924BE81AED5436B036 /* Pods_QNDeviceSDKDemo.framework */,
			);
			name = Frameworks;
			sourceTree = "<group>";
		};
		D2295FC621E492C0004F047B /* Error */ = {
			isa = PBXGroup;
			children = (
				D2295FC721E492C0004F047B /* QNErrorCode.h */,
				D2295FC821E492C0004F047B /* NSError+QNAPI.h */,
				D2295FC921E492C0004F047B /* NSError+QNAPI.m */,
			);
			path = Error;
			sourceTree = "<group>";
		};
		D2295FCA21E492C0004F047B /* ScaleData */ = {
			isa = PBXGroup;
			children = (
				D2295FCB21E492C0004F047B /* QNScaleItemData.m */,
				D2295FCC21E492C0004F047B /* QNScaleStoreData */,
				D2295FD121E492C0004F047B /* QNScaleItemData.h */,
				D2295FD221E492C0004F047B /* QNScaleData */,
			);
			path = ScaleData;
			sourceTree = "<group>";
		};
		D2295FCC21E492C0004F047B /* QNScaleStoreData */ = {
			isa = PBXGroup;
			children = (
				D2295FCD21E492C0004F047B /* QNScaleStoreData+QNResultData.m */,
				D2295FCE21E492C0004F047B /* QNScaleStoreData.m */,
				D2295FCF21E492C0004F047B /* QNScaleStoreData+QNResultData.h */,
				D2295FD021E492C0004F047B /* QNScaleStoreData.h */,
			);
			path = QNScaleStoreData;
			sourceTree = "<group>";
		};
		D2295FD221E492C0004F047B /* QNScaleData */ = {
			isa = PBXGroup;
			children = (
				D2295FD321E492C0004F047B /* QNScaleData+QNResultData.h */,
				D2295FD421E492C0004F047B /* QNScaleData.m */,
				D2295FD521E492C0004F047B /* QNScaleData+QNResultData.m */,
				D2295FD621E492C0004F047B /* QNScaleData.h */,
			);
			path = QNScaleData;
			sourceTree = "<group>";
		};
		D2295FD721E492C1004F047B /* QNBLEModule */ = {
			isa = PBXGroup;
			children = (
			);
			path = QNBLEModule;
			sourceTree = "<group>";
		};
		D2295FD821E492C1004F047B /* AlgorithmTool */ = {
			isa = PBXGroup;
			children = (
				D2295FD921E492C1004F047B /* QNResultData.h */,
				D2295FDA21E492C1004F047B /* algorithm.h */,
				D2295FDB21E492C1004F047B /* libQNAlorithm.a */,
				D2295FDC21E492C1004F047B /* QNResultData.m */,
			);
			path = AlgorithmTool;
			sourceTree = "<group>";
		};
		D2295FDD21E492C1004F047B /* Module */ = {
			isa = PBXGroup;
			children = (
				D2295FDE21E492C1004F047B /* QNCentralModule */,
				D2295FE521E492C1004F047B /* QNPScaleModule */,
				D2295FF121E492C1004F047B /* QNBandModule */,
			);
			path = Module;
			sourceTree = "<group>";
		};
		D2295FDE21E492C1004F047B /* QNCentralModule */ = {
			isa = PBXGroup;
			children = (
				D2295FDF21E492C1004F047B /* QNCentralModule.h */,
				D2295FE021E492C1004F047B /* libQNCentralModule.a */,
				D2295FE121E492C1004F047B /* QNCategory.h */,
				D2295FE221E492C1004F047B /* QNCentralManager.h */,
				D2295FE321E492C1004F047B /* QNCentralEnum.h */,
				D2295FE421E492C1004F047B /* QNConnectConfig.h */,
			);
			path = QNCentralModule;
			sourceTree = "<group>";
		};
		D2295FE521E492C1004F047B /* QNPScaleModule */ = {
			isa = PBXGroup;
			children = (
				D2295FE621E492C1004F047B /* QNPWifiConfig.h */,
				D2295FE721E492C1004F047B /* QNPScaleReplayData.h */,
				D2295FE821E492C1004F047B /* QNPScaleModule.h */,
				D2295FE921E492C1004F047B /* QNPScaleManager.h */,
				D2295FEA21E492C1004F047B /* libQNPScaleModule.a */,
				D2295FEB21E492C1004F047B /* QNPScaleData.h */,
				D2295FEC21E492C1004F047B /* QNPScaleDevice.h */,
				D2295FED21E492C1004F047B /* QNPProduct.h */,
				D2295FEE21E492C1004F047B /* QNPScaleStorageData.h */,
				D2295FEF21E492C1004F047B /* QNPUser.h */,
				D2295FF021E492C1004F047B /* QNPScaleEnum.h */,
			);
			path = QNPScaleModule;
			sourceTree = "<group>";
		};
		D2295FF121E492C1004F047B /* QNBandModule */ = {
			isa = PBXGroup;
			children = (
				D2295FF221E492C1004F047B /* QNBandUser.h */,
				D2295FF321E492C1004F047B /* QNWristManager.h */,
				D2295FF421E492C1004F047B /* QNBandBlock.h */,
				D2295FF521E492C1004F047B /* QNBandThirdRemind.h */,
				D2295FF621E492C1004F047B /* QNBandDevice.h */,
				D2295FF721E492C1004F047B /* QNBandHeartRate.h */,
				D2295FF821E492C1004F047B /* libQNBandModule.a */,
				D2295FF921E492C1004F047B /* QNBandSitRemind.h */,
				D2295FFA21E492C1004F047B /* QNBandModule.h */,
				D2295FFB21E492C1004F047B /* QNBandEnum.h */,
				D2295FFC21E492C1004F047B /* QNBandAlarm.h */,
				D2295FFD21E492C1004F047B /* QNBandSleep.h */,
				D2295FFE21E492C1004F047B /* QNBandSport.h */,
				D2295FFF21E492C1004F047B /* QNBandClear.h */,
				D229600021E492C1004F047B /* QNBandShortcutInfo.h */,
			);
			path = QNBandModule;
			sourceTree = "<group>";
		};
		D229600121E492C1004F047B /* Band */ = {
			isa = PBXGroup;
			children = (
				D229600221E492C1004F047B /* QNCleanInfo.m */,
				D229600321E492C1004F047B /* QNWeek.h */,
				D229600421E492C1004F047B /* QNBandManager+QNAddition.m */,
				D229600521E492C1004F047B /* QNBandManager.m */,
				D229600621E492C1004F047B /* QNBandInfo.h */,
				D229600721E492C1004F047B /* QNBandMetrics.h */,
				D229600821E492C1004F047B /* QNSitRemind.m */,
				D229600921E492C1004F047B /* QNAlarm.h */,
				D229600A21E492C1004F047B /* QNThirdRemind.h */,
				D229600B21E492C1004F047B /* QNHealthData.h */,
				D229600C21E492C1004F047B /* QNBandBaseConfig.h */,
				D229600D21E492C1004F047B /* QNCleanInfo.h */,
				D229600E21E492C1004F047B /* QNBandManager+QNAddition.h */,
				D229600F21E492C1004F047B /* QNWeek.m */,
				D229601021E492C1004F047B /* QNHealthData.m */,
				D229601121E492C1004F047B /* QNThirdRemind.m */,
				D229601221E492C1004F047B /* QNAlarm.m */,
				D229601321E492C1004F047B /* QNBandMetrics.m */,
				D229601421E492C1004F047B /* QNSitRemind.h */,
				D229601521E492C1004F047B /* QNBandInfo.m */,
				D229601621E492C1004F047B /* QNBandManager.h */,
				D229601721E492C1004F047B /* QNBandBaseConfig.m */,
			);
			path = Band;
			sourceTree = "<group>";
		};
		D229601821E492C1004F047B /* Unit */ = {
			isa = PBXGroup;
			children = (
				D229601921E492C1004F047B /* QNUnitTool.h */,
				D229601A21E492C1004F047B /* QNUnitTool.m */,
			);
			path = Unit;
			sourceTree = "<group>";
		};
		D229601B21E492C2004F047B /* Network */ = {
			isa = PBXGroup;
			children = (
				D229601C21E492C2004F047B /* QNNetwork.m */,
				D229601D21E492C2004F047B /* QNNetwork.h */,
			);
			path = Network;
			sourceTree = "<group>";
		};
		D229601E21E492C2004F047B /* User */ = {
			isa = PBXGroup;
			children = (
				D229601F21E492C2004F047B /* QNUser.h */,
				D229602021E492C2004F047B /* QNUser+QNAddition.h */,
				D229602121E492C2004F047B /* QNUser.m */,
				D229602221E492C2004F047B /* QNUser+QNAddition.m */,
			);
			path = User;
			sourceTree = "<group>";
		};
		D229602321E492C2004F047B /* BleManager */ = {
			isa = PBXGroup;
			children = (
				D229602421E492C2004F047B /* QNBleApi.m */,
				D229602521E492C2004F047B /* QNDataProtocol.h */,
				D229602621E492C2004F047B /* QNBleStateProtocol.h */,
				D229602721E492C2004F047B /* QNBleDeviceDiscoveryProtocol.h */,
				D229602821E492C2004F047B /* QNBleConnectionChangeProtocol.h */,
				D229602921E492C2004F047B /* QNBleApi.h */,
			);
			path = BleManager;
			sourceTree = "<group>";
		};
		D229602A21E492C2004F047B /* BleDevice */ = {
			isa = PBXGroup;
			children = (
				D229602B21E492C2004F047B /* QNBleDevice+Addittion.m */,
				D229602C21E492C2004F047B /* QNBleDevice.m */,
				D229602D21E492C2004F047B /* QNBleDevice.h */,
				D229602E21E492C2004F047B /* QNBleDevice+Addittion.h */,
			);
			path = BleDevice;
			sourceTree = "<group>";
		};
		D229602F21E492C2004F047B /* DataTool */ = {
			isa = PBXGroup;
			children = (
				D229603021E492C2004F047B /* QNDataTool.h */,
				D229603121E492C2004F047B /* QNDataTool.m */,
			);
			path = DataTool;
			sourceTree = "<group>";
		};
		D229603221E492C2004F047B /* Config */ = {
			isa = PBXGroup;
			children = (
				D229603321E492C2004F047B /* QNConfig.h */,
				D229603421E492C2004F047B /* QNSDKConfig.h */,
				D229603521E492C2004F047B /* QNConfig.m */,
				D229603621E492C2004F047B /* QNSDKConfig.m */,
			);
			path = Config;
			sourceTree = "<group>";
		};
		D229603721E492C2004F047B /* Debug */ = {
			isa = PBXGroup;
			children = (
				D229603821E492C2004F047B /* QNDebug.h */,
				D229603921E492C2004F047B /* QNDebug.m */,
			);
			path = Debug;
			sourceTree = "<group>";
		};
		D229603A21E492C2004F047B /* FileManage */ = {
			isa = PBXGroup;
			children = (
				D229603B21E492C2004F047B /* QNFileManage.m */,
				D229603C21E492C2004F047B /* QNFileManage.h */,
			);
			path = FileManage;
			sourceTree = "<group>";
		};
		D229603D21E492C2004F047B /* Other */ = {
			isa = PBXGroup;
			children = (
				D229603E21E492C2004F047B /* QNAPIConst.h */,
				D229603F21E492C2004F047B /* updateRemind.md */,
				D229604021E492C2004F047B /* QNDeviceSDK.h */,
				D229604121E492C2004F047B /* QNCallBackConst.h */,
			);
			path = Other;
			sourceTree = "<group>";
		};
		D229604221E492C3004F047B /* QNAESEncryption */ = {
			isa = PBXGroup;
			children = (
				D229604321E492C3004F047B /* NSData+QNBase64.m */,
				D229604421E492C3004F047B /* NSString+QNBase64.m */,
				D229604521E492C3004F047B /* QNAESCrypt.h */,
				D229604621E492C3004F047B /* NSString+QNBase64.h */,
				D229604721E492C3004F047B /* NSData+QNBase64.h */,
				D229604821E492C3004F047B /* QNAESCrypt.m */,
			);
			path = QNAESEncryption;
			sourceTree = "<group>";
		};
		D232D63E2004DE2D00AABD67 = {
			isa = PBXGroup;
			children = (
				D232D6492004DE2D00AABD67 /* QNDeviceSDKDemo */,
				D232D6482004DE2D00AABD67 /* Products */,
				D21FD20C205FABD6006450BC /* Frameworks */,
			);
			sourceTree = "<group>";
		};
		D232D6482004DE2D00AABD67 /* Products */ = {
			isa = PBXGroup;
			children = (
				D232D6472004DE2D00AABD67 /* QNDeviceSDKDemo.app */,
			);
			name = Products;
			sourceTree = "<group>";
		};
		D232D6492004DE2D00AABD67 /* QNDeviceSDKDemo */ = {
			isa = PBXGroup;
			children = (
				D2A2F47D21E32661006FEF4B /* Band */,
				D21DEA4421D7487B00D8EDFB /* RevealServer.framework */,
				D27E37372099659F00F4077A /* QNDeviceSDK */,
				D2B9E97B20723DEC0020C2B6 /* Detection */,
				D2B9E98520723DEC0020C2B6 /* PickerView.h */,
				D2B9E98620723DEC0020C2B6 /* PickerView.m */,
				D2B9E98720723DEC0020C2B6 /* PickerView.xib */,
				D232D64A2004DE2D00AABD67 /* AppDelegate.h */,
				D232D64B2004DE2D00AABD67 /* AppDelegate.m */,
				D232D64D2004DE2D00AABD67 /* ViewController.h */,
				D232D64E2004DE2D00AABD67 /* ViewController.m */,
				D232D6502004DE2D00AABD67 /* Main.storyboard */,
				D2295E3321E45229004F047B /* BLETool.h */,
				D2295E3421E45229004F047B /* BLETool.m */,
				D232D6532004DE2D00AABD67 /* Assets.xcassets */,
				D232D6552004DE2D00AABD67 /* LaunchScreen.storyboard */,
				D232D6582004DE2D00AABD67 /* Info.plist */,
				D232D6592004DE2D00AABD67 /* main.m */,
				D2295E1D21E43BC3004F047B /* QNDeviceSDK-Prefix-Header.h */,
				D2048A5120A6E15600D943BC /* 123456789.qn */,
			);
			path = QNDeviceSDKDemo;
			sourceTree = "<group>";
		};
		D27E37372099659F00F4077A /* QNDeviceSDK */ = {
			isa = PBXGroup;
			children = (
				D2295FD821E492C1004F047B /* AlgorithmTool */,
				D229600121E492C1004F047B /* Band */,
				D229602A21E492C2004F047B /* BleDevice */,
				D229602321E492C2004F047B /* BleManager */,
				D229603221E492C2004F047B /* Config */,
				D229602F21E492C2004F047B /* DataTool */,
				D229603721E492C2004F047B /* Debug */,
				D2295FC621E492C0004F047B /* Error */,
				D229603A21E492C2004F047B /* FileManage */,
				D2295FDD21E492C1004F047B /* Module */,
				D229601B21E492C2004F047B /* Network */,
				D229603D21E492C2004F047B /* Other */,
				D229604221E492C3004F047B /* QNAESEncryption */,
				D2295FD721E492C1004F047B /* QNBLEModule */,
				D2295FCA21E492C0004F047B /* ScaleData */,
				D229601821E492C1004F047B /* Unit */,
				D229601E21E492C2004F047B /* User */,
			);
			path = QNDeviceSDK;
			sourceTree = "<group>";
		};
		D2A2F47D21E32661006FEF4B /* Band */ = {
			isa = PBXGroup;
			children = (
				D2A2F48D21E33296006FEF4B /* BandVC.h */,
				D2A2F48E21E33296006FEF4B /* BandVC.m */,
				D2A2F48F21E33296006FEF4B /* BandVC.xib */,
				D2FD3B0621E3383800B8E97C /* BandThirdRemindVC.h */,
				D2FD3B0721E3383800B8E97C /* BandThirdRemindVC.m */,
				D2FD3B0821E3383800B8E97C /* BandThirdRemindVC.xib */,
				D2FD3B0B21E33BBD00B8E97C /* BandListVC.h */,
				D2FD3B0C21E33BBD00B8E97C /* BandListVC.m */,
				D2FD3B0D21E33BBD00B8E97C /* BandListVC.xib */,
				D2FD3B1021E33CCF00B8E97C /* BandUserVC.h */,
				D2FD3B1121E33CCF00B8E97C /* BandUserVC.m */,
				D2FD3B1221E33CCF00B8E97C /* BandUserVC.xib */,
				D2FD3B1521E33E3000B8E97C /* BandMetricsVC.h */,
				D2FD3B1621E33E3000B8E97C /* BandMetricsVC.m */,
				D2FD3B1721E33E3000B8E97C /* BandMetricsVC.xib */,
				D2FD3B1A21E33F1900B8E97C /* BandAlarmVC.h */,
				D2FD3B1B21E33F1900B8E97C /* BandAlarmVC.m */,
				D2FD3B1C21E33F1900B8E97C /* BandAlarmVC.xib */,
				D2FD3B1F21E33F4B00B8E97C /* BandSitRemindVC.h */,
				D2FD3B2021E33F4B00B8E97C /* BandSitRemindVC.m */,
				D2FD3B2121E33F4B00B8E97C /* BandSitRemindVC.xib */,
				D2FD3B2821E3441000B8E97C /* BandMessage.h */,
				D2FD3B2921E3441000B8E97C /* BandMessage.m */,
				D2295E3621E4579C004F047B /* BandBaseVC.h */,
				D2295E3721E4579C004F047B /* BandBaseVC.m */,
				D2295E3821E4579C004F047B /* BandBaseVC.xib */,
			);
			path = Band;
			sourceTree = "<group>";
		};
		D2B9E97B20723DEC0020C2B6 /* Detection */ = {
			isa = PBXGroup;
			children = (
				D2B9E98220723DEC0020C2B6 /* DetectionViewController.h */,
				D2B9E97C20723DEC0020C2B6 /* DetectionViewController.m */,
				D2B9E97D20723DEC0020C2B6 /* ScaleDataCell.xib */,
				D2B9E97E20723DEC0020C2B6 /* DeviceTableViewCell.h */,
				D2B9E97F20723DEC0020C2B6 /* ScaleDataCell.h */,
				D2B9E98020723DEC0020C2B6 /* DeviceTableViewCell.xib */,
				D2B9E98120723DEC0020C2B6 /* DetectionViewController.xib */,
				D2B9E98320723DEC0020C2B6 /* ScaleDataCell.m */,
				D2B9E98420723DEC0020C2B6 /* DeviceTableViewCell.m */,
			);
			path = Detection;
			sourceTree = "<group>";
		};
/* End PBXGroup section */

/* Begin PBXNativeTarget section */
		D232D6462004DE2D00AABD67 /* QNDeviceSDKDemo */ = {
			isa = PBXNativeTarget;
			buildConfigurationList = D232D65D2004DE2D00AABD67 /* Build configuration list for PBXNativeTarget "QNDeviceSDKDemo" */;
			buildPhases = (
				D232D6432004DE2D00AABD67 /* Sources */,
				D232D6442004DE2D00AABD67 /* Frameworks */,
				D232D6452004DE2D00AABD67 /* Resources */,
				D245B142207230CB005184C2 /* Embed Frameworks */,
				D2295E1C21E439EC004F047B /* ShellScript */,
			);
			buildRules = (
			);
			dependencies = (
			);
			name = QNDeviceSDKDemo;
			productName = QNDeviceSDKDemo;
			productReference = D232D6472004DE2D00AABD67 /* QNDeviceSDKDemo.app */;
			productType = "com.apple.product-type.application";
		};
/* End PBXNativeTarget section */

/* Begin PBXProject section */
		D232D63F2004DE2D00AABD67 /* Project object */ = {
			isa = PBXProject;
			attributes = {
				LastUpgradeCheck = 0920;
				ORGANIZATIONNAME = Yolanda;
				TargetAttributes = {
					D232D6462004DE2D00AABD67 = {
						CreatedOnToolsVersion = 9.2;
						ProvisioningStyle = Automatic;
					};
				};
			};
			buildConfigurationList = D232D6422004DE2D00AABD67 /* Build configuration list for PBXProject "QNDeviceSDKDemo" */;
			compatibilityVersion = "Xcode 8.0";
			developmentRegion = en;
			hasScannedForEncodings = 0;
			knownRegions = (
				en,
				Base,
			);
			mainGroup = D232D63E2004DE2D00AABD67;
			productRefGroup = D232D6482004DE2D00AABD67 /* Products */;
			projectDirPath = "";
			projectRoot = "";
			targets = (
				D232D6462004DE2D00AABD67 /* QNDeviceSDKDemo */,
			);
		};
/* End PBXProject section */

/* Begin PBXResourcesBuildPhase section */
		D232D6452004DE2D00AABD67 /* Resources */ = {
			isa = PBXResourcesBuildPhase;
			buildActionMask = 2147483647;
			files = (
				D2295E3A21E4579C004F047B /* BandBaseVC.xib in Resources */,
				D2FD3B2321E33F4B00B8E97C /* BandSitRemindVC.xib in Resources */,
				D2B9E98B20723DEC0020C2B6 /* DetectionViewController.xib in Resources */,
				D2B9E98920723DEC0020C2B6 /* ScaleDataCell.xib in Resources */,
				D232D6572004DE2D00AABD67 /* LaunchScreen.storyboard in Resources */,
				D2B9E98F20723DEC0020C2B6 /* PickerView.xib in Resources */,
				D2FD3B1921E33E3000B8E97C /* BandMetricsVC.xib in Resources */,
				D2FD3B0F21E33BBD00B8E97C /* BandListVC.xib in Resources */,
				D232D6542004DE2D00AABD67 /* Assets.xcassets in Resources */,
				D232D6522004DE2D00AABD67 /* Main.storyboard in Resources */,
				D2FD3B1E21E33F1900B8E97C /* BandAlarmVC.xib in Resources */,
				D2FD3B1421E33CCF00B8E97C /* BandUserVC.xib in Resources */,
				D2FD3B0A21E3383800B8E97C /* BandThirdRemindVC.xib in Resources */,
				D2048A5220A6E15600D943BC /* 123456789.qn in Resources */,
				D229606B21E492C3004F047B /* updateRemind.md in Resources */,
				D2A2F49121E33296006FEF4B /* BandVC.xib in Resources */,
				D2B9E98A20723DEC0020C2B6 /* DeviceTableViewCell.xib in Resources */,
			);
			runOnlyForDeploymentPostprocessing = 0;
		};
/* End PBXResourcesBuildPhase section */

/* Begin PBXShellScriptBuildPhase section */
		D2295E1C21E439EC004F047B /* ShellScript */ = {
			isa = PBXShellScriptBuildPhase;
			buildActionMask = 2147483647;
			files = (
			);
			inputFileListPaths = (
			);
			inputPaths = (
				"$(SRCROOT)/Carthage/Build/iOS/MMKV.framework",
				"$(SRCROOT)/Carthage/Build/iOS/FBLPromises.framework",
				"$(SRCROOT)/Carthage/Build/iOS/MBProgressHUD.framework",
				"$(SRCROOT)/Carthage/Build/iOS/Promises.framework",
			);
			outputFileListPaths = (
			);
			outputPaths = (
				"$(BUILT_PRODUCTS_DIR)/$(FRAMEWORKS_FOLDER_PATH)/MMKV.framework",
				"$(BUILT_PRODUCTS_DIR)/$(FRAMEWORKS_FOLDER_PATH)/FBLPromises.framework",
				"$(BUILT_PRODUCTS_DIR)/$(FRAMEWORKS_FOLDER_PATH)/MBProgressHUD.framework",
				"$(BUILT_PRODUCTS_DIR)/$(FRAMEWORKS_FOLDER_PATH)/Promises.framework",
			);
			runOnlyForDeploymentPostprocessing = 0;
			shellPath = /bin/sh;
			shellScript = "/usr/local/bin/carthage copy-frameworks\n";
		};
/* End PBXShellScriptBuildPhase section */

/* Begin PBXSourcesBuildPhase section */
		D232D6432004DE2D00AABD67 /* Sources */ = {
			isa = PBXSourcesBuildPhase;
			buildActionMask = 2147483647;
			files = (
				D232D64F2004DE2D00AABD67 /* ViewController.m in Sources */,
				D229605A21E492C3004F047B /* QNThirdRemind.m in Sources */,
				D229606821E492C3004F047B /* QNSDKConfig.m in Sources */,
				D229605021E492C3004F047B /* QNResultData.m in Sources */,
				D229606421E492C3004F047B /* QNBleDevice+Addittion.m in Sources */,
				D229605821E492C3004F047B /* QNWeek.m in Sources */,
				D2A2F49021E33296006FEF4B /* BandVC.m in Sources */,
				D2FD3B1D21E33F1900B8E97C /* BandAlarmVC.m in Sources */,
				D229605621E492C3004F047B /* QNBandManager.m in Sources */,
				D229604B21E492C3004F047B /* QNScaleStoreData+QNResultData.m in Sources */,
				D229605721E492C3004F047B /* QNSitRemind.m in Sources */,
				D229606121E492C3004F047B /* QNUser.m in Sources */,
				D229605921E492C3004F047B /* QNHealthData.m in Sources */,
				D232D65A2004DE2D00AABD67 /* main.m in Sources */,
				D229606921E492C3004F047B /* QNDebug.m in Sources */,
				D2FD3B0E21E33BBD00B8E97C /* BandListVC.m in Sources */,
				D229606721E492C3004F047B /* QNConfig.m in Sources */,
				D229606521E492C3004F047B /* QNBleDevice.m in Sources */,
				D2295E3521E45229004F047B /* BLETool.m in Sources */,
				D229606A21E492C3004F047B /* QNFileManage.m in Sources */,
				D229605521E492C3004F047B /* QNBandManager+QNAddition.m in Sources */,
				D229605C21E492C3004F047B /* QNBandMetrics.m in Sources */,
				D229606221E492C3004F047B /* QNUser+QNAddition.m in Sources */,
				D229606321E492C3004F047B /* QNBleApi.m in Sources */,
				D229606621E492C3004F047B /* QNDataTool.m in Sources */,
				D2FD3B2221E33F4B00B8E97C /* BandSitRemindVC.m in Sources */,
				D2B9E98C20723DEC0020C2B6 /* ScaleDataCell.m in Sources */,
				D229605B21E492C3004F047B /* QNAlarm.m in Sources */,
				D229604E21E492C3004F047B /* QNScaleData+QNResultData.m in Sources */,
				D2FD3B1321E33CCF00B8E97C /* BandUserVC.m in Sources */,
				D229605F21E492C3004F047B /* QNUnitTool.m in Sources */,
				D229604921E492C3004F047B /* NSError+QNAPI.m in Sources */,
				D2B9E98820723DEC0020C2B6 /* DetectionViewController.m in Sources */,
				D229606E21E492C3004F047B /* QNAESCrypt.m in Sources */,
				D2FD3B0921E3383800B8E97C /* BandThirdRemindVC.m in Sources */,
				D229604D21E492C3004F047B /* QNScaleData.m in Sources */,
				D2FD3B2A21E3441000B8E97C /* BandMessage.m in Sources */,
				D229605D21E492C3004F047B /* QNBandInfo.m in Sources */,
				D229606D21E492C3004F047B /* NSString+QNBase64.m in Sources */,
				D232D64C2004DE2D00AABD67 /* AppDelegate.m in Sources */,
				D229606C21E492C3004F047B /* NSData+QNBase64.m in Sources */,
				D2B9E98D20723DEC0020C2B6 /* DeviceTableViewCell.m in Sources */,
				D229606021E492C3004F047B /* QNNetwork.m in Sources */,
				D229605421E492C3004F047B /* QNCleanInfo.m in Sources */,
				D2B9E98E20723DEC0020C2B6 /* PickerView.m in Sources */,
				D229604C21E492C3004F047B /* QNScaleStoreData.m in Sources */,
				D229604A21E492C3004F047B /* QNScaleItemData.m in Sources */,
				D229605E21E492C3004F047B /* QNBandBaseConfig.m in Sources */,
				D2FD3B1821E33E3000B8E97C /* BandMetricsVC.m in Sources */,
				D2295E3921E4579C004F047B /* BandBaseVC.m in Sources */,
			);
			runOnlyForDeploymentPostprocessing = 0;
		};
/* End PBXSourcesBuildPhase section */

/* Begin PBXVariantGroup section */
		D232D6502004DE2D00AABD67 /* Main.storyboard */ = {
			isa = PBXVariantGroup;
			children = (
				D232D6512004DE2D00AABD67 /* Base */,
			);
			name = Main.storyboard;
			sourceTree = "<group>";
		};
		D232D6552004DE2D00AABD67 /* LaunchScreen.storyboard */ = {
			isa = PBXVariantGroup;
			children = (
				D232D6562004DE2D00AABD67 /* Base */,
			);
			name = LaunchScreen.storyboard;
			sourceTree = "<group>";
		};
/* End PBXVariantGroup section */

/* Begin XCBuildConfiguration section */
		D232D65B2004DE2D00AABD67 /* Debug */ = {
			isa = XCBuildConfiguration;
			buildSettings = {
				ALWAYS_SEARCH_USER_PATHS = NO;
				CLANG_ANALYZER_NONNULL = YES;
				CLANG_ANALYZER_NUMBER_OBJECT_CONVERSION = YES_AGGRESSIVE;
				CLANG_CXX_LANGUAGE_STANDARD = "gnu++14";
				CLANG_CXX_LIBRARY = "libc++";
				CLANG_ENABLE_MODULES = YES;
				CLANG_ENABLE_OBJC_ARC = YES;
				CLANG_WARN_BLOCK_CAPTURE_AUTORELEASING = YES;
				CLANG_WARN_BOOL_CONVERSION = YES;
				CLANG_WARN_COMMA = YES;
				CLANG_WARN_CONSTANT_CONVERSION = YES;
				CLANG_WARN_DIRECT_OBJC_ISA_USAGE = YES_ERROR;
				CLANG_WARN_DOCUMENTATION_COMMENTS = YES;
				CLANG_WARN_EMPTY_BODY = YES;
				CLANG_WARN_ENUM_CONVERSION = YES;
				CLANG_WARN_INFINITE_RECURSION = YES;
				CLANG_WARN_INT_CONVERSION = YES;
				CLANG_WARN_NON_LITERAL_NULL_CONVERSION = YES;
				CLANG_WARN_OBJC_LITERAL_CONVERSION = YES;
				CLANG_WARN_OBJC_ROOT_CLASS = YES_ERROR;
				CLANG_WARN_RANGE_LOOP_ANALYSIS = YES;
				CLANG_WARN_STRICT_PROTOTYPES = YES;
				CLANG_WARN_SUSPICIOUS_MOVE = YES;
				CLANG_WARN_UNGUARDED_AVAILABILITY = YES_AGGRESSIVE;
				CLANG_WARN_UNREACHABLE_CODE = YES;
				CLANG_WARN__DUPLICATE_METHOD_MATCH = YES;
				CODE_SIGN_IDENTITY = "iPhone Developer";
				COPY_PHASE_STRIP = NO;
				DEBUG_INFORMATION_FORMAT = dwarf;
				ENABLE_STRICT_OBJC_MSGSEND = YES;
				ENABLE_TESTABILITY = YES;
				GCC_C_LANGUAGE_STANDARD = gnu11;
				GCC_DYNAMIC_NO_PIC = NO;
				GCC_NO_COMMON_BLOCKS = YES;
				GCC_OPTIMIZATION_LEVEL = 0;
				GCC_PREPROCESSOR_DEFINITIONS = (
					"DEBUG=1",
					"$(inherited)",
				);
				GCC_WARN_64_TO_32_BIT_CONVERSION = YES;
				GCC_WARN_ABOUT_RETURN_TYPE = YES_ERROR;
				GCC_WARN_UNDECLARED_SELECTOR = YES;
				GCC_WARN_UNINITIALIZED_AUTOS = YES_AGGRESSIVE;
				GCC_WARN_UNUSED_FUNCTION = YES;
				GCC_WARN_UNUSED_VARIABLE = YES;
				IPHONEOS_DEPLOYMENT_TARGET = 8.0;
				MTL_ENABLE_DEBUG_INFO = YES;
				ONLY_ACTIVE_ARCH = YES;
				SDKROOT = iphoneos;
			};
			name = Debug;
		};
		D232D65C2004DE2D00AABD67 /* Release */ = {
			isa = XCBuildConfiguration;
			buildSettings = {
				ALWAYS_SEARCH_USER_PATHS = NO;
				CLANG_ANALYZER_NONNULL = YES;
				CLANG_ANALYZER_NUMBER_OBJECT_CONVERSION = YES_AGGRESSIVE;
				CLANG_CXX_LANGUAGE_STANDARD = "gnu++14";
				CLANG_CXX_LIBRARY = "libc++";
				CLANG_ENABLE_MODULES = YES;
				CLANG_ENABLE_OBJC_ARC = YES;
				CLANG_WARN_BLOCK_CAPTURE_AUTORELEASING = YES;
				CLANG_WARN_BOOL_CONVERSION = YES;
				CLANG_WARN_COMMA = YES;
				CLANG_WARN_CONSTANT_CONVERSION = YES;
				CLANG_WARN_DIRECT_OBJC_ISA_USAGE = YES_ERROR;
				CLANG_WARN_DOCUMENTATION_COMMENTS = YES;
				CLANG_WARN_EMPTY_BODY = YES;
				CLANG_WARN_ENUM_CONVERSION = YES;
				CLANG_WARN_INFINITE_RECURSION = YES;
				CLANG_WARN_INT_CONVERSION = YES;
				CLANG_WARN_NON_LITERAL_NULL_CONVERSION = YES;
				CLANG_WARN_OBJC_LITERAL_CONVERSION = YES;
				CLANG_WARN_OBJC_ROOT_CLASS = YES_ERROR;
				CLANG_WARN_RANGE_LOOP_ANALYSIS = YES;
				CLANG_WARN_STRICT_PROTOTYPES = YES;
				CLANG_WARN_SUSPICIOUS_MOVE = YES;
				CLANG_WARN_UNGUARDED_AVAILABILITY = YES_AGGRESSIVE;
				CLANG_WARN_UNREACHABLE_CODE = YES;
				CLANG_WARN__DUPLICATE_METHOD_MATCH = YES;
				CODE_SIGN_IDENTITY = "iPhone Developer";
				COPY_PHASE_STRIP = NO;
				DEBUG_INFORMATION_FORMAT = "dwarf-with-dsym";
				ENABLE_NS_ASSERTIONS = NO;
				ENABLE_STRICT_OBJC_MSGSEND = YES;
				GCC_C_LANGUAGE_STANDARD = gnu11;
				GCC_NO_COMMON_BLOCKS = YES;
				GCC_WARN_64_TO_32_BIT_CONVERSION = YES;
				GCC_WARN_ABOUT_RETURN_TYPE = YES_ERROR;
				GCC_WARN_UNDECLARED_SELECTOR = YES;
				GCC_WARN_UNINITIALIZED_AUTOS = YES_AGGRESSIVE;
				GCC_WARN_UNUSED_FUNCTION = YES;
				GCC_WARN_UNUSED_VARIABLE = YES;
				IPHONEOS_DEPLOYMENT_TARGET = 8.0;
				MTL_ENABLE_DEBUG_INFO = NO;
				SDKROOT = iphoneos;
				VALIDATE_PRODUCT = YES;
			};
			name = Release;
		};
		D232D65E2004DE2D00AABD67 /* Debug */ = {
			isa = XCBuildConfiguration;
			buildSettings = {
				ALWAYS_EMBED_SWIFT_STANDARD_LIBRARIES = YES;
				ASSETCATALOG_COMPILER_APPICON_NAME = AppIcon;
				CODE_SIGN_STYLE = Automatic;
				DEVELOPMENT_TEAM = 4NX335G8BX;
				ENABLE_BITCODE = YES;
				FRAMEWORK_SEARCH_PATHS = (
					"$(PROJECT_DIR)/QNDeviceSDKDemo",
					"$(PROJECT_DIR)/Carthage/Build/iOS",
				);
				GCC_PRECOMPILE_PREFIX_HEADER = YES;
				GCC_PREFIX_HEADER = "QNDeviceSDKDemo/QNDeviceSDK-Prefix-Header.h";
				HEADER_SEARCH_PATHS = "$(inherited)";
				INFOPLIST_FILE = QNDeviceSDKDemo/Info.plist;
				IPHONEOS_DEPLOYMENT_TARGET = 9.0;
				LD_RUNPATH_SEARCH_PATHS = "$(inherited) @executable_path/Frameworks";
				LIBRARY_SEARCH_PATHS = (
					"$(PROJECT_DIR)/QNDeviceSDKDemo/QNDeviceSDK",
					"\"$(SRCROOT)/../../QNDeviceSDK/QNDeviceSDK/Module/QNCentralModule/libQNCentralModule.a\"",
					"\"$(SRCROOT)/../../QNDeviceSDK/QNDeviceSDK/Module/QNPScaleModule/libQNPScaleModule.a\"",
					"\"$(SRCROOT)/../../QNDeviceSDK/QNDeviceSDK/Module/QNBandModule/libQNBandModule.a\"",
					"$(PROJECT_DIR)/QNDeviceSDKDemo/QNDeviceSDK/AlgorithmTool",
					"$(PROJECT_DIR)/QNDeviceSDKDemo/QNDeviceSDK/Module/QNCentralModule",
					"$(PROJECT_DIR)/QNDeviceSDKDemo/QNDeviceSDK/Module/QNPScaleModule",
					"$(PROJECT_DIR)/QNDeviceSDKDemo/QNDeviceSDK/Module/QNBandModule",
				);
				ONLY_ACTIVE_ARCH = NO;
				OTHER_LDFLAGS = (
					"-ObjC",
					"-all_load",
				);
				PRODUCT_BUNDLE_IDENTIFIER = com.yolanda.deviceSDKTest;
				PRODUCT_NAME = "$(TARGET_NAME)";
				TARGETED_DEVICE_FAMILY = "1,2";
			};
			name = Debug;
		};
		D232D65F2004DE2D00AABD67 /* Release */ = {
			isa = XCBuildConfiguration;
			buildSettings = {
				ALWAYS_EMBED_SWIFT_STANDARD_LIBRARIES = YES;
				ASSETCATALOG_COMPILER_APPICON_NAME = AppIcon;
				CODE_SIGN_STYLE = Automatic;
				DEVELOPMENT_TEAM = 4NX335G8BX;
				ENABLE_BITCODE = YES;
				FRAMEWORK_SEARCH_PATHS = (
					"$(PROJECT_DIR)/QNDeviceSDKDemo",
					"$(PROJECT_DIR)/Carthage/Build/iOS",
				);
				GCC_PRECOMPILE_PREFIX_HEADER = YES;
				GCC_PREFIX_HEADER = "QNDeviceSDKDemo/QNDeviceSDK-Prefix-Header.h";
				HEADER_SEARCH_PATHS = "$(inherited)";
				INFOPLIST_FILE = QNDeviceSDKDemo/Info.plist;
				IPHONEOS_DEPLOYMENT_TARGET = 9.0;
				LD_RUNPATH_SEARCH_PATHS = "$(inherited) @executable_path/Frameworks";
				LIBRARY_SEARCH_PATHS = (
					"$(PROJECT_DIR)/QNDeviceSDKDemo/QNDeviceSDK",
					"\"$(SRCROOT)/../../QNDeviceSDK/QNDeviceSDK/Module/QNCentralModule/libQNCentralModule.a\"",
					"\"$(SRCROOT)/../../QNDeviceSDK/QNDeviceSDK/Module/QNPScaleModule/libQNPScaleModule.a\"",
					"\"$(SRCROOT)/../../QNDeviceSDK/QNDeviceSDK/Module/QNBandModule/libQNBandModule.a\"",
					"$(PROJECT_DIR)/QNDeviceSDKDemo/QNDeviceSDK/AlgorithmTool",
					"$(PROJECT_DIR)/QNDeviceSDKDemo/QNDeviceSDK/Module/QNCentralModule",
					"$(PROJECT_DIR)/QNDeviceSDKDemo/QNDeviceSDK/Module/QNPScaleModule",
					"$(PROJECT_DIR)/QNDeviceSDKDemo/QNDeviceSDK/Module/QNBandModule",
				);
				ONLY_ACTIVE_ARCH = NO;
				OTHER_LDFLAGS = (
					"-ObjC",
					"-all_load",
				);
				PRODUCT_BUNDLE_IDENTIFIER = com.yolanda.deviceSDKTest;
				PRODUCT_NAME = "$(TARGET_NAME)";
				TARGETED_DEVICE_FAMILY = "1,2";
			};
			name = Release;
		};
/* End XCBuildConfiguration section */

/* Begin XCConfigurationList section */
		D232D6422004DE2D00AABD67 /* Build configuration list for PBXProject "QNDeviceSDKDemo" */ = {
			isa = XCConfigurationList;
			buildConfigurations = (
				D232D65B2004DE2D00AABD67 /* Debug */,
				D232D65C2004DE2D00AABD67 /* Release */,
			);
			defaultConfigurationIsVisible = 0;
			defaultConfigurationName = Release;
		};
		D232D65D2004DE2D00AABD67 /* Build configuration list for PBXNativeTarget "QNDeviceSDKDemo" */ = {
			isa = XCConfigurationList;
			buildConfigurations = (
				D232D65E2004DE2D00AABD67 /* Debug */,
				D232D65F2004DE2D00AABD67 /* Release */,
			);
			defaultConfigurationIsVisible = 0;
			defaultConfigurationName = Release;
		};
/* End XCConfigurationList section */
	};
	rootObject = D232D63F2004DE2D00AABD67 /* Project object */;
}
