// !$*UTF8*$!
{
	archiveVersion = 1;
	classes = {
	};
	objectVersion = 48;
	objects = {

/* Begin PBXBuildFile section */
		0400A8492317D9E900594278 /* CustomDetectionVC.m in Sources */ = {isa = PBXBuildFile; fileRef = 0400A8472317D9E900594278 /* CustomDetectionVC.m */; };
		0400A84A2317D9E900594278 /* CustomDetectionVC.xib in Resources */ = {isa = PBXBuildFile; fileRef = 0400A8482317D9E900594278 /* CustomDetectionVC.xib */; };
		04BEB2C52320ED5F0068BF52 /* QNSDK.framework in Frameworks */ = {isa = PBXBuildFile; fileRef = D230F2212240847500DC01E9 /* QNSDK.framework */; };
		1BCE13D72334FAA300146E16 /* QNCallBackConst.h in Headers */ = {isa = PBXBuildFile; fileRef = 1BCE13C12334FAA100146E16 /* QNCallBackConst.h */; settings = {ATTRIBUTES = (Public, ); }; };
		1BCE13D82334FAA300146E16 /* QNScaleDataProtocol.h in Headers */ = {isa = PBXBuildFile; fileRef = 1BCE13C22334FAA100146E16 /* QNScaleDataProtocol.h */; settings = {ATTRIBUTES = (Public, ); }; };
		1BCE13D92334FAA300146E16 /* QNBleDeviceDiscoveryProtocol.h in Headers */ = {isa = PBXBuildFile; fileRef = 1BCE13C32334FAA100146E16 /* QNBleDeviceDiscoveryProtocol.h */; settings = {ATTRIBUTES = (Public, ); }; };
		1BCE13DA2334FAA300146E16 /* QNBleDevice.h in Headers */ = {isa = PBXBuildFile; fileRef = 1BCE13C42334FAA100146E16 /* QNBleDevice.h */; settings = {ATTRIBUTES = (Public, ); }; };
		1BCE13DB2334FAA300146E16 /* QNBleConnectionChangeProtocol.h in Headers */ = {isa = PBXBuildFile; fileRef = 1BCE13C52334FAA100146E16 /* QNBleConnectionChangeProtocol.h */; settings = {ATTRIBUTES = (Public, ); }; };
		1BCE13DC2334FAA300146E16 /* QNScaleStoreData.h in Headers */ = {isa = PBXBuildFile; fileRef = 1BCE13C62334FAA100146E16 /* QNScaleStoreData.h */; settings = {ATTRIBUTES = (Public, ); }; };
		1BCE13DD2334FAA300146E16 /* QNDeviceSDK.h in Headers */ = {isa = PBXBuildFile; fileRef = 1BCE13C72334FAA200146E16 /* QNDeviceSDK.h */; settings = {ATTRIBUTES = (Public, ); }; };
		1BCE13DE2334FAA300146E16 /* QNBleProtocolHandler.h in Headers */ = {isa = PBXBuildFile; fileRef = 1BCE13C82334FAA200146E16 /* QNBleProtocolHandler.h */; settings = {ATTRIBUTES = (Public, ); }; };
		1BCE13DF2334FAA300146E16 /* QNUtils.h in Headers */ = {isa = PBXBuildFile; fileRef = 1BCE13C92334FAA200146E16 /* QNUtils.h */; settings = {ATTRIBUTES = (Public, ); }; };
		1BCE13E02334FAA300146E16 /* QNWiFiConfig.h in Headers */ = {isa = PBXBuildFile; fileRef = 1BCE13CA2334FAA200146E16 /* QNWiFiConfig.h */; settings = {ATTRIBUTES = (Public, ); }; };
		1BCE13E12334FAA300146E16 /* QNLogProtocol.h in Headers */ = {isa = PBXBuildFile; fileRef = 1BCE13CB2334FAA200146E16 /* QNLogProtocol.h */; settings = {ATTRIBUTES = (Public, ); }; };
		1BCE13E22334FAA300146E16 /* QNBleApi.h in Headers */ = {isa = PBXBuildFile; fileRef = 1BCE13CC2334FAA200146E16 /* QNBleApi.h */; settings = {ATTRIBUTES = (Public, ); }; };
		1BCE13E32334FAA300146E16 /* QNScaleItemData.h in Headers */ = {isa = PBXBuildFile; fileRef = 1BCE13CD2334FAA200146E16 /* QNScaleItemData.h */; settings = {ATTRIBUTES = (Public, ); }; };
		1BCE13E42334FAA300146E16 /* QNConfig.h in Headers */ = {isa = PBXBuildFile; fileRef = 1BCE13CE2334FAA200146E16 /* QNConfig.h */; settings = {ATTRIBUTES = (Public, ); }; };
		1BCE13E52334FAA300146E16 /* QNUser.h in Headers */ = {isa = PBXBuildFile; fileRef = 1BCE13CF2334FAA200146E16 /* QNUser.h */; settings = {ATTRIBUTES = (Public, ); }; };
		1BCE13E62334FAA300146E16 /* QNBleProtocolDelegate.h in Headers */ = {isa = PBXBuildFile; fileRef = 1BCE13D02334FAA200146E16 /* QNBleProtocolDelegate.h */; settings = {ATTRIBUTES = (Public, ); }; };
		1BCE13E72334FAA300146E16 /* QNBleStateProtocol.h in Headers */ = {isa = PBXBuildFile; fileRef = 1BCE13D12334FAA200146E16 /* QNBleStateProtocol.h */; settings = {ATTRIBUTES = (Public, ); }; };
		1BCE13E82334FAA300146E16 /* QNErrorCode.h in Headers */ = {isa = PBXBuildFile; fileRef = 1BCE13D22334FAA200146E16 /* QNErrorCode.h */; settings = {ATTRIBUTES = (Public, ); }; };
		1BCE13E92334FAA300146E16 /* libQNDeviceSDK.a in Frameworks */ = {isa = PBXBuildFile; fileRef = 1BCE13D32334FAA300146E16 /* libQNDeviceSDK.a */; };
		1BCE13EA2334FAA300146E16 /* QNBleBroadcastDevice.h in Headers */ = {isa = PBXBuildFile; fileRef = 1BCE13D42334FAA300146E16 /* QNBleBroadcastDevice.h */; settings = {ATTRIBUTES = (Public, ); }; };
		1BCE13EB2334FAA300146E16 /* QNScaleData.h in Headers */ = {isa = PBXBuildFile; fileRef = 1BCE13D52334FAA300146E16 /* QNScaleData.h */; settings = {ATTRIBUTES = (Public, ); }; };
		1BCE13EC2334FAA300146E16 /* updateRemind.md in Resources */ = {isa = PBXBuildFile; fileRef = 1BCE13D62334FAA300146E16 /* updateRemind.md */; };
		D2048A5220A6E15600D943BC /* 123456789.qn in Resources */ = {isa = PBXBuildFile; fileRef = D2048A5120A6E15600D943BC /* 123456789.qn */; };
		D232D64C2004DE2D00AABD67 /* AppDelegate.m in Sources */ = {isa = PBXBuildFile; fileRef = D232D64B2004DE2D00AABD67 /* AppDelegate.m */; };
		D232D64F2004DE2D00AABD67 /* ViewController.m in Sources */ = {isa = PBXBuildFile; fileRef = D232D64E2004DE2D00AABD67 /* ViewController.m */; };
		D232D6522004DE2D00AABD67 /* Main.storyboard in Resources */ = {isa = PBXBuildFile; fileRef = D232D6502004DE2D00AABD67 /* Main.storyboard */; };
		D232D6542004DE2D00AABD67 /* Assets.xcassets in Resources */ = {isa = PBXBuildFile; fileRef = D232D6532004DE2D00AABD67 /* Assets.xcassets */; };
		D232D6572004DE2D00AABD67 /* LaunchScreen.storyboard in Resources */ = {isa = PBXBuildFile; fileRef = D232D6552004DE2D00AABD67 /* LaunchScreen.storyboard */; };
		D232D65A2004DE2D00AABD67 /* main.m in Sources */ = {isa = PBXBuildFile; fileRef = D232D6592004DE2D00AABD67 /* main.m */; };
		D244245F2271CD0400F63F35 /* WiFiTool.m in Sources */ = {isa = PBXBuildFile; fileRef = D244245E2271CD0400F63F35 /* WiFiTool.m */; };
		D248DC5B22D85DF200DA046C /* NSTimer+YYAdd.m in Sources */ = {isa = PBXBuildFile; fileRef = D248DC5A22D85DF200DA046C /* NSTimer+YYAdd.m */; };
		D2568166223237EB0049356E /* README.md in Resources */ = {isa = PBXBuildFile; fileRef = D2568165223237EB0049356E /* README.md */; };
		D2B9E98820723DEC0020C2B6 /* DetectionViewController.m in Sources */ = {isa = PBXBuildFile; fileRef = D2B9E97C20723DEC0020C2B6 /* DetectionViewController.m */; };
		D2B9E98920723DEC0020C2B6 /* ScaleDataCell.xib in Resources */ = {isa = PBXBuildFile; fileRef = D2B9E97D20723DEC0020C2B6 /* ScaleDataCell.xib */; };
		D2B9E98A20723DEC0020C2B6 /* DeviceTableViewCell.xib in Resources */ = {isa = PBXBuildFile; fileRef = D2B9E98020723DEC0020C2B6 /* DeviceTableViewCell.xib */; };
		D2B9E98B20723DEC0020C2B6 /* DetectionViewController.xib in Resources */ = {isa = PBXBuildFile; fileRef = D2B9E98120723DEC0020C2B6 /* DetectionViewController.xib */; };
		D2B9E98C20723DEC0020C2B6 /* ScaleDataCell.m in Sources */ = {isa = PBXBuildFile; fileRef = D2B9E98320723DEC0020C2B6 /* ScaleDataCell.m */; };
		D2B9E98D20723DEC0020C2B6 /* DeviceTableViewCell.m in Sources */ = {isa = PBXBuildFile; fileRef = D2B9E98420723DEC0020C2B6 /* DeviceTableViewCell.m */; };
		D2B9E98E20723DEC0020C2B6 /* PickerView.m in Sources */ = {isa = PBXBuildFile; fileRef = D2B9E98620723DEC0020C2B6 /* PickerView.m */; };
		D2B9E98F20723DEC0020C2B6 /* PickerView.xib in Resources */ = {isa = PBXBuildFile; fileRef = D2B9E98720723DEC0020C2B6 /* PickerView.xib */; };
/* End PBXBuildFile section */

/* Begin PBXFileReference section */
		0400A8462317D9E900594278 /* CustomDetectionVC.h */ = {isa = PBXFileReference; lastKnownFileType = sourcecode.c.h; path = CustomDetectionVC.h; sourceTree = "<group>"; };
		0400A8472317D9E900594278 /* CustomDetectionVC.m */ = {isa = PBXFileReference; lastKnownFileType = sourcecode.c.objc; path = CustomDetectionVC.m; sourceTree = "<group>"; };
		0400A8482317D9E900594278 /* CustomDetectionVC.xib */ = {isa = PBXFileReference; lastKnownFileType = file.xib; path = CustomDetectionVC.xib; sourceTree = "<group>"; };
		1BCE13C12334FAA100146E16 /* QNCallBackConst.h */ = {isa = PBXFileReference; fileEncoding = 4; lastKnownFileType = sourcecode.c.h; path = QNCallBackConst.h; sourceTree = "<group>"; };
		1BCE13C22334FAA100146E16 /* QNScaleDataProtocol.h */ = {isa = PBXFileReference; fileEncoding = 4; lastKnownFileType = sourcecode.c.h; path = QNScaleDataProtocol.h; sourceTree = "<group>"; };
		1BCE13C32334FAA100146E16 /* QNBleDeviceDiscoveryProtocol.h */ = {isa = PBXFileReference; fileEncoding = 4; lastKnownFileType = sourcecode.c.h; path = QNBleDeviceDiscoveryProtocol.h; sourceTree = "<group>"; };
		1BCE13C42334FAA100146E16 /* QNBleDevice.h */ = {isa = PBXFileReference; fileEncoding = 4; lastKnownFileType = sourcecode.c.h; path = QNBleDevice.h; sourceTree = "<group>"; };
		1BCE13C52334FAA100146E16 /* QNBleConnectionChangeProtocol.h */ = {isa = PBXFileReference; fileEncoding = 4; lastKnownFileType = sourcecode.c.h; path = QNBleConnectionChangeProtocol.h; sourceTree = "<group>"; };
		1BCE13C62334FAA100146E16 /* QNScaleStoreData.h */ = {isa = PBXFileReference; fileEncoding = 4; lastKnownFileType = sourcecode.c.h; path = QNScaleStoreData.h; sourceTree = "<group>"; };
		1BCE13C72334FAA200146E16 /* QNDeviceSDK.h */ = {isa = PBXFileReference; fileEncoding = 4; lastKnownFileType = sourcecode.c.h; path = QNDeviceSDK.h; sourceTree = "<group>"; };
		1BCE13C82334FAA200146E16 /* QNBleProtocolHandler.h */ = {isa = PBXFileReference; fileEncoding = 4; lastKnownFileType = sourcecode.c.h; path = QNBleProtocolHandler.h; sourceTree = "<group>"; };
		1BCE13C92334FAA200146E16 /* QNUtils.h */ = {isa = PBXFileReference; fileEncoding = 4; lastKnownFileType = sourcecode.c.h; path = QNUtils.h; sourceTree = "<group>"; };
		1BCE13CA2334FAA200146E16 /* QNWiFiConfig.h */ = {isa = PBXFileReference; fileEncoding = 4; lastKnownFileType = sourcecode.c.h; path = QNWiFiConfig.h; sourceTree = "<group>"; };
		1BCE13CB2334FAA200146E16 /* QNLogProtocol.h */ = {isa = PBXFileReference; fileEncoding = 4; lastKnownFileType = sourcecode.c.h; path = QNLogProtocol.h; sourceTree = "<group>"; };
		1BCE13CC2334FAA200146E16 /* QNBleApi.h */ = {isa = PBXFileReference; fileEncoding = 4; lastKnownFileType = sourcecode.c.h; path = QNBleApi.h; sourceTree = "<group>"; };
		1BCE13CD2334FAA200146E16 /* QNScaleItemData.h */ = {isa = PBXFileReference; fileEncoding = 4; lastKnownFileType = sourcecode.c.h; path = QNScaleItemData.h; sourceTree = "<group>"; };
		1BCE13CE2334FAA200146E16 /* QNConfig.h */ = {isa = PBXFileReference; fileEncoding = 4; lastKnownFileType = sourcecode.c.h; path = QNConfig.h; sourceTree = "<group>"; };
		1BCE13CF2334FAA200146E16 /* QNUser.h */ = {isa = PBXFileReference; fileEncoding = 4; lastKnownFileType = sourcecode.c.h; path = QNUser.h; sourceTree = "<group>"; };
		1BCE13D02334FAA200146E16 /* QNBleProtocolDelegate.h */ = {isa = PBXFileReference; fileEncoding = 4; lastKnownFileType = sourcecode.c.h; path = QNBleProtocolDelegate.h; sourceTree = "<group>"; };
		1BCE13D12334FAA200146E16 /* QNBleStateProtocol.h */ = {isa = PBXFileReference; fileEncoding = 4; lastKnownFileType = sourcecode.c.h; path = QNBleStateProtocol.h; sourceTree = "<group>"; };
		1BCE13D22334FAA200146E16 /* QNErrorCode.h */ = {isa = PBXFileReference; fileEncoding = 4; lastKnownFileType = sourcecode.c.h; path = QNErrorCode.h; sourceTree = "<group>"; };
		1BCE13D32334FAA300146E16 /* libQNDeviceSDK.a */ = {isa = PBXFileReference; lastKnownFileType = archive.ar; path = libQNDeviceSDK.a; sourceTree = "<group>"; };
		1BCE13D42334FAA300146E16 /* QNBleBroadcastDevice.h */ = {isa = PBXFileReference; fileEncoding = 4; lastKnownFileType = sourcecode.c.h; path = QNBleBroadcastDevice.h; sourceTree = "<group>"; };
		1BCE13D52334FAA300146E16 /* QNScaleData.h */ = {isa = PBXFileReference; fileEncoding = 4; lastKnownFileType = sourcecode.c.h; path = QNScaleData.h; sourceTree = "<group>"; };
		1BCE13D62334FAA300146E16 /* updateRemind.md */ = {isa = PBXFileReference; fileEncoding = 4; lastKnownFileType = net.daringfireball.markdown; path = updateRemind.md; sourceTree = "<group>"; };
		D2048A5120A6E15600D943BC /* 123456789.qn */ = {isa = PBXFileReference; fileEncoding = 4; lastKnownFileType = text; path = 123456789.qn; sourceTree = "<group>"; };
		D230F2212240847500DC01E9 /* QNSDK.framework */ = {isa = PBXFileReference; explicitFileType = wrapper.framework; includeInIndex = 0; path = QNSDK.framework; sourceTree = BUILT_PRODUCTS_DIR; };
		D230F2242240847600DC01E9 /* Info.plist */ = {isa = PBXFileReference; lastKnownFileType = text.plist.xml; path = Info.plist; sourceTree = "<group>"; };
		D232D6472004DE2D00AABD67 /* QNDeviceSDKDemo.app */ = {isa = PBXFileReference; explicitFileType = wrapper.application; includeInIndex = 0; path = QNDeviceSDKDemo.app; sourceTree = BUILT_PRODUCTS_DIR; };
		D232D64A2004DE2D00AABD67 /* AppDelegate.h */ = {isa = PBXFileReference; lastKnownFileType = sourcecode.c.h; path = AppDelegate.h; sourceTree = "<group>"; };
		D232D64B2004DE2D00AABD67 /* AppDelegate.m */ = {isa = PBXFileReference; lastKnownFileType = sourcecode.c.objc; path = AppDelegate.m; sourceTree = "<group>"; };
		D232D64D2004DE2D00AABD67 /* ViewController.h */ = {isa = PBXFileReference; lastKnownFileType = sourcecode.c.h; path = ViewController.h; sourceTree = "<group>"; };
		D232D64E2004DE2D00AABD67 /* ViewController.m */ = {isa = PBXFileReference; lastKnownFileType = sourcecode.c.objc; path = ViewController.m; sourceTree = "<group>"; };
		D232D6512004DE2D00AABD67 /* Base */ = {isa = PBXFileReference; lastKnownFileType = file.storyboard; name = Base; path = Base.lproj/Main.storyboard; sourceTree = "<group>"; };
		D232D6532004DE2D00AABD67 /* Assets.xcassets */ = {isa = PBXFileReference; lastKnownFileType = folder.assetcatalog; path = Assets.xcassets; sourceTree = "<group>"; };
		D232D6562004DE2D00AABD67 /* Base */ = {isa = PBXFileReference; lastKnownFileType = file.storyboard; name = Base; path = Base.lproj/LaunchScreen.storyboard; sourceTree = "<group>"; };
		D232D6582004DE2D00AABD67 /* Info.plist */ = {isa = PBXFileReference; lastKnownFileType = text.plist.xml; path = Info.plist; sourceTree = "<group>"; };
		D232D6592004DE2D00AABD67 /* main.m */ = {isa = PBXFileReference; lastKnownFileType = sourcecode.c.objc; path = main.m; sourceTree = "<group>"; };
		D244245D2271CD0400F63F35 /* WiFiTool.h */ = {isa = PBXFileReference; lastKnownFileType = sourcecode.c.h; path = WiFiTool.h; sourceTree = "<group>"; };
		D244245E2271CD0400F63F35 /* WiFiTool.m */ = {isa = PBXFileReference; lastKnownFileType = sourcecode.c.objc; path = WiFiTool.m; sourceTree = "<group>"; };
		D24424602271CD3400F63F35 /* QNDeviceSDKDemo.entitlements */ = {isa = PBXFileReference; lastKnownFileType = text.plist.entitlements; path = QNDeviceSDKDemo.entitlements; sourceTree = "<group>"; };
		D248DC5922D85DF200DA046C /* NSTimer+YYAdd.h */ = {isa = PBXFileReference; fileEncoding = 4; lastKnownFileType = sourcecode.c.h; path = "NSTimer+YYAdd.h"; sourceTree = "<group>"; };
		D248DC5A22D85DF200DA046C /* NSTimer+YYAdd.m */ = {isa = PBXFileReference; fileEncoding = 4; lastKnownFileType = sourcecode.c.objc; path = "NSTimer+YYAdd.m"; sourceTree = "<group>"; };
		D2568165223237EB0049356E /* README.md */ = {isa = PBXFileReference; fileEncoding = 4; lastKnownFileType = net.daringfireball.markdown; path = README.md; sourceTree = SOURCE_ROOT; };
		D2B9E97C20723DEC0020C2B6 /* DetectionViewController.m */ = {isa = PBXFileReference; fileEncoding = 4; lastKnownFileType = sourcecode.c.objc; path = DetectionViewController.m; sourceTree = "<group>"; };
		D2B9E97D20723DEC0020C2B6 /* ScaleDataCell.xib */ = {isa = PBXFileReference; fileEncoding = 4; lastKnownFileType = file.xib; path = ScaleDataCell.xib; sourceTree = "<group>"; };
		D2B9E97E20723DEC0020C2B6 /* DeviceTableViewCell.h */ = {isa = PBXFileReference; fileEncoding = 4; lastKnownFileType = sourcecode.c.h; path = DeviceTableViewCell.h; sourceTree = "<group>"; };
		D2B9E97F20723DEC0020C2B6 /* ScaleDataCell.h */ = {isa = PBXFileReference; fileEncoding = 4; lastKnownFileType = sourcecode.c.h; path = ScaleDataCell.h; sourceTree = "<group>"; };
		D2B9E98020723DEC0020C2B6 /* DeviceTableViewCell.xib */ = {isa = PBXFileReference; fileEncoding = 4; lastKnownFileType = file.xib; path = DeviceTableViewCell.xib; sourceTree = "<group>"; };
		D2B9E98120723DEC0020C2B6 /* DetectionViewController.xib */ = {isa = PBXFileReference; fileEncoding = 4; lastKnownFileType = file.xib; path = DetectionViewController.xib; sourceTree = "<group>"; };
		D2B9E98220723DEC0020C2B6 /* DetectionViewController.h */ = {isa = PBXFileReference; fileEncoding = 4; lastKnownFileType = sourcecode.c.h; path = DetectionViewController.h; sourceTree = "<group>"; };
		D2B9E98320723DEC0020C2B6 /* ScaleDataCell.m */ = {isa = PBXFileReference; fileEncoding = 4; lastKnownFileType = sourcecode.c.objc; path = ScaleDataCell.m; sourceTree = "<group>"; };
		D2B9E98420723DEC0020C2B6 /* DeviceTableViewCell.m */ = {isa = PBXFileReference; fileEncoding = 4; lastKnownFileType = sourcecode.c.objc; path = DeviceTableViewCell.m; sourceTree = "<group>"; };
		D2B9E98520723DEC0020C2B6 /* PickerView.h */ = {isa = PBXFileReference; fileEncoding = 4; lastKnownFileType = sourcecode.c.h; path = PickerView.h; sourceTree = "<group>"; };
		D2B9E98620723DEC0020C2B6 /* PickerView.m */ = {isa = PBXFileReference; fileEncoding = 4; lastKnownFileType = sourcecode.c.objc; path = PickerView.m; sourceTree = "<group>"; };
		D2B9E98720723DEC0020C2B6 /* PickerView.xib */ = {isa = PBXFileReference; fileEncoding = 4; lastKnownFileType = file.xib; path = PickerView.xib; sourceTree = "<group>"; };
/* End PBXFileReference section */

/* Begin PBXFrameworksBuildPhase section */
		D230F21E2240847500DC01E9 /* Frameworks */ = {
			isa = PBXFrameworksBuildPhase;
			buildActionMask = 2147483647;
			files = (
				1BCE13E92334FAA300146E16 /* libQNDeviceSDK.a in Frameworks */,
			);
			runOnlyForDeploymentPostprocessing = 0;
		};
		D232D6442004DE2D00AABD67 /* Frameworks */ = {
			isa = PBXFrameworksBuildPhase;
			buildActionMask = 2147483647;
			files = (
				04BEB2C52320ED5F0068BF52 /* QNSDK.framework in Frameworks */,
			);
			runOnlyForDeploymentPostprocessing = 0;
		};
/* End PBXFrameworksBuildPhase section */

/* Begin PBXGroup section */
		0400A8452317D97C00594278 /* CustomDetection */ = {
			isa = PBXGroup;
			children = (
				0400A8462317D9E900594278 /* CustomDetectionVC.h */,
				0400A8472317D9E900594278 /* CustomDetectionVC.m */,
				0400A8482317D9E900594278 /* CustomDetectionVC.xib */,
			);
			path = CustomDetection;
			sourceTree = "<group>";
		};
		D21FD20C205FABD6006450BC /* Frameworks */ = {
			isa = PBXGroup;
			children = (
			);
			name = Frameworks;
			sourceTree = "<group>";
		};
		D230F2222240847500DC01E9 /* QNSDK */ = {
			isa = PBXGroup;
			children = (
				D230F22D224085C300DC01E9 /* SDK */,
				D230F2242240847600DC01E9 /* Info.plist */,
			);
			path = QNSDK;
			sourceTree = "<group>";
		};
		D230F22D224085C300DC01E9 /* SDK */ = {
			isa = PBXGroup;
			children = (
				1BCE13D32334FAA300146E16 /* libQNDeviceSDK.a */,
				1BCE13CC2334FAA200146E16 /* QNBleApi.h */,
				1BCE13D42334FAA300146E16 /* QNBleBroadcastDevice.h */,
				1BCE13C52334FAA100146E16 /* QNBleConnectionChangeProtocol.h */,
				1BCE13C42334FAA100146E16 /* QNBleDevice.h */,
				1BCE13C32334FAA100146E16 /* QNBleDeviceDiscoveryProtocol.h */,
				1BCE13D02334FAA200146E16 /* QNBleProtocolDelegate.h */,
				1BCE13C82334FAA200146E16 /* QNBleProtocolHandler.h */,
				1BCE13D12334FAA200146E16 /* QNBleStateProtocol.h */,
				1BCE13C12334FAA100146E16 /* QNCallBackConst.h */,
				1BCE13CE2334FAA200146E16 /* QNConfig.h */,
				1BCE13C72334FAA200146E16 /* QNDeviceSDK.h */,
				1BCE13D22334FAA200146E16 /* QNErrorCode.h */,
				1BCE13CB2334FAA200146E16 /* QNLogProtocol.h */,
				1BCE13D52334FAA300146E16 /* QNScaleData.h */,
				1BCE13C22334FAA100146E16 /* QNScaleDataProtocol.h */,
				1BCE13CD2334FAA200146E16 /* QNScaleItemData.h */,
				1BCE13C62334FAA100146E16 /* QNScaleStoreData.h */,
				1BCE13CF2334FAA200146E16 /* QNUser.h */,
				1BCE13C92334FAA200146E16 /* QNUtils.h */,
				1BCE13CA2334FAA200146E16 /* QNWiFiConfig.h */,
				1BCE13D62334FAA300146E16 /* updateRemind.md */,
			);
			path = SDK;
			sourceTree = "<group>";
		};
		D232D63E2004DE2D00AABD67 = {
			isa = PBXGroup;
			children = (
				D232D6492004DE2D00AABD67 /* QNDeviceSDKDemo */,
				D230F2222240847500DC01E9 /* QNSDK */,
				D232D6482004DE2D00AABD67 /* Products */,
				D21FD20C205FABD6006450BC /* Frameworks */,
			);
			sourceTree = "<group>";
		};
		D232D6482004DE2D00AABD67 /* Products */ = {
			isa = PBXGroup;
			children = (
				D232D6472004DE2D00AABD67 /* QNDeviceSDKDemo.app */,
				D230F2212240847500DC01E9 /* QNSDK.framework */,
			);
			name = Products;
			sourceTree = "<group>";
		};
		D232D6492004DE2D00AABD67 /* QNDeviceSDKDemo */ = {
			isa = PBXGroup;
			children = (
				D24424602271CD3400F63F35 /* QNDeviceSDKDemo.entitlements */,
				D2568165223237EB0049356E /* README.md */,
				0400A8452317D97C00594278 /* CustomDetection */,
				D2B9E97B20723DEC0020C2B6 /* Detection */,
				D2B9E98520723DEC0020C2B6 /* PickerView.h */,
				D2B9E98620723DEC0020C2B6 /* PickerView.m */,
				D2B9E98720723DEC0020C2B6 /* PickerView.xib */,
				D248DC5922D85DF200DA046C /* NSTimer+YYAdd.h */,
				D248DC5A22D85DF200DA046C /* NSTimer+YYAdd.m */,
				D232D64A2004DE2D00AABD67 /* AppDelegate.h */,
				D232D64B2004DE2D00AABD67 /* AppDelegate.m */,
				D232D64D2004DE2D00AABD67 /* ViewController.h */,
				D232D64E2004DE2D00AABD67 /* ViewController.m */,
				D244245D2271CD0400F63F35 /* WiFiTool.h */,
				D244245E2271CD0400F63F35 /* WiFiTool.m */,
				D232D6502004DE2D00AABD67 /* Main.storyboard */,
				D232D6532004DE2D00AABD67 /* Assets.xcassets */,
				D232D6552004DE2D00AABD67 /* LaunchScreen.storyboard */,
				D232D6582004DE2D00AABD67 /* Info.plist */,
				D232D6592004DE2D00AABD67 /* main.m */,
				D2048A5120A6E15600D943BC /* 123456789.qn */,
			);
			path = QNDeviceSDKDemo;
			sourceTree = "<group>";
		};
		D2B9E97B20723DEC0020C2B6 /* Detection */ = {
			isa = PBXGroup;
			children = (
				D2B9E98220723DEC0020C2B6 /* DetectionViewController.h */,
				D2B9E97C20723DEC0020C2B6 /* DetectionViewController.m */,
				D2B9E98120723DEC0020C2B6 /* DetectionViewController.xib */,
				D2B9E97E20723DEC0020C2B6 /* DeviceTableViewCell.h */,
				D2B9E98420723DEC0020C2B6 /* DeviceTableViewCell.m */,
				D2B9E98020723DEC0020C2B6 /* DeviceTableViewCell.xib */,
				D2B9E97F20723DEC0020C2B6 /* ScaleDataCell.h */,
				D2B9E98320723DEC0020C2B6 /* ScaleDataCell.m */,
				D2B9E97D20723DEC0020C2B6 /* ScaleDataCell.xib */,
			);
			path = Detection;
			sourceTree = "<group>";
		};
/* End PBXGroup section */

/* Begin PBXHeadersBuildPhase section */
		D230F21C2240847500DC01E9 /* Headers */ = {
			isa = PBXHeadersBuildPhase;
			buildActionMask = 2147483647;
			files = (
				1BCE13EB2334FAA300146E16 /* QNScaleData.h in Headers */,
				1BCE13DC2334FAA300146E16 /* QNScaleStoreData.h in Headers */,
				1BCE13EA2334FAA300146E16 /* QNBleBroadcastDevice.h in Headers */,
				1BCE13D92334FAA300146E16 /* QNBleDeviceDiscoveryProtocol.h in Headers */,
				1BCE13D72334FAA300146E16 /* QNCallBackConst.h in Headers */,
				1BCE13DE2334FAA300146E16 /* QNBleProtocolHandler.h in Headers */,
				1BCE13E12334FAA300146E16 /* QNLogProtocol.h in Headers */,
				1BCE13E62334FAA300146E16 /* QNBleProtocolDelegate.h in Headers */,
				1BCE13E82334FAA300146E16 /* QNErrorCode.h in Headers */,
				1BCE13E02334FAA300146E16 /* QNWiFiConfig.h in Headers */,
				1BCE13E22334FAA300146E16 /* QNBleApi.h in Headers */,
				1BCE13E42334FAA300146E16 /* QNConfig.h in Headers */,
				1BCE13D82334FAA300146E16 /* QNScaleDataProtocol.h in Headers */,
				1BCE13DD2334FAA300146E16 /* QNDeviceSDK.h in Headers */,
				1BCE13DA2334FAA300146E16 /* QNBleDevice.h in Headers */,
				1BCE13DF2334FAA300146E16 /* QNUtils.h in Headers */,
				1BCE13E72334FAA300146E16 /* QNBleStateProtocol.h in Headers */,
				1BCE13E52334FAA300146E16 /* QNUser.h in Headers */,
				1BCE13E32334FAA300146E16 /* QNScaleItemData.h in Headers */,
				1BCE13DB2334FAA300146E16 /* QNBleConnectionChangeProtocol.h in Headers */,
			);
			runOnlyForDeploymentPostprocessing = 0;
		};
/* End PBXHeadersBuildPhase section */

/* Begin PBXNativeTarget section */
		D230F2202240847500DC01E9 /* QNSDK */ = {
			isa = PBXNativeTarget;
			buildConfigurationList = D230F22A2240847600DC01E9 /* Build configuration list for PBXNativeTarget "QNSDK" */;
			buildPhases = (
				D230F21C2240847500DC01E9 /* Headers */,
				D230F21D2240847500DC01E9 /* Sources */,
				D230F21E2240847500DC01E9 /* Frameworks */,
				D230F21F2240847500DC01E9 /* Resources */,
			);
			buildRules = (
			);
			dependencies = (
			);
			name = QNSDK;
			productName = QNSDK;
			productReference = D230F2212240847500DC01E9 /* QNSDK.framework */;
			productType = "com.apple.product-type.framework";
		};
		D232D6462004DE2D00AABD67 /* QNDeviceSDKDemo */ = {
			isa = PBXNativeTarget;
			buildConfigurationList = D232D65D2004DE2D00AABD67 /* Build configuration list for PBXNativeTarget "QNDeviceSDKDemo" */;
			buildPhases = (
				D232D6432004DE2D00AABD67 /* Sources */,
				D232D6442004DE2D00AABD67 /* Frameworks */,
				D232D6452004DE2D00AABD67 /* Resources */,
			);
			buildRules = (
			);
			dependencies = (
			);
			name = QNDeviceSDKDemo;
			productName = QNDeviceSDKDemo;
			productReference = D232D6472004DE2D00AABD67 /* QNDeviceSDKDemo.app */;
			productType = "com.apple.product-type.application";
		};
/* End PBXNativeTarget section */

/* Begin PBXProject section */
		D232D63F2004DE2D00AABD67 /* Project object */ = {
			isa = PBXProject;
			attributes = {
				LastUpgradeCheck = 0920;
				ORGANIZATIONNAME = Yolanda;
				TargetAttributes = {
					D230F2202240847500DC01E9 = {
						CreatedOnToolsVersion = 10.1;
						ProvisioningStyle = Automatic;
					};
					D232D6462004DE2D00AABD67 = {
						CreatedOnToolsVersion = 9.2;
						ProvisioningStyle = Automatic;
						SystemCapabilities = {
							com.apple.AccessWiFi = {
								enabled = 1;
							};
						};
					};
				};
			};
			buildConfigurationList = D232D6422004DE2D00AABD67 /* Build configuration list for PBXProject "QNDeviceSDKDemo" */;
			compatibilityVersion = "Xcode 8.0";
			developmentRegion = en;
			hasScannedForEncodings = 0;
			knownRegions = (
				en,
				Base,
			);
			mainGroup = D232D63E2004DE2D00AABD67;
			productRefGroup = D232D6482004DE2D00AABD67 /* Products */;
			projectDirPath = "";
			projectRoot = "";
			targets = (
				D232D6462004DE2D00AABD67 /* QNDeviceSDKDemo */,
				D230F2202240847500DC01E9 /* QNSDK */,
			);
		};
/* End PBXProject section */

/* Begin PBXResourcesBuildPhase section */
		D230F21F2240847500DC01E9 /* Resources */ = {
			isa = PBXResourcesBuildPhase;
			buildActionMask = 2147483647;
			files = (
				1BCE13EC2334FAA300146E16 /* updateRemind.md in Resources */,
			);
			runOnlyForDeploymentPostprocessing = 0;
		};
		D232D6452004DE2D00AABD67 /* Resources */ = {
			isa = PBXResourcesBuildPhase;
			buildActionMask = 2147483647;
			files = (
				D2B9E98B20723DEC0020C2B6 /* DetectionViewController.xib in Resources */,
				0400A84A2317D9E900594278 /* CustomDetectionVC.xib in Resources */,
				D2B9E98920723DEC0020C2B6 /* ScaleDataCell.xib in Resources */,
				D232D6572004DE2D00AABD67 /* LaunchScreen.storyboard in Resources */,
				D2B9E98F20723DEC0020C2B6 /* PickerView.xib in Resources */,
				D232D6542004DE2D00AABD67 /* Assets.xcassets in Resources */,
				D232D6522004DE2D00AABD67 /* Main.storyboard in Resources */,
				D2048A5220A6E15600D943BC /* 123456789.qn in Resources */,
				D2568166223237EB0049356E /* README.md in Resources */,
				D2B9E98A20723DEC0020C2B6 /* DeviceTableViewCell.xib in Resources */,
			);
			runOnlyForDeploymentPostprocessing = 0;
		};
/* End PBXResourcesBuildPhase section */

/* Begin PBXSourcesBuildPhase section */
		D230F21D2240847500DC01E9 /* Sources */ = {
			isa = PBXSourcesBuildPhase;
			buildActionMask = 2147483647;
			files = (
			);
			runOnlyForDeploymentPostprocessing = 0;
		};
		D232D6432004DE2D00AABD67 /* Sources */ = {
			isa = PBXSourcesBuildPhase;
			buildActionMask = 2147483647;
			files = (
				D232D64F2004DE2D00AABD67 /* ViewController.m in Sources */,
				D248DC5B22D85DF200DA046C /* NSTimer+YYAdd.m in Sources */,
				D232D65A2004DE2D00AABD67 /* main.m in Sources */,
				D244245F2271CD0400F63F35 /* WiFiTool.m in Sources */,
				D2B9E98C20723DEC0020C2B6 /* ScaleDataCell.m in Sources */,
				D2B9E98820723DEC0020C2B6 /* DetectionViewController.m in Sources */,
				D232D64C2004DE2D00AABD67 /* AppDelegate.m in Sources */,
				0400A8492317D9E900594278 /* CustomDetectionVC.m in Sources */,
				D2B9E98D20723DEC0020C2B6 /* DeviceTableViewCell.m in Sources */,
				D2B9E98E20723DEC0020C2B6 /* PickerView.m in Sources */,
			);
			runOnlyForDeploymentPostprocessing = 0;
		};
/* End PBXSourcesBuildPhase section */

/* Begin PBXVariantGroup section */
		D232D6502004DE2D00AABD67 /* Main.storyboard */ = {
			isa = PBXVariantGroup;
			children = (
				D232D6512004DE2D00AABD67 /* Base */,
			);
			name = Main.storyboard;
			sourceTree = "<group>";
		};
		D232D6552004DE2D00AABD67 /* LaunchScreen.storyboard */ = {
			isa = PBXVariantGroup;
			children = (
				D232D6562004DE2D00AABD67 /* Base */,
			);
			name = LaunchScreen.storyboard;
			sourceTree = "<group>";
		};
/* End PBXVariantGroup section */

/* Begin XCBuildConfiguration section */
		D230F22B2240847600DC01E9 /* Debug */ = {
			isa = XCBuildConfiguration;
			buildSettings = {
				CLANG_ENABLE_OBJC_WEAK = YES;
				CLANG_WARN_DEPRECATED_OBJC_IMPLEMENTATIONS = YES;
				CLANG_WARN_OBJC_IMPLICIT_RETAIN_SELF = YES;
				CODE_SIGN_IDENTITY = "";
				CODE_SIGN_STYLE = Automatic;
				CURRENT_PROJECT_VERSION = 1;
				DEFINES_MODULE = YES;
				DEVELOPMENT_TEAM = 4NX335G8BX;
				DYLIB_COMPATIBILITY_VERSION = 1;
				DYLIB_CURRENT_VERSION = 1;
				DYLIB_INSTALL_NAME_BASE = "@rpath";
				INFOPLIST_FILE = QNSDK/Info.plist;
				INSTALL_PATH = "$(LOCAL_LIBRARY_DIR)/Frameworks";
				IPHONEOS_DEPLOYMENT_TARGET = 8.0;
				LD_RUNPATH_SEARCH_PATHS = "$(inherited) @executable_path/Frameworks @loader_path/Frameworks";
				LIBRARY_SEARCH_PATHS = (
					"$(inherited)",
					"$(PROJECT_DIR)/QNSDK/SDK",
				);
				MACH_O_TYPE = staticlib;
				MTL_ENABLE_DEBUG_INFO = INCLUDE_SOURCE;
				MTL_FAST_MATH = YES;
				ONLY_ACTIVE_ARCH = NO;
				OTHER_CFLAGS = "-fembed-bitcode";
				PRODUCT_BUNDLE_IDENTIFIER = Yolanda.QNSDK;
				PRODUCT_NAME = "$(TARGET_NAME:c99extidentifier)";
				SKIP_INSTALL = YES;
				TARGETED_DEVICE_FAMILY = "1,2";
				VALID_ARCHS = "arm64 armv7 armv7s";
				VERSIONING_SYSTEM = "apple-generic";
				VERSION_INFO_PREFIX = "";
			};
			name = Debug;
		};
		D230F22C2240847600DC01E9 /* Release */ = {
			isa = XCBuildConfiguration;
			buildSettings = {
				CLANG_ENABLE_OBJC_WEAK = YES;
				CLANG_WARN_DEPRECATED_OBJC_IMPLEMENTATIONS = YES;
				CLANG_WARN_OBJC_IMPLICIT_RETAIN_SELF = YES;
				CODE_SIGN_IDENTITY = "";
				CODE_SIGN_STYLE = Automatic;
				CURRENT_PROJECT_VERSION = 1;
				DEFINES_MODULE = YES;
				DEVELOPMENT_TEAM = 4NX335G8BX;
				DYLIB_COMPATIBILITY_VERSION = 1;
				DYLIB_CURRENT_VERSION = 1;
				DYLIB_INSTALL_NAME_BASE = "@rpath";
				INFOPLIST_FILE = QNSDK/Info.plist;
				INSTALL_PATH = "$(LOCAL_LIBRARY_DIR)/Frameworks";
				IPHONEOS_DEPLOYMENT_TARGET = 8.0;
				LD_RUNPATH_SEARCH_PATHS = "$(inherited) @executable_path/Frameworks @loader_path/Frameworks";
				LIBRARY_SEARCH_PATHS = (
					"$(inherited)",
					"$(PROJECT_DIR)/QNSDK/SDK",
				);
				MACH_O_TYPE = staticlib;
				MTL_FAST_MATH = YES;
				ONLY_ACTIVE_ARCH = NO;
				OTHER_CFLAGS = "-fembed-bitcode";
				PRODUCT_BUNDLE_IDENTIFIER = Yolanda.QNSDK;
				PRODUCT_NAME = "$(TARGET_NAME:c99extidentifier)";
				SKIP_INSTALL = YES;
				TARGETED_DEVICE_FAMILY = "1,2";
				VALID_ARCHS = "arm64 armv7 armv7s";
				VERSIONING_SYSTEM = "apple-generic";
				VERSION_INFO_PREFIX = "";
			};
			name = Release;
		};
		D232D65B2004DE2D00AABD67 /* Debug */ = {
			isa = XCBuildConfiguration;
			buildSettings = {
				ALWAYS_SEARCH_USER_PATHS = NO;
				CLANG_ANALYZER_NONNULL = YES;
				CLANG_ANALYZER_NUMBER_OBJECT_CONVERSION = YES_AGGRESSIVE;
				CLANG_CXX_LANGUAGE_STANDARD = "gnu++14";
				CLANG_CXX_LIBRARY = "libc++";
				CLANG_ENABLE_MODULES = YES;
				CLANG_ENABLE_OBJC_ARC = YES;
				CLANG_WARN_BLOCK_CAPTURE_AUTORELEASING = YES;
				CLANG_WARN_BOOL_CONVERSION = YES;
				CLANG_WARN_COMMA = YES;
				CLANG_WARN_CONSTANT_CONVERSION = YES;
				CLANG_WARN_DIRECT_OBJC_ISA_USAGE = YES_ERROR;
				CLANG_WARN_DOCUMENTATION_COMMENTS = YES;
				CLANG_WARN_EMPTY_BODY = YES;
				CLANG_WARN_ENUM_CONVERSION = YES;
				CLANG_WARN_INFINITE_RECURSION = YES;
				CLANG_WARN_INT_CONVERSION = YES;
				CLANG_WARN_NON_LITERAL_NULL_CONVERSION = YES;
				CLANG_WARN_OBJC_LITERAL_CONVERSION = YES;
				CLANG_WARN_OBJC_ROOT_CLASS = YES_ERROR;
				CLANG_WARN_RANGE_LOOP_ANALYSIS = YES;
				CLANG_WARN_STRICT_PROTOTYPES = YES;
				CLANG_WARN_SUSPICIOUS_MOVE = YES;
				CLANG_WARN_UNGUARDED_AVAILABILITY = YES_AGGRESSIVE;
				CLANG_WARN_UNREACHABLE_CODE = YES;
				CLANG_WARN__DUPLICATE_METHOD_MATCH = YES;
				CODE_SIGN_IDENTITY = "iPhone Developer";
				COPY_PHASE_STRIP = NO;
				DEBUG_INFORMATION_FORMAT = dwarf;
				ENABLE_STRICT_OBJC_MSGSEND = YES;
				ENABLE_TESTABILITY = YES;
				GCC_C_LANGUAGE_STANDARD = gnu11;
				GCC_DYNAMIC_NO_PIC = NO;
				GCC_NO_COMMON_BLOCKS = YES;
				GCC_OPTIMIZATION_LEVEL = 0;
				GCC_PREPROCESSOR_DEFINITIONS = (
					"DEBUG=1",
					"$(inherited)",
				);
				GCC_WARN_64_TO_32_BIT_CONVERSION = YES;
				GCC_WARN_ABOUT_RETURN_TYPE = YES_ERROR;
				GCC_WARN_UNDECLARED_SELECTOR = YES;
				GCC_WARN_UNINITIALIZED_AUTOS = YES_AGGRESSIVE;
				GCC_WARN_UNUSED_FUNCTION = YES;
				GCC_WARN_UNUSED_VARIABLE = YES;
				IPHONEOS_DEPLOYMENT_TARGET = 8.0;
				MTL_ENABLE_DEBUG_INFO = YES;
				ONLY_ACTIVE_ARCH = YES;
				SDKROOT = iphoneos;
			};
			name = Debug;
		};
		D232D65C2004DE2D00AABD67 /* Release */ = {
			isa = XCBuildConfiguration;
			buildSettings = {
				ALWAYS_SEARCH_USER_PATHS = NO;
				CLANG_ANALYZER_NONNULL = YES;
				CLANG_ANALYZER_NUMBER_OBJECT_CONVERSION = YES_AGGRESSIVE;
				CLANG_CXX_LANGUAGE_STANDARD = "gnu++14";
				CLANG_CXX_LIBRARY = "libc++";
				CLANG_ENABLE_MODULES = YES;
				CLANG_ENABLE_OBJC_ARC = YES;
				CLANG_WARN_BLOCK_CAPTURE_AUTORELEASING = YES;
				CLANG_WARN_BOOL_CONVERSION = YES;
				CLANG_WARN_COMMA = YES;
				CLANG_WARN_CONSTANT_CONVERSION = YES;
				CLANG_WARN_DIRECT_OBJC_ISA_USAGE = YES_ERROR;
				CLANG_WARN_DOCUMENTATION_COMMENTS = YES;
				CLANG_WARN_EMPTY_BODY = YES;
				CLANG_WARN_ENUM_CONVERSION = YES;
				CLANG_WARN_INFINITE_RECURSION = YES;
				CLANG_WARN_INT_CONVERSION = YES;
				CLANG_WARN_NON_LITERAL_NULL_CONVERSION = YES;
				CLANG_WARN_OBJC_LITERAL_CONVERSION = YES;
				CLANG_WARN_OBJC_ROOT_CLASS = YES_ERROR;
				CLANG_WARN_RANGE_LOOP_ANALYSIS = YES;
				CLANG_WARN_STRICT_PROTOTYPES = YES;
				CLANG_WARN_SUSPICIOUS_MOVE = YES;
				CLANG_WARN_UNGUARDED_AVAILABILITY = YES_AGGRESSIVE;
				CLANG_WARN_UNREACHABLE_CODE = YES;
				CLANG_WARN__DUPLICATE_METHOD_MATCH = YES;
				CODE_SIGN_IDENTITY = "iPhone Developer";
				COPY_PHASE_STRIP = NO;
				DEBUG_INFORMATION_FORMAT = "dwarf-with-dsym";
				ENABLE_NS_ASSERTIONS = NO;
				ENABLE_STRICT_OBJC_MSGSEND = YES;
				GCC_C_LANGUAGE_STANDARD = gnu11;
				GCC_NO_COMMON_BLOCKS = YES;
				GCC_WARN_64_TO_32_BIT_CONVERSION = YES;
				GCC_WARN_ABOUT_RETURN_TYPE = YES_ERROR;
				GCC_WARN_UNDECLARED_SELECTOR = YES;
				GCC_WARN_UNINITIALIZED_AUTOS = YES_AGGRESSIVE;
				GCC_WARN_UNUSED_FUNCTION = YES;
				GCC_WARN_UNUSED_VARIABLE = YES;
				IPHONEOS_DEPLOYMENT_TARGET = 8.0;
				MTL_ENABLE_DEBUG_INFO = NO;
				SDKROOT = iphoneos;
				VALIDATE_PRODUCT = YES;
			};
			name = Release;
		};
		D232D65E2004DE2D00AABD67 /* Debug */ = {
			isa = XCBuildConfiguration;
			buildSettings = {
				ASSETCATALOG_COMPILER_APPICON_NAME = AppIcon;
				CODE_SIGN_ENTITLEMENTS = QNDeviceSDKDemo/QNDeviceSDKDemo.entitlements;
				CODE_SIGN_STYLE = Automatic;
				DEVELOPMENT_TEAM = BV3EPFW3GV;
				ENABLE_BITCODE = YES;
				FRAMEWORK_SEARCH_PATHS = "$(PROJECT_DIR)/QNDeviceSDKDemo";
				HEADER_SEARCH_PATHS = "";
				INFOPLIST_FILE = QNDeviceSDKDemo/Info.plist;
				IPHONEOS_DEPLOYMENT_TARGET = 8.0;
				LD_RUNPATH_SEARCH_PATHS = "$(inherited) @executable_path/Frameworks";
				LIBRARY_SEARCH_PATHS = "$(PROJECT_DIR)/QNSDK";
				OTHER_LDFLAGS = "-ObjC";
				PRODUCT_BUNDLE_IDENTIFIER = com.qingniu.deviceSDKTest;
				PRODUCT_NAME = "$(TARGET_NAME)";
				TARGETED_DEVICE_FAMILY = "1,2";
			};
			name = Debug;
		};
		D232D65F2004DE2D00AABD67 /* Release */ = {
			isa = XCBuildConfiguration;
			buildSettings = {
				ASSETCATALOG_COMPILER_APPICON_NAME = AppIcon;
				CODE_SIGN_ENTITLEMENTS = QNDeviceSDKDemo/QNDeviceSDKDemo.entitlements;
				CODE_SIGN_STYLE = Automatic;
				DEVELOPMENT_TEAM = BV3EPFW3GV;
				ENABLE_BITCODE = YES;
				FRAMEWORK_SEARCH_PATHS = "$(PROJECT_DIR)/QNDeviceSDKDemo";
				HEADER_SEARCH_PATHS = "";
				INFOPLIST_FILE = QNDeviceSDKDemo/Info.plist;
				IPHONEOS_DEPLOYMENT_TARGET = 8.0;
				LD_RUNPATH_SEARCH_PATHS = "$(inherited) @executable_path/Frameworks";
				LIBRARY_SEARCH_PATHS = "$(PROJECT_DIR)/QNSDK";
				OTHER_LDFLAGS = "-ObjC";
				PRODUCT_BUNDLE_IDENTIFIER = com.qingniu.deviceSDKTest;
				PRODUCT_NAME = "$(TARGET_NAME)";
				TARGETED_DEVICE_FAMILY = "1,2";
			};
			name = Release;
		};
/* End XCBuildConfiguration section */

/* Begin XCConfigurationList section */
		D230F22A2240847600DC01E9 /* Build configuration list for PBXNativeTarget "QNSDK" */ = {
			isa = XCConfigurationList;
			buildConfigurations = (
				D230F22B2240847600DC01E9 /* Debug */,
				D230F22C2240847600DC01E9 /* Release */,
			);
			defaultConfigurationIsVisible = 0;
			defaultConfigurationName = Release;
		};
		D232D6422004DE2D00AABD67 /* Build configuration list for PBXProject "QNDeviceSDKDemo" */ = {
			isa = XCConfigurationList;
			buildConfigurations = (
				D232D65B2004DE2D00AABD67 /* Debug */,
				D232D65C2004DE2D00AABD67 /* Release */,
			);
			defaultConfigurationIsVisible = 0;
			defaultConfigurationName = Release;
		};
		D232D65D2004DE2D00AABD67 /* Build configuration list for PBXNativeTarget "QNDeviceSDKDemo" */ = {
			isa = XCConfigurationList;
			buildConfigurations = (
				D232D65E2004DE2D00AABD67 /* Debug */,
				D232D65F2004DE2D00AABD67 /* Release */,
			);
			defaultConfigurationIsVisible = 0;
			defaultConfigurationName = Release;
		};
/* End XCConfigurationList section */
	};
	rootObject = D232D63F2004DE2D00AABD67 /* Project object */;
}
